
Microsoft Visual Studio Solution File, Format Version 12.00
# Visual Studio 2015
Project("{FAE04EC0-301F-11D3-BF4B-00C04F79EFBC}") = "M1VideoPlayer.CSharp", "M1VideoPlayer.CSharp.csproj", "{53A38BD5-653B-43C8-A0FF-6E515E384BC3}"
EndProject
Project("{FAE04EC0-301F-11D3-BF4B-00C04F79EFBC}") = "M1VideoPlayer.CSharp.Editor", "M1VideoPlayer.CSharp.Editor.csproj", "{5669B969-3521-8D53-FD96-D4BFE45A1F7A}"
EndProject
Global
	GlobalSection(SolutionConfigurationPlatforms) = preSolution
		Debug|Any CPU = Debug|Any CPU
		Release|Any CPU = Release|Any CPU
	EndGlobalSection
	GlobalSection(ProjectConfigurationPlatforms) = postSolution
		{53A38BD5-653B-43C8-A0FF-6E515E384BC3}.Debug|Any CPU.ActiveCfg = Debug|Any CPU
		{53A38BD5-653B-43C8-A0FF-6E515E384BC3}.Debug|Any CPU.Build.0 = Debug|Any CPU
		{53A38BD5-653B-43C8-A0FF-6E515E384BC3}.Release|Any CPU.ActiveCfg = Release|Any CPU
		{53A38BD5-653B-43C8-A0FF-6E515E384BC3}.Release|Any CPU.Build.0 = Release|Any CPU
		{5669B969-3521-8D53-FD96-D4BFE45A1F7A}.Debug|Any CPU.ActiveCfg = Debug|Any CPU
		{5669B969-3521-8D53-FD96-D4BFE45A1F7A}.Debug|Any CPU.Build.0 = Debug|Any CPU
		{5669B969-3521-8D53-FD96-D4BFE45A1F7A}.Release|Any CPU.ActiveCfg = Release|Any CPU
		{5669B969-3521-8D53-FD96-D4BFE45A1F7A}.Release|Any CPU.Build.0 = Release|Any CPU
	EndGlobalSection
	GlobalSection(SolutionProperties) = preSolution
		HideSolutionNode = FALSE
	EndGlobalSection
EndGlobal
