// !$*UTF8*$!
{
	archiveVersion = 1;
	classes = {
	};
	objectVersion = 48;
	objects = {

/* Begin PBXBuildFile section */
		A46BE17B21E55DF90050CFEB /* libMach1DecodeCAPI.a in Frameworks */ = {isa = PBXBuildFile; fileRef = A46BE17A21E55DF90050CFEB /* libMach1DecodeCAPI.a */; };
		A46BE17D21E55EBC0050CFEB /* libc++.tbd in Frameworks */ = {isa = PBXBuildFile; fileRef = A46BE17C21E55EBB0050CFEB /* libc++.tbd */; };
		A497AFA720DC63D10098D480 /* Mach1Decode.swift in Sources */ = {isa = PBXBuildFile; fileRef = A497AFA620DC63D00098D480 /* Mach1Decode.swift */; };
		A4AF3CCC20466FB300253825 /* Guitar-8ch.wav in Resources */ = {isa = PBXBuildFile; fileRef = A4AF3CCB20466FB200253825 /* Guitar-8ch.wav */; };
		A4AF3D002048C3DE00253825 /* 005.aif in Resources */ = {isa = PBXBuildFile; fileRef = A4AF3CF82048C3D500253825 /* 005.aif */; };
		A4AF3D012048C3DE00253825 /* 006.aif in Resources */ = {isa = PBXBuildFile; fileRef = A4AF3CF92048C3D600253825 /* 006.aif */; };
		A4AF3D022048C3DE00253825 /* 002.aif in Resources */ = {isa = PBXBuildFile; fileRef = A4AF3CFA2048C3D800253825 /* 002.aif */; };
		A4AF3D032048C3DE00253825 /* 001.aif in Resources */ = {isa = PBXBuildFile; fileRef = A4AF3CFB2048C3D900253825 /* 001.aif */; };
		A4AF3D042048C3DE00253825 /* 004.aif in Resources */ = {isa = PBXBuildFile; fileRef = A4AF3CFC2048C3DB00253825 /* 004.aif */; };
		A4AF3D052048C3DE00253825 /* 007.aif in Resources */ = {isa = PBXBuildFile; fileRef = A4AF3CFD2048C3DC00253825 /* 007.aif */; };
		A4AF3D062048C3DE00253825 /* 003.aif in Resources */ = {isa = PBXBuildFile; fileRef = A4AF3CFE2048C3DD00253825 /* 003.aif */; };
		A4AF3D092048C42500253825 /* 000.aif in Resources */ = {isa = PBXBuildFile; fileRef = A4AF3D082048C42500253825 /* 000.aif */; };
		A4AF3D0B20491A3F00253825 /* stereo.wav in Resources */ = {isa = PBXBuildFile; fileRef = A4AF3D0A20491A3F00253825 /* stereo.wav */; };
		A4F80A24203B3B86008D976A /* AppDelegate.swift in Sources */ = {isa = PBXBuildFile; fileRef = A4F80A23203B3B86008D976A /* AppDelegate.swift */; };
		A4F80A26203B3B86008D976A /* ViewController.swift in Sources */ = {isa = PBXBuildFile; fileRef = A4F80A25203B3B86008D976A /* ViewController.swift */; };
		A4F80A29203B3B86008D976A /* Main.storyboard in Resources */ = {isa = PBXBuildFile; fileRef = A4F80A27203B3B86008D976A /* Main.storyboard */; };
		A4F80A2B203B3B86008D976A /* Assets.xcassets in Resources */ = {isa = PBXBuildFile; fileRef = A4F80A2A203B3B86008D976A /* Assets.xcassets */; };
		A4F80A2E203B3B86008D976A /* LaunchScreen.storyboard in Resources */ = {isa = PBXBuildFile; fileRef = A4F80A2C203B3B86008D976A /* LaunchScreen.storyboard */; };
/* End PBXBuildFile section */

/* Begin PBXCopyFilesBuildPhase section */
		A4485D4C21BF152900F07E9F /* Embed Frameworks */ = {
			isa = PBXCopyFilesBuildPhase;
			buildActionMask = 2147483647;
			dstPath = "";
			dstSubfolderSpec = 10;
			files = (
			);
			name = "Embed Frameworks";
			runOnlyForDeploymentPostprocessing = 0;
		};
/* End PBXCopyFilesBuildPhase section */

/* Begin PBXFileReference section */
		A46BE17A21E55DF90050CFEB /* libMach1DecodeCAPI.a */ = {isa = PBXFileReference; lastKnownFileType = archive.ar; name = libMach1DecodeCAPI.a; path = "../../../../binaries/ios-12-1/lib/libMach1DecodeCAPI.a"; sourceTree = "<group>"; };
		A46BE17C21E55EBB0050CFEB /* libc++.tbd */ = {isa = PBXFileReference; lastKnownFileType = "sourcecode.text-based-dylib-definition"; name = "libc++.tbd"; path = "Platforms/iPhoneOS.platform/Developer/SDKs/iPhoneOS.sdk/usr/lib/libc++.tbd"; sourceTree = DEVELOPER_DIR; };
		A497AFA620DC63D00098D480 /* Mach1Decode.swift */ = {isa = PBXFileReference; fileEncoding = 4; lastKnownFileType = sourcecode.swift; name = Mach1Decode.swift; path = ../../../../../include/swift/Mach1Decode.swift; sourceTree = "<group>"; };
		A4AF3CCB20466FB200253825 /* Guitar-8ch.wav */ = {isa = PBXFileReference; lastKnownFileType = audio.wav; path = "Guitar-8ch.wav"; sourceTree = "<group>"; };
		A4AF3CF82048C3D500253825 /* 005.aif */ = {isa = PBXFileReference; lastKnownFileType = file; path = 005.aif; sourceTree = "<group>"; };
		A4AF3CF92048C3D600253825 /* 006.aif */ = {isa = PBXFileReference; lastKnownFileType = file; path = 006.aif; sourceTree = "<group>"; };
		A4AF3CFA2048C3D800253825 /* 002.aif */ = {isa = PBXFileReference; lastKnownFileType = file; path = 002.aif; sourceTree = "<group>"; };
		A4AF3CFB2048C3D900253825 /* 001.aif */ = {isa = PBXFileReference; lastKnownFileType = file; path = 001.aif; sourceTree = "<group>"; };
		A4AF3CFC2048C3DB00253825 /* 004.aif */ = {isa = PBXFileReference; lastKnownFileType = file; path = 004.aif; sourceTree = "<group>"; };
		A4AF3CFD2048C3DC00253825 /* 007.aif */ = {isa = PBXFileReference; lastKnownFileType = file; path = 007.aif; sourceTree = "<group>"; };
		A4AF3CFE2048C3DD00253825 /* 003.aif */ = {isa = PBXFileReference; lastKnownFileType = file; path = 003.aif; sourceTree = "<group>"; };
		A4AF3D082048C42500253825 /* 000.aif */ = {isa = PBXFileReference; lastKnownFileType = file; path = 000.aif; sourceTree = "<group>"; };
		A4AF3D0A20491A3F00253825 /* stereo.wav */ = {isa = PBXFileReference; lastKnownFileType = audio.wav; path = stereo.wav; sourceTree = "<group>"; };
		A4F80A20203B3B86008D976A /* mach1-ios-example.app */ = {isa = PBXFileReference; explicitFileType = wrapper.application; includeInIndex = 0; path = "mach1-ios-example.app"; sourceTree = BUILT_PRODUCTS_DIR; };
		A4F80A23203B3B86008D976A /* AppDelegate.swift */ = {isa = PBXFileReference; lastKnownFileType = sourcecode.swift; path = AppDelegate.swift; sourceTree = "<group>"; };
		A4F80A25203B3B86008D976A /* ViewController.swift */ = {isa = PBXFileReference; lastKnownFileType = sourcecode.swift; path = ViewController.swift; sourceTree = "<group>"; };
		A4F80A28203B3B86008D976A /* Base */ = {isa = PBXFileReference; lastKnownFileType = file.storyboard; name = Base; path = Base.lproj/Main.storyboard; sourceTree = "<group>"; };
		A4F80A2A203B3B86008D976A /* Assets.xcassets */ = {isa = PBXFileReference; lastKnownFileType = folder.assetcatalog; path = Assets.xcassets; sourceTree = "<group>"; };
		A4F80A2D203B3B86008D976A /* Base */ = {isa = PBXFileReference; lastKnownFileType = file.storyboard; name = Base; path = Base.lproj/LaunchScreen.storyboard; sourceTree = "<group>"; };
		A4F80A2F203B3B86008D976A /* Info.plist */ = {isa = PBXFileReference; lastKnownFileType = text.plist.xml; path = Info.plist; sourceTree = "<group>"; };
/* End PBXFileReference section */

/* Begin PBXFrameworksBuildPhase section */
		A4F80A1D203B3B85008D976A /* Frameworks */ = {
			isa = PBXFrameworksBuildPhase;
			buildActionMask = 2147483647;
			files = (
				A46BE17B21E55DF90050CFEB /* libMach1DecodeCAPI.a in Frameworks */,
				A46BE17D21E55EBC0050CFEB /* libc++.tbd in Frameworks */,
			);
			runOnlyForDeploymentPostprocessing = 0;
		};
/* End PBXFrameworksBuildPhase section */

/* Begin PBXGroup section */
		A4F80A17203B3B85008D976A = {
			isa = PBXGroup;
			children = (
				A4F80A22203B3B86008D976A /* mach1-ios-example */,
				A4F80A21203B3B86008D976A /* Products */,
				A4F80A53203B3C91008D976A /* Frameworks */,
			);
			sourceTree = "<group>";
		};
		A4F80A21203B3B86008D976A /* Products */ = {
			isa = PBXGroup;
			children = (
				A4F80A20203B3B86008D976A /* mach1-ios-example.app */,
			);
			name = Products;
			sourceTree = "<group>";
		};
		A4F80A22203B3B86008D976A /* mach1-ios-example */ = {
			isa = PBXGroup;
			children = (
				A4F80A23203B3B86008D976A /* AppDelegate.swift */,
				A4F80A25203B3B86008D976A /* ViewController.swift */,
				A497AFA620DC63D00098D480 /* Mach1Decode.swift */,
				A4F80A27203B3B86008D976A /* Main.storyboard */,
				A4F80A2A203B3B86008D976A /* Assets.xcassets */,
				A4F80A2C203B3B86008D976A /* LaunchScreen.storyboard */,
				A4F80A2F203B3B86008D976A /* Info.plist */,
				A4F80ADE2040F430008D976A /* Audio */,
			);
			path = "mach1-ios-example";
			sourceTree = "<group>";
		};
		A4F80A53203B3C91008D976A /* Frameworks */ = {
			isa = PBXGroup;
			children = (
				A46BE17C21E55EBB0050CFEB /* libc++.tbd */,
				A46BE17A21E55DF90050CFEB /* libMach1DecodeCAPI.a */,
			);
			name = Frameworks;
			sourceTree = "<group>";
		};
		A4F80ADE2040F430008D976A /* Audio */ = {
			isa = PBXGroup;
			children = (
				A4AF3CCB20466FB200253825 /* Guitar-8ch.wav */,
				A4AF3D082048C42500253825 /* 000.aif */,
				A4AF3CFB2048C3D900253825 /* 001.aif */,
				A4AF3CFA2048C3D800253825 /* 002.aif */,
				A4AF3CFE2048C3DD00253825 /* 003.aif */,
				A4AF3CFC2048C3DB00253825 /* 004.aif */,
				A4AF3CF82048C3D500253825 /* 005.aif */,
				A4AF3CF92048C3D600253825 /* 006.aif */,
				A4AF3CFD2048C3DC00253825 /* 007.aif */,
				A4AF3D0A20491A3F00253825 /* stereo.wav */,
			);
			path = Audio;
			sourceTree = "<group>";
		};
/* End PBXGroup section */

/* Begin PBXNativeTarget section */
		A4F80A1F203B3B85008D976A /* mach1-ios-example */ = {
			isa = PBXNativeTarget;
			buildConfigurationList = A4F80A48203B3B86008D976A /* Build configuration list for PBXNativeTarget "mach1-ios-example" */;
			buildPhases = (
				A4F80A1C203B3B85008D976A /* Sources */,
				A4F80A1D203B3B85008D976A /* Frameworks */,
				A4F80A1E203B3B85008D976A /* Resources */,
				A4485D4C21BF152900F07E9F /* Embed Frameworks */,
			);
			buildRules = (
			);
			dependencies = (
			);
			name = "mach1-ios-example";
			productName = "mach1-ios-example";
			productReference = A4F80A20203B3B86008D976A /* mach1-ios-example.app */;
			productType = "com.apple.product-type.application";
		};
/* End PBXNativeTarget section */

/* Begin PBXProject section */
		A4F80A18203B3B85008D976A /* Project object */ = {
			isa = PBXProject;
			attributes = {
				LastSwiftUpdateCheck = 0920;
				LastUpgradeCheck = 1010;
				ORGANIZATIONNAME = Mach1;
				TargetAttributes = {
					A4F80A1F203B3B85008D976A = {
						CreatedOnToolsVersion = 9.2;
						LastSwiftMigration = 0920;
						ProvisioningStyle = Automatic;
						SystemCapabilities = {
							com.apple.BackgroundModes = {
								enabled = 1;
							};
						};
					};
				};
			};
			buildConfigurationList = A4F80A1B203B3B85008D976A /* Build configuration list for PBXProject "mach1-ios-example" */;
			compatibilityVersion = "Xcode 8.0";
			developmentRegion = en;
			hasScannedForEncodings = 0;
			knownRegions = (
				en,
				Base,
			);
			mainGroup = A4F80A17203B3B85008D976A;
			productRefGroup = A4F80A21203B3B86008D976A /* Products */;
			projectDirPath = "";
			projectRoot = "";
			targets = (
				A4F80A1F203B3B85008D976A /* mach1-ios-example */,
			);
		};
/* End PBXProject section */

/* Begin PBXResourcesBuildPhase section */
		A4F80A1E203B3B85008D976A /* Resources */ = {
			isa = PBXResourcesBuildPhase;
			buildActionMask = 2147483647;
			files = (
				A4AF3D092048C42500253825 /* 000.aif in Resources */,
				A4AF3D032048C3DE00253825 /* 001.aif in Resources */,
				A4AF3D022048C3DE00253825 /* 002.aif in Resources */,
				A4AF3D0B20491A3F00253825 /* stereo.wav in Resources */,
				A4AF3D062048C3DE00253825 /* 003.aif in Resources */,
				A4AF3D042048C3DE00253825 /* 004.aif in Resources */,
				A4AF3D002048C3DE00253825 /* 005.aif in Resources */,
				A4AF3D012048C3DE00253825 /* 006.aif in Resources */,
				A4AF3D052048C3DE00253825 /* 007.aif in Resources */,
				A4AF3CCC20466FB300253825 /* Guitar-8ch.wav in Resources */,
				A4F80A2E203B3B86008D976A /* LaunchScreen.storyboard in Resources */,
				A4F80A2B203B3B86008D976A /* Assets.xcassets in Resources */,
				A4F80A29203B3B86008D976A /* Main.storyboard in Resources */,
			);
			runOnlyForDeploymentPostprocessing = 0;
		};
/* End PBXResourcesBuildPhase section */

/* Begin PBXSourcesBuildPhase section */
		A4F80A1C203B3B85008D976A /* Sources */ = {
			isa = PBXSourcesBuildPhase;
			buildActionMask = 2147483647;
			files = (
				A4F80A26203B3B86008D976A /* ViewController.swift in Sources */,
				A4F80A24203B3B86008D976A /* AppDelegate.swift in Sources */,
				A497AFA720DC63D10098D480 /* Mach1Decode.swift in Sources */,
			);
			runOnlyForDeploymentPostprocessing = 0;
		};
/* End PBXSourcesBuildPhase section */

/* Begin PBXVariantGroup section */
		A4F80A27203B3B86008D976A /* Main.storyboard */ = {
			isa = PBXVariantGroup;
			children = (
				A4F80A28203B3B86008D976A /* Base */,
			);
			name = Main.storyboard;
			sourceTree = "<group>";
		};
		A4F80A2C203B3B86008D976A /* LaunchScreen.storyboard */ = {
			isa = PBXVariantGroup;
			children = (
				A4F80A2D203B3B86008D976A /* Base */,
			);
			name = LaunchScreen.storyboard;
			sourceTree = "<group>";
		};
/* End PBXVariantGroup section */

/* Begin XCBuildConfiguration section */
		A4F80A46203B3B86008D976A /* Debug */ = {
			isa = XCBuildConfiguration;
			buildSettings = {
				ALWAYS_SEARCH_USER_PATHS = NO;
				CLANG_ANALYZER_NONNULL = YES;
				CLANG_ANALYZER_NUMBER_OBJECT_CONVERSION = YES_AGGRESSIVE;
				CLANG_CXX_LANGUAGE_STANDARD = "gnu++14";
				CLANG_CXX_LIBRARY = "libc++";
				CLANG_ENABLE_MODULES = YES;
				CLANG_ENABLE_OBJC_ARC = YES;
				CLANG_WARN_BLOCK_CAPTURE_AUTORELEASING = YES;
				CLANG_WARN_BOOL_CONVERSION = YES;
				CLANG_WARN_COMMA = YES;
				CLANG_WARN_CONSTANT_CONVERSION = YES;
				CLANG_WARN_DEPRECATED_OBJC_IMPLEMENTATIONS = YES;
				CLANG_WARN_DIRECT_OBJC_ISA_USAGE = YES_ERROR;
				CLANG_WARN_DOCUMENTATION_COMMENTS = YES;
				CLANG_WARN_EMPTY_BODY = YES;
				CLANG_WARN_ENUM_CONVERSION = YES;
				CLANG_WARN_INFINITE_RECURSION = YES;
				CLANG_WARN_INT_CONVERSION = YES;
				CLANG_WARN_NON_LITERAL_NULL_CONVERSION = YES;
				CLANG_WARN_OBJC_IMPLICIT_RETAIN_SELF = YES;
				CLANG_WARN_OBJC_LITERAL_CONVERSION = YES;
				CLANG_WARN_OBJC_ROOT_CLASS = YES_ERROR;
				CLANG_WARN_RANGE_LOOP_ANALYSIS = YES;
				CLANG_WARN_STRICT_PROTOTYPES = YES;
				CLANG_WARN_SUSPICIOUS_MOVE = YES;
				CLANG_WARN_UNGUARDED_AVAILABILITY = YES_AGGRESSIVE;
				CLANG_WARN_UNREACHABLE_CODE = YES;
				CLANG_WARN__DUPLICATE_METHOD_MATCH = YES;
				CODE_SIGN_IDENTITY = "iPhone Developer";
				COPY_PHASE_STRIP = NO;
				DEBUG_INFORMATION_FORMAT = dwarf;
				ENABLE_BITCODE = YES;
				ENABLE_STRICT_OBJC_MSGSEND = YES;
				ENABLE_TESTABILITY = YES;
				GCC_C_LANGUAGE_STANDARD = gnu11;
				GCC_DYNAMIC_NO_PIC = NO;
				GCC_NO_COMMON_BLOCKS = YES;
				GCC_OPTIMIZATION_LEVEL = 0;
				GCC_PREPROCESSOR_DEFINITIONS = (
					"DEBUG=1",
					"$(inherited)",
				);
				GCC_WARN_64_TO_32_BIT_CONVERSION = YES;
				GCC_WARN_ABOUT_RETURN_TYPE = YES_ERROR;
				GCC_WARN_UNDECLARED_SELECTOR = YES;
				GCC_WARN_UNINITIALIZED_AUTOS = YES_AGGRESSIVE;
				GCC_WARN_UNUSED_FUNCTION = YES;
				GCC_WARN_UNUSED_VARIABLE = YES;
				HEADER_SEARCH_PATHS = "\"$(SRCROOT)/../../../../include/swift/\"";
				IPHONEOS_DEPLOYMENT_TARGET = 12.1;
				LIBRARY_SEARCH_PATHS = "\"$(SRCROOT)/../../../../binaries/ios-12-1/lib/\"";
				MTL_ENABLE_DEBUG_INFO = YES;
				ONLY_ACTIVE_ARCH = YES;
				OTHER_LDFLAGS = "$(inherited)";
				SDKROOT = iphoneos;
				SWIFT_ACTIVE_COMPILATION_CONDITIONS = DEBUG;
				SWIFT_OBJC_BRIDGING_HEADER = "";
				SWIFT_OPTIMIZATION_LEVEL = "-Onone";
				SWIFT_PRECOMPILE_BRIDGING_HEADER = YES;
				VALID_ARCHS = "arm64 arm64e armv7 armv7s";
			};
			name = Debug;
		};
		A4F80A47203B3B86008D976A /* Release */ = {
			isa = XCBuildConfiguration;
			buildSettings = {
				ALWAYS_SEARCH_USER_PATHS = NO;
				CLANG_ANALYZER_NONNULL = YES;
				CLANG_ANALYZER_NUMBER_OBJECT_CONVERSION = YES_AGGRESSIVE;
				CLANG_CXX_LANGUAGE_STANDARD = "gnu++14";
				CLANG_CXX_LIBRARY = "libc++";
				CLANG_ENABLE_MODULES = YES;
				CLANG_ENABLE_OBJC_ARC = YES;
				CLANG_WARN_BLOCK_CAPTURE_AUTORELEASING = YES;
				CLANG_WARN_BOOL_CONVERSION = YES;
				CLANG_WARN_COMMA = YES;
				CLANG_WARN_CONSTANT_CONVERSION = YES;
				CLANG_WARN_DEPRECATED_OBJC_IMPLEMENTATIONS = YES;
				CLANG_WARN_DIRECT_OBJC_ISA_USAGE = YES_ERROR;
				CLANG_WARN_DOCUMENTATION_COMMENTS = YES;
				CLANG_WARN_EMPTY_BODY = YES;
				CLANG_WARN_ENUM_CONVERSION = YES;
				CLANG_WARN_INFINITE_RECURSION = YES;
				CLANG_WARN_INT_CONVERSION = YES;
				CLANG_WARN_NON_LITERAL_NULL_CONVERSION = YES;
				CLANG_WARN_OBJC_IMPLICIT_RETAIN_SELF = YES;
				CLANG_WARN_OBJC_LITERAL_CONVERSION = YES;
				CLANG_WARN_OBJC_ROOT_CLASS = YES_ERROR;
				CLANG_WARN_RANGE_LOOP_ANALYSIS = YES;
				CLANG_WARN_STRICT_PROTOTYPES = YES;
				CLANG_WARN_SUSPICIOUS_MOVE = YES;
				CLANG_WARN_UNGUARDED_AVAILABILITY = YES_AGGRESSIVE;
				CLANG_WARN_UNREACHABLE_CODE = YES;
				CLANG_WARN__DUPLICATE_METHOD_MATCH = YES;
				CODE_SIGN_IDENTITY = "iPhone Developer";
				COPY_PHASE_STRIP = NO;
				DEBUG_INFORMATION_FORMAT = "dwarf-with-dsym";
				ENABLE_BITCODE = YES;
				ENABLE_NS_ASSERTIONS = NO;
				ENABLE_STRICT_OBJC_MSGSEND = YES;
				GCC_C_LANGUAGE_STANDARD = gnu11;
				GCC_NO_COMMON_BLOCKS = YES;
				GCC_WARN_64_TO_32_BIT_CONVERSION = YES;
				GCC_WARN_ABOUT_RETURN_TYPE = YES_ERROR;
				GCC_WARN_UNDECLARED_SELECTOR = YES;
				GCC_WARN_UNINITIALIZED_AUTOS = YES_AGGRESSIVE;
				GCC_WARN_UNUSED_FUNCTION = YES;
				GCC_WARN_UNUSED_VARIABLE = YES;
				HEADER_SEARCH_PATHS = "\"$(SRCROOT)/../../../../include/swift/\"";
				IPHONEOS_DEPLOYMENT_TARGET = 12.1;
				LIBRARY_SEARCH_PATHS = "\"$(SRCROOT)/../../../../binaries/ios-12-1/lib/\"";
				MTL_ENABLE_DEBUG_INFO = NO;
				OTHER_LDFLAGS = "$(inherited)";
				SDKROOT = iphoneos;
				SWIFT_OBJC_BRIDGING_HEADER = "";
				SWIFT_OPTIMIZATION_LEVEL = "-Owholemodule";
				SWIFT_PRECOMPILE_BRIDGING_HEADER = YES;
				VALIDATE_PRODUCT = YES;
				VALID_ARCHS = "arm64 arm64e armv7 armv7s";
			};
			name = Release;
		};
		A4F80A49203B3B86008D976A /* Debug */ = {
			isa = XCBuildConfiguration;
			buildSettings = {
				ALWAYS_EMBED_SWIFT_STANDARD_LIBRARIES = YES;
				ASSETCATALOG_COMPILER_APPICON_NAME = AppIcon;
				CLANG_CXX_LANGUAGE_STANDARD = "c++0x";
				CLANG_CXX_LIBRARY = "libc++";
				CLANG_ENABLE_MODULES = YES;
				CODE_SIGN_STYLE = Automatic;
				DEVELOPMENT_TEAM = 6ZETDT84RB;
				EMBED_ASSET_PACKS_IN_PRODUCT_BUNDLE = YES;
				ENABLE_BITCODE = YES;
				FRAMEWORK_SEARCH_PATHS = "$(inherited)";
				HEADER_SEARCH_PATHS = "\"$(SRCROOT)/../../../../include/swift/\"";
				INFOPLIST_FILE = "mach1-ios-example/Info.plist";
				IPHONEOS_DEPLOYMENT_TARGET = 12.1;
				LD_RUNPATH_SEARCH_PATHS = "$(inherited) @executable_path/Frameworks";
				LIBRARY_SEARCH_PATHS = "\"$(SRCROOT)/../../../../binaries/ios-12-1/lib/\"";
				ONLY_ACTIVE_ARCH = YES;
				OTHER_LDFLAGS = "$(inherited)";
				PRODUCT_BUNDLE_IDENTIFIER = "com.mach1.ios-example";
				PRODUCT_NAME = "$(TARGET_NAME)";
				SWIFT_OBJC_BRIDGING_HEADER = "$(SRCROOT)/../../../../include/swift/Mach1Decode-Bridging-Header.h";
				SWIFT_OBJC_INTERFACE_HEADER_NAME = "";
				SWIFT_OPTIMIZATION_LEVEL = "-Onone";
				SWIFT_VERSION = 4.0;
				TARGETED_DEVICE_FAMILY = "1,2";
				VALID_ARCHS = "arm64 arm64e armv7 armv7s";
			};
			name = Debug;
		};
		A4F80A4A203B3B86008D976A /* Release */ = {
			isa = XCBuildConfiguration;
			buildSettings = {
				ALWAYS_EMBED_SWIFT_STANDARD_LIBRARIES = YES;
				ASSETCATALOG_COMPILER_APPICON_NAME = AppIcon;
				CLANG_CXX_LANGUAGE_STANDARD = "c++0x";
				CLANG_CXX_LIBRARY = "libc++";
				CLANG_ENABLE_MODULES = YES;
				CODE_SIGN_STYLE = Automatic;
				DEVELOPMENT_TEAM = 6ZETDT84RB;
				EMBED_ASSET_PACKS_IN_PRODUCT_BUNDLE = YES;
				ENABLE_BITCODE = YES;
				FRAMEWORK_SEARCH_PATHS = "$(inherited)";
				HEADER_SEARCH_PATHS = "\"$(SRCROOT)/../../../../include/swift/\"";
				INFOPLIST_FILE = "mach1-ios-example/Info.plist";
				IPHONEOS_DEPLOYMENT_TARGET = 12.1;
				LD_RUNPATH_SEARCH_PATHS = "$(inherited) @executable_path/Frameworks";
				LIBRARY_SEARCH_PATHS = "\"$(SRCROOT)/../../../../binaries/ios-12-1/lib/\"";
				ONLY_ACTIVE_ARCH = NO;
				OTHER_LDFLAGS = "$(inherited)";
				PRODUCT_BUNDLE_IDENTIFIER = "com.mach1.ios-example";
				PRODUCT_NAME = "$(TARGET_NAME)";
				SWIFT_OBJC_BRIDGING_HEADER = "$(SRCROOT)/../../../../include/swift/Mach1Decode-Bridging-Header.h";
				SWIFT_OBJC_INTERFACE_HEADER_NAME = "";
				SWIFT_VERSION = 4.0;
				TARGETED_DEVICE_FAMILY = "1,2";
				VALID_ARCHS = "arm64 arm64e armv7 armv7s";
			};
			name = Release;
		};
/* End XCBuildConfiguration section */

/* Begin XCConfigurationList section */
		A4F80A1B203B3B85008D976A /* Build configuration list for PBXProject "mach1-ios-example" */ = {
			isa = XCConfigurationList;
			buildConfigurations = (
				A4F80A46203B3B86008D976A /* Debug */,
				A4F80A47203B3B86008D976A /* Release */,
			);
			defaultConfigurationIsVisible = 0;
			defaultConfigurationName = Release;
		};
		A4F80A48203B3B86008D976A /* Build configuration list for PBXNativeTarget "mach1-ios-example" */ = {
			isa = XCConfigurationList;
			buildConfigurations = (
				A4F80A49203B3B86008D976A /* Debug */,
				A4F80A4A203B3B86008D976A /* Release */,
			);
			defaultConfigurationIsVisible = 0;
			defaultConfigurationName = Release;
		};
/* End XCConfigurationList section */
	};
	rootObject = A4F80A18203B3B85008D976A /* Project object */;
}
