
Microsoft Visual Studio Solution File, Format Version 12.00
# Visual Studio 14
VisualStudioVersion = 14.0.25123.0
MinimumVisualStudioVersion = 10.0.40219.1
Project("{FAE04EC0-301F-11D3-BF4B-00C04F79EFBC}") = "Mach1.AudioRouting", "Mach1.AudioRouting\Mach1.AudioRouting.csproj", "{13F9660C-3FD6-430F-9BA9-65901A4D858E}"
EndProject
Project("{FAE04EC0-301F-11D3-BF4B-00C04F79EFBC}") = "Mach1.AudioRouting.WPFClient", "Mach1.AudioRouting.WPFClient\Mach1.AudioRouting.WPFClient.csproj", "{A3669DA6-4A59-4A65-B8BD-D7E715FE77DE}"
EndProject
Project("{FAE04EC0-301F-11D3-BF4B-00C04F79EFBC}") = "Mach1.AudioRouting.Tests", "Mach1.AudioRouting.Tests\Mach1.AudioRouting.Tests.csproj", "{1AA3DF1F-2D2D-4359-A132-7A5C64E6BCCF}"
EndProject
Global
	GlobalSection(SolutionConfigurationPlatforms) = preSolution
		Debug|Any CPU = Debug|Any CPU
		Release|Any CPU = Release|Any CPU
	EndGlobalSection
	GlobalSection(ProjectConfigurationPlatforms) = postSolution
		{13F9660C-3FD6-430F-9BA9-65901A4D858E}.Debug|Any CPU.ActiveCfg = Debug|Any CPU
		{13F9660C-3FD6-430F-9BA9-65901A4D858E}.Debug|Any CPU.Build.0 = Debug|Any CPU
		{13F9660C-3FD6-430F-9BA9-65901A4D858E}.Release|Any CPU.ActiveCfg = Release|Any CPU
		{13F9660C-3FD6-430F-9BA9-65901A4D858E}.Release|Any CPU.Build.0 = Release|Any CPU
		{A3669DA6-4A59-4A65-B8BD-D7E715FE77DE}.Debug|Any CPU.ActiveCfg = Debug|Any CPU
		{A3669DA6-4A59-4A65-B8BD-D7E715FE77DE}.Debug|Any CPU.Build.0 = Debug|Any CPU
		{A3669DA6-4A59-4A65-B8BD-D7E715FE77DE}.Release|Any CPU.ActiveCfg = Release|Any CPU
		{A3669DA6-4A59-4A65-B8BD-D7E715FE77DE}.Release|Any CPU.Build.0 = Release|Any CPU
		{1AA3DF1F-2D2D-4359-A132-7A5C64E6BCCF}.Debug|Any CPU.ActiveCfg = Debug|Any CPU
		{1AA3DF1F-2D2D-4359-A132-7A5C64E6BCCF}.Debug|Any CPU.Build.0 = Debug|Any CPU
		{1AA3DF1F-2D2D-4359-A132-7A5C64E6BCCF}.Release|Any CPU.ActiveCfg = Release|Any CPU
		{1AA3DF1F-2D2D-4359-A132-7A5C64E6BCCF}.Release|Any CPU.Build.0 = Release|Any CPU
	EndGlobalSection
	GlobalSection(SolutionProperties) = preSolution
		HideSolutionNode = FALSE
	EndGlobalSection
EndGlobal
