// !$*UTF8*$!
{
	archiveVersion = 1;
	classes = {
	};
	objectVersion = 46;
	objects = {

/* Begin PBXBuildFile section */
		15B58B891ECA85D9009EEEE7 /* libsndfile.dylib in Frameworks */ = {isa = PBXBuildFile; fileRef = 15B58B881ECA85D9009EEEE7 /* libsndfile.dylib */; };
		15B58B911ECA919F009EEEE7 /* main.cpp in Sources */ = {isa = PBXBuildFile; fileRef = 15B58B8B1ECA919F009EEEE7 /* main.cpp */; };
		15B58B921ECA919F009EEEE7 /* MatrixConvert.cpp in Sources */ = {isa = PBXBuildFile; fileRef = 15B58B8C1ECA919F009EEEE7 /* MatrixConvert.cpp */; };
/* End PBXBuildFile section */

/* Begin PBXCopyFilesBuildPhase section */
		15AE51BF1ECA20DC004FEC65 /* CopyFiles */ = {
			isa = PBXCopyFilesBuildPhase;
			buildActionMask = 2147483647;
			dstPath = /usr/share/man/man1/;
			dstSubfolderSpec = 0;
			files = (
			);
			runOnlyForDeploymentPostprocessing = 1;
		};
/* End PBXCopyFilesBuildPhase section */

/* Begin PBXFileReference section */
		15AE51C11ECA20DC004FEC65 /* fmtconv_mac_project */ = {isa = PBXFileReference; explicitFileType = "compiled.mach-o.executable"; includeInIndex = 0; path = fmtconv_mac_project; sourceTree = BUILT_PRODUCTS_DIR; };
		15B58B881ECA85D9009EEEE7 /* libsndfile.dylib */ = {isa = PBXFileReference; lastKnownFileType = "compiled.mach-o.dylib"; path = libsndfile.dylib; sourceTree = "<group>"; };
		15B58B8A1ECA919F009EEEE7 /* CmdOption.h */ = {isa = PBXFileReference; fileEncoding = 4; lastKnownFileType = sourcecode.c.h; name = CmdOption.h; path = src/CmdOption.h; sourceTree = SOURCE_ROOT; };
		15B58B8B1ECA919F009EEEE7 /* main.cpp */ = {isa = PBXFileReference; fileEncoding = 4; lastKnownFileType = sourcecode.cpp.cpp; name = main.cpp; path = src/main.cpp; sourceTree = SOURCE_ROOT; };
		15B58B8C1ECA919F009EEEE7 /* MatrixConvert.cpp */ = {isa = PBXFileReference; fileEncoding = 4; lastKnownFileType = sourcecode.cpp.cpp; name = MatrixConvert.cpp; path = src/MatrixConvert.cpp; sourceTree = SOURCE_ROOT; };
		15B58B8D1ECA919F009EEEE7 /* MatrixConvert.h */ = {isa = PBXFileReference; fileEncoding = 4; lastKnownFileType = sourcecode.c.h; name = MatrixConvert.h; path = src/MatrixConvert.h; sourceTree = SOURCE_ROOT; };
		15B58B8E1ECA919F009EEEE7 /* sndfile.h */ = {isa = PBXFileReference; fileEncoding = 4; lastKnownFileType = sourcecode.c.h; name = sndfile.h; path = src/sndfile.h; sourceTree = SOURCE_ROOT; };
		15B58B8F1ECA919F009EEEE7 /* sndfile.hh */ = {isa = PBXFileReference; fileEncoding = 4; lastKnownFileType = sourcecode.cpp.h; name = sndfile.hh; path = src/sndfile.hh; sourceTree = SOURCE_ROOT; };
/* End PBXFileReference section */

/* Begin PBXFrameworksBuildPhase section */
		15AE51BE1ECA20DC004FEC65 /* Frameworks */ = {
			isa = PBXFrameworksBuildPhase;
			buildActionMask = 2147483647;
			files = (
				15B58B891ECA85D9009EEEE7 /* libsndfile.dylib in Frameworks */,
			);
			runOnlyForDeploymentPostprocessing = 0;
		};
/* End PBXFrameworksBuildPhase section */

/* Begin PBXGroup section */
		15AE51B81ECA20DC004FEC65 = {
			isa = PBXGroup;
			children = (
				15B58B881ECA85D9009EEEE7 /* libsndfile.dylib */,
				15AE51C31ECA20DC004FEC65 /* src */,
				15AE51C21ECA20DC004FEC65 /* Products */,
			);
			sourceTree = "<group>";
		};
		15AE51C21ECA20DC004FEC65 /* Products */ = {
			isa = PBXGroup;
			children = (
				15AE51C11ECA20DC004FEC65 /* fmtconv_mac_project */,
			);
			name = Products;
			sourceTree = "<group>";
		};
		15AE51C31ECA20DC004FEC65 /* src */ = {
			isa = PBXGroup;
			children = (
				15B58B8A1ECA919F009EEEE7 /* CmdOption.h */,
				15B58B8B1ECA919F009EEEE7 /* main.cpp */,
				15B58B8C1ECA919F009EEEE7 /* MatrixConvert.cpp */,
				15B58B8D1ECA919F009EEEE7 /* MatrixConvert.h */,
				15B58B8E1ECA919F009EEEE7 /* sndfile.h */,
				15B58B8F1ECA919F009EEEE7 /* sndfile.hh */,
			);
			name = src;
			path = fmtconv_mac_project;
			sourceTree = "<group>";
		};
/* End PBXGroup section */

/* Begin PBXNativeTarget section */
		15AE51C01ECA20DC004FEC65 /* fmtconv_mac_project */ = {
			isa = PBXNativeTarget;
			buildConfigurationList = 15AE51C81ECA20DC004FEC65 /* Build configuration list for PBXNativeTarget "fmtconv_mac_project" */;
			buildPhases = (
				15AE51BD1ECA20DC004FEC65 /* Sources */,
				15AE51BE1ECA20DC004FEC65 /* Frameworks */,
				15AE51BF1ECA20DC004FEC65 /* CopyFiles */,
			);
			buildRules = (
			);
			dependencies = (
			);
			name = fmtconv_mac_project;
			productName = fmtconv_mac_project;
			productReference = 15AE51C11ECA20DC004FEC65 /* fmtconv_mac_project */;
			productType = "com.apple.product-type.tool";
		};
/* End PBXNativeTarget section */

/* Begin PBXProject section */
		15AE51B91ECA20DC004FEC65 /* Project object */ = {
			isa = PBXProject;
			attributes = {
				LastUpgradeCheck = 0730;
				ORGANIZATIONNAME = zebra;
				TargetAttributes = {
					15AE51C01ECA20DC004FEC65 = {
						CreatedOnToolsVersion = 7.3.1;
					};
				};
			};
			buildConfigurationList = 15AE51BC1ECA20DC004FEC65 /* Build configuration list for PBXProject "fmtconv_mac_project" */;
			compatibilityVersion = "Xcode 3.2";
			developmentRegion = English;
			hasScannedForEncodings = 0;
			knownRegions = (
				en,
			);
			mainGroup = 15AE51B81ECA20DC004FEC65;
			productRefGroup = 15AE51C21ECA20DC004FEC65 /* Products */;
			projectDirPath = "";
			projectRoot = "";
			targets = (
				15AE51C01ECA20DC004FEC65 /* fmtconv_mac_project */,
			);
		};
/* End PBXProject section */

/* Begin PBXSourcesBuildPhase section */
		15AE51BD1ECA20DC004FEC65 /* Sources */ = {
			isa = PBXSourcesBuildPhase;
			buildActionMask = 2147483647;
			files = (
				15B58B921ECA919F009EEEE7 /* MatrixConvert.cpp in Sources */,
				15B58B911ECA919F009EEEE7 /* main.cpp in Sources */,
			);
			runOnlyForDeploymentPostprocessing = 0;
		};
/* End PBXSourcesBuildPhase section */

/* Begin XCBuildConfiguration section */
		15AE51C61ECA20DC004FEC65 /* Debug */ = {
			isa = XCBuildConfiguration;
			buildSettings = {
				ALWAYS_SEARCH_USER_PATHS = NO;
				CLANG_ANALYZER_NONNULL = YES;
				CLANG_CXX_LANGUAGE_STANDARD = "gnu++0x";
				CLANG_CXX_LIBRARY = "libc++";
				CLANG_ENABLE_MODULES = YES;
				CLANG_ENABLE_OBJC_ARC = YES;
				CLANG_WARN_BOOL_CONVERSION = YES;
				CLANG_WARN_CONSTANT_CONVERSION = YES;
				CLANG_WARN_DIRECT_OBJC_ISA_USAGE = YES_ERROR;
				CLANG_WARN_EMPTY_BODY = YES;
				CLANG_WARN_ENUM_CONVERSION = YES;
				CLANG_WARN_INT_CONVERSION = YES;
				CLANG_WARN_OBJC_ROOT_CLASS = YES_ERROR;
				CLANG_WARN_UNREACHABLE_CODE = YES;
				CLANG_WARN__DUPLICATE_METHOD_MATCH = YES;
				CODE_SIGN_IDENTITY = "-";
				COPY_PHASE_STRIP = NO;
				DEBUG_INFORMATION_FORMAT = dwarf;
				ENABLE_STRICT_OBJC_MSGSEND = YES;
				ENABLE_TESTABILITY = YES;
				GCC_C_LANGUAGE_STANDARD = gnu99;
				GCC_DYNAMIC_NO_PIC = NO;
				GCC_NO_COMMON_BLOCKS = YES;
				GCC_OPTIMIZATION_LEVEL = 0;
				GCC_PREPROCESSOR_DEFINITIONS = (
					"DEBUG=1",
					"$(inherited)",
				);
				GCC_WARN_64_TO_32_BIT_CONVERSION = YES;
				GCC_WARN_ABOUT_RETURN_TYPE = YES_ERROR;
				GCC_WARN_UNDECLARED_SELECTOR = YES;
				GCC_WARN_UNINITIALIZED_AUTOS = YES_AGGRESSIVE;
				GCC_WARN_UNUSED_FUNCTION = YES;
				GCC_WARN_UNUSED_VARIABLE = YES;
				MACOSX_DEPLOYMENT_TARGET = 10.11;
				MTL_ENABLE_DEBUG_INFO = YES;
				ONLY_ACTIVE_ARCH = YES;
				SDKROOT = macosx;
			};
			name = Debug;
		};
		15AE51C71ECA20DC004FEC65 /* Release */ = {
			isa = XCBuildConfiguration;
			buildSettings = {
				ALWAYS_SEARCH_USER_PATHS = NO;
				CLANG_ANALYZER_NONNULL = YES;
				CLANG_CXX_LANGUAGE_STANDARD = "gnu++0x";
				CLANG_CXX_LIBRARY = "libc++";
				CLANG_ENABLE_MODULES = YES;
				CLANG_ENABLE_OBJC_ARC = YES;
				CLANG_WARN_BOOL_CONVERSION = YES;
				CLANG_WARN_CONSTANT_CONVERSION = YES;
				CLANG_WARN_DIRECT_OBJC_ISA_USAGE = YES_ERROR;
				CLANG_WARN_EMPTY_BODY = YES;
				CLANG_WARN_ENUM_CONVERSION = YES;
				CLANG_WARN_INT_CONVERSION = YES;
				CLANG_WARN_OBJC_ROOT_CLASS = YES_ERROR;
				CLANG_WARN_UNREACHABLE_CODE = YES;
				CLANG_WARN__DUPLICATE_METHOD_MATCH = YES;
				CODE_SIGN_IDENTITY = "-";
				COPY_PHASE_STRIP = NO;
				DEBUG_INFORMATION_FORMAT = "dwarf-with-dsym";
				ENABLE_NS_ASSERTIONS = NO;
				ENABLE_STRICT_OBJC_MSGSEND = YES;
				GCC_C_LANGUAGE_STANDARD = gnu99;
				GCC_NO_COMMON_BLOCKS = YES;
				GCC_WARN_64_TO_32_BIT_CONVERSION = YES;
				GCC_WARN_ABOUT_RETURN_TYPE = YES_ERROR;
				GCC_WARN_UNDECLARED_SELECTOR = YES;
				GCC_WARN_UNINITIALIZED_AUTOS = YES_AGGRESSIVE;
				GCC_WARN_UNUSED_FUNCTION = YES;
				GCC_WARN_UNUSED_VARIABLE = YES;
				MACOSX_DEPLOYMENT_TARGET = 10.11;
				MTL_ENABLE_DEBUG_INFO = NO;
				SDKROOT = macosx;
			};
			name = Release;
		};
		15AE51C91ECA20DC004FEC65 /* Debug */ = {
			isa = XCBuildConfiguration;
			buildSettings = {
				LIBRARY_SEARCH_PATHS = (
					"$(inherited)",
					"$(PROJECT_DIR)",
				);
				PRODUCT_NAME = "$(TARGET_NAME)";
			};
			name = Debug;
		};
		15AE51CA1ECA20DC004FEC65 /* Release */ = {
			isa = XCBuildConfiguration;
			buildSettings = {
				LIBRARY_SEARCH_PATHS = (
					"$(inherited)",
					"$(PROJECT_DIR)",
				);
				PRODUCT_NAME = "$(TARGET_NAME)";
			};
			name = Release;
		};
/* End XCBuildConfiguration section */

/* Begin XCConfigurationList section */
		15AE51BC1ECA20DC004FEC65 /* Build configuration list for PBXProject "fmtconv_mac_project" */ = {
			isa = XCConfigurationList;
			buildConfigurations = (
				15AE51C61ECA20DC004FEC65 /* Debug */,
				15AE51C71ECA20DC004FEC65 /* Release */,
			);
			defaultConfigurationIsVisible = 0;
			defaultConfigurationName = Release;
		};
		15AE51C81ECA20DC004FEC65 /* Build configuration list for PBXNativeTarget "fmtconv_mac_project" */ = {
			isa = XCConfigurationList;
			buildConfigurations = (
				15AE51C91ECA20DC004FEC65 /* Debug */,
				15AE51CA1ECA20DC004FEC65 /* Release */,
			);
			defaultConfigurationIsVisible = 0;
			defaultConfigurationName = Release;
		};
/* End XCConfigurationList section */
	};
	rootObject = 15AE51B91ECA20DC004FEC65 /* Project object */;
}
