
Microsoft Visual Studio Solution File, Format Version 12.00
# Visual Studio 2015
Project("{FAE04EC0-301F-11D3-BF4B-00C04F79EFBC}") = "M1UnityDecodeTest", "M1UnityDecodeTest.csproj", "{04993B4D-74F0-ABDF-6E98-8265581E0AF5}"
EndProject
Project("{FAE04EC0-301F-11D3-BF4B-00C04F79EFBC}") = "M1UnityDecodeTest.Editor", "M1UnityDecodeTest.Editor.csproj", "{B73967EC-6AF0-E902-3B0D-EE59CD4DFC59}"
EndProject
Global
	GlobalSection(SolutionConfigurationPlatforms) = preSolution
		Debug|Any CPU = Debug|Any CPU
		Release|Any CPU = Release|Any CPU
	EndGlobalSection
	GlobalSection(ProjectConfigurationPlatforms) = postSolution
		{04993B4D-74F0-ABDF-6E98-8265581E0AF5}.Debug|Any CPU.ActiveCfg = Debug|Any CPU
		{04993B4D-74F0-ABDF-6E98-8265581E0AF5}.Debug|Any CPU.Build.0 = Debug|Any CPU
		{04993B4D-74F0-ABDF-6E98-8265581E0AF5}.Release|Any CPU.ActiveCfg = Release|Any CPU
		{04993B4D-74F0-ABDF-6E98-8265581E0AF5}.Release|Any CPU.Build.0 = Release|Any CPU
		{B73967EC-6AF0-E902-3B0D-EE59CD4DFC59}.Debug|Any CPU.ActiveCfg = Debug|Any CPU
		{B73967EC-6AF0-E902-3B0D-EE59CD4DFC59}.Debug|Any CPU.Build.0 = Debug|Any CPU
		{B73967EC-6AF0-E902-3B0D-EE59CD4DFC59}.Release|Any CPU.ActiveCfg = Release|Any CPU
		{B73967EC-6AF0-E902-3B0D-EE59CD4DFC59}.Release|Any CPU.Build.0 = Release|Any CPU
	EndGlobalSection
	GlobalSection(SolutionProperties) = preSolution
		HideSolutionNode = FALSE
	EndGlobalSection
EndGlobal
