// !$*UTF8*$!
{
	archiveVersion = 1;
	classes = {
	};
	objectVersion = 50;
	objects = {

/* Begin PBXBuildFile section */
		A43388A3236B5EB6002ADB19 /* main.cpp in Sources */ = {isa = PBXBuildFile; fileRef = A43388A2236B5EB6002ADB19 /* main.cpp */; };
		A43388B1236B5EF9002ADB19 /* Mach1DecodeCAPI.h in Sources */ = {isa = PBXBuildFile; fileRef = A43388A9236B5EF8002ADB19 /* Mach1DecodeCAPI.h */; };
		A43388B2236B5EF9002ADB19 /* Mach1Point3D.h in Sources */ = {isa = PBXBuildFile; fileRef = A43388AA236B5EF8002ADB19 /* Mach1Point3D.h */; };
		A43388B3236B5EF9002ADB19 /* Mach1DecodePositional.cpp in Sources */ = {isa = PBXBuildFile; fileRef = A43388AB236B5EF8002ADB19 /* Mach1DecodePositional.cpp */; };
		A43388B4236B5EF9002ADB19 /* Mach1Decode.cpp in Sources */ = {isa = PBXBuildFile; fileRef = A43388AC236B5EF8002ADB19 /* Mach1Decode.cpp */; };
		A43388B5236B5EF9002ADB19 /* Mach1Point4D.h in Sources */ = {isa = PBXBuildFile; fileRef = A43388AD236B5EF8002ADB19 /* Mach1Point4D.h */; };
		A43388B6236B5EF9002ADB19 /* Mach1DecodePositionalCAPI.h in Sources */ = {isa = PBXBuildFile; fileRef = A43388AE236B5EF8002ADB19 /* Mach1DecodePositionalCAPI.h */; };
		A43388B7236B5EF9002ADB19 /* Mach1DecodePositional.h in Sources */ = {isa = PBXBuildFile; fileRef = A43388AF236B5EF8002ADB19 /* Mach1DecodePositional.h */; };
		A43388B8236B5EF9002ADB19 /* Mach1Decode.h in Sources */ = {isa = PBXBuildFile; fileRef = A43388B0236B5EF8002ADB19 /* Mach1Decode.h */; };
/* End PBXBuildFile section */

/* Begin PBXCopyFilesBuildPhase section */
		A433889D236B5EB6002ADB19 /* CopyFiles */ = {
			isa = PBXCopyFilesBuildPhase;
			buildActionMask = 2147483647;
			dstPath = /usr/share/man/man1/;
			dstSubfolderSpec = 0;
			files = (
			);
			runOnlyForDeploymentPostprocessing = 1;
		};
/* End PBXCopyFilesBuildPhase section */

/* Begin PBXFileReference section */
		A433889F236B5EB6002ADB19 /* spatial-decodepositional-example */ = {isa = PBXFileReference; explicitFileType = "compiled.mach-o.executable"; includeInIndex = 0; path = "spatial-decodepositional-example"; sourceTree = BUILT_PRODUCTS_DIR; };
		A43388A2236B5EB6002ADB19 /* main.cpp */ = {isa = PBXFileReference; lastKnownFileType = sourcecode.cpp.cpp; path = main.cpp; sourceTree = "<group>"; };
		A43388A9236B5EF8002ADB19 /* Mach1DecodeCAPI.h */ = {isa = PBXFileReference; lastKnownFileType = sourcecode.c.h; name = Mach1DecodeCAPI.h; path = ../../../../include/cpp/Mach1DecodeCAPI.h; sourceTree = "<group>"; };
		A43388AA236B5EF8002ADB19 /* Mach1Point3D.h */ = {isa = PBXFileReference; lastKnownFileType = sourcecode.c.h; name = Mach1Point3D.h; path = ../../../../include/cpp/Mach1Point3D.h; sourceTree = "<group>"; };
		A43388AB236B5EF8002ADB19 /* Mach1DecodePositional.cpp */ = {isa = PBXFileReference; lastKnownFileType = sourcecode.cpp.cpp; name = Mach1DecodePositional.cpp; path = ../../../../include/cpp/Mach1DecodePositional.cpp; sourceTree = "<group>"; };
		A43388AC236B5EF8002ADB19 /* Mach1Decode.cpp */ = {isa = PBXFileReference; lastKnownFileType = sourcecode.cpp.cpp; name = Mach1Decode.cpp; path = ../../../../include/cpp/Mach1Decode.cpp; sourceTree = "<group>"; };
		A43388AD236B5EF8002ADB19 /* Mach1Point4D.h */ = {isa = PBXFileReference; lastKnownFileType = sourcecode.c.h; name = Mach1Point4D.h; path = ../../../../include/cpp/Mach1Point4D.h; sourceTree = "<group>"; };
		A43388AE236B5EF8002ADB19 /* Mach1DecodePositionalCAPI.h */ = {isa = PBXFileReference; lastKnownFileType = sourcecode.c.h; name = Mach1DecodePositionalCAPI.h; path = ../../../../include/cpp/Mach1DecodePositionalCAPI.h; sourceTree = "<group>"; };
		A43388AF236B5EF8002ADB19 /* Mach1DecodePositional.h */ = {isa = PBXFileReference; lastKnownFileType = sourcecode.c.h; name = Mach1DecodePositional.h; path = ../../../../include/cpp/Mach1DecodePositional.h; sourceTree = "<group>"; };
		A43388B0236B5EF8002ADB19 /* Mach1Decode.h */ = {isa = PBXFileReference; lastKnownFileType = sourcecode.c.h; name = Mach1Decode.h; path = ../../../../include/cpp/Mach1Decode.h; sourceTree = "<group>"; };
/* End PBXFileReference section */

/* Begin PBXFrameworksBuildPhase section */
		A433889C236B5EB6002ADB19 /* Frameworks */ = {
			isa = PBXFrameworksBuildPhase;
			buildActionMask = 2147483647;
			files = (
			);
			runOnlyForDeploymentPostprocessing = 0;
		};
/* End PBXFrameworksBuildPhase section */

/* Begin PBXGroup section */
		A4338896236B5EB6002ADB19 = {
			isa = PBXGroup;
			children = (
				A43388AC236B5EF8002ADB19 /* Mach1Decode.cpp */,
				A43388B0236B5EF8002ADB19 /* Mach1Decode.h */,
				A43388A9236B5EF8002ADB19 /* Mach1DecodeCAPI.h */,
				A43388AB236B5EF8002ADB19 /* Mach1DecodePositional.cpp */,
				A43388AF236B5EF8002ADB19 /* Mach1DecodePositional.h */,
				A43388AE236B5EF8002ADB19 /* Mach1DecodePositionalCAPI.h */,
				A43388AA236B5EF8002ADB19 /* Mach1Point3D.h */,
				A43388AD236B5EF8002ADB19 /* Mach1Point4D.h */,
				A43388A1236B5EB6002ADB19 /* spatial-decodepositional-example */,
				A43388A0236B5EB6002ADB19 /* Products */,
			);
			sourceTree = "<group>";
		};
		A43388A0236B5EB6002ADB19 /* Products */ = {
			isa = PBXGroup;
			children = (
				A433889F236B5EB6002ADB19 /* spatial-decodepositional-example */,
			);
			name = Products;
			sourceTree = "<group>";
		};
		A43388A1236B5EB6002ADB19 /* spatial-decodepositional-example */ = {
			isa = PBXGroup;
			children = (
				A43388A2236B5EB6002ADB19 /* main.cpp */,
			);
			path = "spatial-decodepositional-example";
			sourceTree = "<group>";
		};
/* End PBXGroup section */

/* Begin PBXNativeTarget section */
		A433889E236B5EB6002ADB19 /* spatial-decodepositional-example */ = {
			isa = PBXNativeTarget;
			buildConfigurationList = A43388A6236B5EB6002ADB19 /* Build configuration list for PBXNativeTarget "spatial-decodepositional-example" */;
			buildPhases = (
				A433889B236B5EB6002ADB19 /* Sources */,
				A433889C236B5EB6002ADB19 /* Frameworks */,
				A433889D236B5EB6002ADB19 /* CopyFiles */,
			);
			buildRules = (
			);
			dependencies = (
			);
			name = "spatial-decodepositional-example";
			productName = "spatial-decodepositional-example";
			productReference = A433889F236B5EB6002ADB19 /* spatial-decodepositional-example */;
			productType = "com.apple.product-type.tool";
		};
/* End PBXNativeTarget section */

/* Begin PBXProject section */
		A4338897236B5EB6002ADB19 /* Project object */ = {
			isa = PBXProject;
			attributes = {
				LastUpgradeCheck = 1020;
				ORGANIZATIONNAME = Mach1;
				TargetAttributes = {
					A433889E236B5EB6002ADB19 = {
						CreatedOnToolsVersion = 10.2.1;
					};
				};
			};
			buildConfigurationList = A433889A236B5EB6002ADB19 /* Build configuration list for PBXProject "spatial-decodepositional-example" */;
			compatibilityVersion = "Xcode 9.3";
			developmentRegion = en;
			hasScannedForEncodings = 0;
			knownRegions = (
				en,
			);
			mainGroup = A4338896236B5EB6002ADB19;
			productRefGroup = A43388A0236B5EB6002ADB19 /* Products */;
			projectDirPath = "";
			projectRoot = "";
			targets = (
				A433889E236B5EB6002ADB19 /* spatial-decodepositional-example */,
			);
		};
/* End PBXProject section */

/* Begin PBXSourcesBuildPhase section */
		A433889B236B5EB6002ADB19 /* Sources */ = {
			isa = PBXSourcesBuildPhase;
			buildActionMask = 2147483647;
			files = (
				A43388B1236B5EF9002ADB19 /* Mach1DecodeCAPI.h in Sources */,
				A43388B2236B5EF9002ADB19 /* Mach1Point3D.h in Sources */,
				A43388B3236B5EF9002ADB19 /* Mach1DecodePositional.cpp in Sources */,
				A43388B4236B5EF9002ADB19 /* Mach1Decode.cpp in Sources */,
				A43388B5236B5EF9002ADB19 /* Mach1Point4D.h in Sources */,
				A43388B6236B5EF9002ADB19 /* Mach1DecodePositionalCAPI.h in Sources */,
				A43388B7236B5EF9002ADB19 /* Mach1DecodePositional.h in Sources */,
				A43388B8236B5EF9002ADB19 /* Mach1Decode.h in Sources */,
				A43388A3236B5EB6002ADB19 /* main.cpp in Sources */,
			);
			runOnlyForDeploymentPostprocessing = 0;
		};
/* End PBXSourcesBuildPhase section */

/* Begin XCBuildConfiguration section */
		A43388A4236B5EB6002ADB19 /* Debug */ = {
			isa = XCBuildConfiguration;
			buildSettings = {
				ALWAYS_SEARCH_USER_PATHS = NO;
				CLANG_ANALYZER_NONNULL = YES;
				CLANG_ANALYZER_NUMBER_OBJECT_CONVERSION = YES_AGGRESSIVE;
				CLANG_CXX_LANGUAGE_STANDARD = "gnu++14";
				CLANG_CXX_LIBRARY = "libc++";
				CLANG_ENABLE_MODULES = YES;
				CLANG_ENABLE_OBJC_ARC = YES;
				CLANG_ENABLE_OBJC_WEAK = YES;
				CLANG_WARN_BLOCK_CAPTURE_AUTORELEASING = YES;
				CLANG_WARN_BOOL_CONVERSION = YES;
				CLANG_WARN_COMMA = YES;
				CLANG_WARN_CONSTANT_CONVERSION = YES;
				CLANG_WARN_DEPRECATED_OBJC_IMPLEMENTATIONS = YES;
				CLANG_WARN_DIRECT_OBJC_ISA_USAGE = YES_ERROR;
				CLANG_WARN_DOCUMENTATION_COMMENTS = YES;
				CLANG_WARN_EMPTY_BODY = YES;
				CLANG_WARN_ENUM_CONVERSION = YES;
				CLANG_WARN_INFINITE_RECURSION = YES;
				CLANG_WARN_INT_CONVERSION = YES;
				CLANG_WARN_NON_LITERAL_NULL_CONVERSION = YES;
				CLANG_WARN_OBJC_IMPLICIT_RETAIN_SELF = YES;
				CLANG_WARN_OBJC_LITERAL_CONVERSION = YES;
				CLANG_WARN_OBJC_ROOT_CLASS = YES_ERROR;
				CLANG_WARN_RANGE_LOOP_ANALYSIS = YES;
				CLANG_WARN_STRICT_PROTOTYPES = YES;
				CLANG_WARN_SUSPICIOUS_MOVE = YES;
				CLANG_WARN_UNGUARDED_AVAILABILITY = YES_AGGRESSIVE;
				CLANG_WARN_UNREACHABLE_CODE = YES;
				CLANG_WARN__DUPLICATE_METHOD_MATCH = YES;
				CODE_SIGN_IDENTITY = "-";
				COPY_PHASE_STRIP = NO;
				DEBUG_INFORMATION_FORMAT = dwarf;
				ENABLE_STRICT_OBJC_MSGSEND = YES;
				ENABLE_TESTABILITY = YES;
				GCC_C_LANGUAGE_STANDARD = gnu11;
				GCC_DYNAMIC_NO_PIC = NO;
				GCC_NO_COMMON_BLOCKS = YES;
				GCC_OPTIMIZATION_LEVEL = 0;
				GCC_PREPROCESSOR_DEFINITIONS = (
					"DEBUG=1",
					"$(inherited)",
				);
				GCC_WARN_64_TO_32_BIT_CONVERSION = YES;
				GCC_WARN_ABOUT_RETURN_TYPE = YES_ERROR;
				GCC_WARN_UNDECLARED_SELECTOR = YES;
				GCC_WARN_UNINITIALIZED_AUTOS = YES_AGGRESSIVE;
				GCC_WARN_UNUSED_FUNCTION = YES;
				GCC_WARN_UNUSED_VARIABLE = YES;
				MACOSX_DEPLOYMENT_TARGET = 10.14;
				MTL_ENABLE_DEBUG_INFO = INCLUDE_SOURCE;
				MTL_FAST_MATH = YES;
				ONLY_ACTIVE_ARCH = YES;
				SDKROOT = macosx;
			};
			name = Debug;
		};
		A43388A5236B5EB6002ADB19 /* Release */ = {
			isa = XCBuildConfiguration;
			buildSettings = {
				ALWAYS_SEARCH_USER_PATHS = NO;
				CLANG_ANALYZER_NONNULL = YES;
				CLANG_ANALYZER_NUMBER_OBJECT_CONVERSION = YES_AGGRESSIVE;
				CLANG_CXX_LANGUAGE_STANDARD = "gnu++14";
				CLANG_CXX_LIBRARY = "libc++";
				CLANG_ENABLE_MODULES = YES;
				CLANG_ENABLE_OBJC_ARC = YES;
				CLANG_ENABLE_OBJC_WEAK = YES;
				CLANG_WARN_BLOCK_CAPTURE_AUTORELEASING = YES;
				CLANG_WARN_BOOL_CONVERSION = YES;
				CLANG_WARN_COMMA = YES;
				CLANG_WARN_CONSTANT_CONVERSION = YES;
				CLANG_WARN_DEPRECATED_OBJC_IMPLEMENTATIONS = YES;
				CLANG_WARN_DIRECT_OBJC_ISA_USAGE = YES_ERROR;
				CLANG_WARN_DOCUMENTATION_COMMENTS = YES;
				CLANG_WARN_EMPTY_BODY = YES;
				CLANG_WARN_ENUM_CONVERSION = YES;
				CLANG_WARN_INFINITE_RECURSION = YES;
				CLANG_WARN_INT_CONVERSION = YES;
				CLANG_WARN_NON_LITERAL_NULL_CONVERSION = YES;
				CLANG_WARN_OBJC_IMPLICIT_RETAIN_SELF = YES;
				CLANG_WARN_OBJC_LITERAL_CONVERSION = YES;
				CLANG_WARN_OBJC_ROOT_CLASS = YES_ERROR;
				CLANG_WARN_RANGE_LOOP_ANALYSIS = YES;
				CLANG_WARN_STRICT_PROTOTYPES = YES;
				CLANG_WARN_SUSPICIOUS_MOVE = YES;
				CLANG_WARN_UNGUARDED_AVAILABILITY = YES_AGGRESSIVE;
				CLANG_WARN_UNREACHABLE_CODE = YES;
				CLANG_WARN__DUPLICATE_METHOD_MATCH = YES;
				CODE_SIGN_IDENTITY = "-";
				COPY_PHASE_STRIP = NO;
				DEBUG_INFORMATION_FORMAT = "dwarf-with-dsym";
				ENABLE_NS_ASSERTIONS = NO;
				ENABLE_STRICT_OBJC_MSGSEND = YES;
				GCC_C_LANGUAGE_STANDARD = gnu11;
				GCC_NO_COMMON_BLOCKS = YES;
				GCC_WARN_64_TO_32_BIT_CONVERSION = YES;
				GCC_WARN_ABOUT_RETURN_TYPE = YES_ERROR;
				GCC_WARN_UNDECLARED_SELECTOR = YES;
				GCC_WARN_UNINITIALIZED_AUTOS = YES_AGGRESSIVE;
				GCC_WARN_UNUSED_FUNCTION = YES;
				GCC_WARN_UNUSED_VARIABLE = YES;
				MACOSX_DEPLOYMENT_TARGET = 10.14;
				MTL_ENABLE_DEBUG_INFO = NO;
				MTL_FAST_MATH = YES;
				SDKROOT = macosx;
			};
			name = Release;
		};
		A43388A7236B5EB6002ADB19 /* Debug */ = {
			isa = XCBuildConfiguration;
			buildSettings = {
				CODE_SIGN_STYLE = Automatic;
				HEADER_SEARCH_PATHS = "\"$(SRCROOT)/../../../../include/cpp\"";
				LIBRARY_SEARCH_PATHS = "\"$(SRCROOT)/../../../../binaries/xcode/lib\"";
				OTHER_LDFLAGS = (
					"\"$(SRCROOT)/../../../../binaries/xcode/lib/libMach1DecodeCAPI.a\"",
					"\"$(SRCROOT)/../../../../binaries/xcode/lib/libMach1DecodePositionalCAPI.a\"",
				);
				PRODUCT_NAME = "$(TARGET_NAME)";
			};
			name = Debug;
		};
		A43388A8236B5EB6002ADB19 /* Release */ = {
			isa = XCBuildConfiguration;
			buildSettings = {
				CODE_SIGN_STYLE = Automatic;
				HEADER_SEARCH_PATHS = "\"$(SRCROOT)/../../../../include/cpp\"";
				LIBRARY_SEARCH_PATHS = "\"$(SRCROOT)/../../../../binaries/xcode/lib\"";
				OTHER_LDFLAGS = (
					"\"$(SRCROOT)/../../../../binaries/xcode/lib/libMach1DecodeCAPI.a\"",
					"\"$(SRCROOT)/../../../../binaries/xcode/lib/libMach1DecodePositionalCAPI.a\"",
				);
				PRODUCT_NAME = "$(TARGET_NAME)";
			};
			name = Release;
		};
/* End XCBuildConfiguration section */

/* Begin XCConfigurationList section */
		A433889A236B5EB6002ADB19 /* Build configuration list for PBXProject "spatial-decodepositional-example" */ = {
			isa = XCConfigurationList;
			buildConfigurations = (
				A43388A4236B5EB6002ADB19 /* Debug */,
				A43388A5236B5EB6002ADB19 /* Release */,
			);
			defaultConfigurationIsVisible = 0;
			defaultConfigurationName = Release;
		};
		A43388A6236B5EB6002ADB19 /* Build configuration list for PBXNativeTarget "spatial-decodepositional-example" */ = {
			isa = XCConfigurationList;
			buildConfigurations = (
				A43388A7236B5EB6002ADB19 /* Debug */,
				A43388A8236B5EB6002ADB19 /* Release */,
			);
			defaultConfigurationIsVisible = 0;
			defaultConfigurationName = Release;
		};
/* End XCConfigurationList section */
	};
	rootObject = A4338897236B5EB6002ADB19 /* Project object */;
}
