{
  "requires": true,
  "lockfileVersion": 1,
  "dependencies": {
    "base-audio-context": {
      "version": "1.1.1",
      "resolved": "https://registry.npmjs.org/base-audio-context/-/base-audio-context-1.1.1.tgz",
      "integrity": "sha1-11pbbLv9pnKHIrhZAJW1E22LjSg="
    },
    "promise-decode-audio-data": {
      "version": "0.4.1",
      "resolved": "https://registry.npmjs.org/promise-decode-audio-data/-/promise-decode-audio-data-0.4.1.tgz",
      "integrity": "sha1-0psOcWGXxxVDrWlsH3MO5qMMJaI=",
      "requires": {
        "base-audio-context": "^1.1.1"
      }
    }
  }
}
