
Microsoft Visual Studio Solution File, Format Version 12.00
# Visual Studio 2015
Project("{FAE04EC0-301F-11D3-BF4B-00C04F79EFBC}") = "AndroidUnity5.CSharp", "AndroidUnity5.CSharp.csproj", "{258A474C-FA57-A9B9-7BBB-983096921997}"
EndProject
Project("{FAE04EC0-301F-11D3-BF4B-00C04F79EFBC}") = "AndroidUnity5.CSharp.Editor", "AndroidUnity5.CSharp.Editor.csproj", "{F6999279-D95B-8DA3-2536-20D5172551C6}"
EndProject
Global
	GlobalSection(SolutionConfigurationPlatforms) = preSolution
		Debug|Any CPU = Debug|Any CPU
		Release|Any CPU = Release|Any CPU
	EndGlobalSection
	GlobalSection(ProjectConfigurationPlatforms) = postSolution
		{258A474C-FA57-A9B9-7BBB-983096921997}.Debug|Any CPU.ActiveCfg = Debug|Any CPU
		{258A474C-FA57-A9B9-7BBB-983096921997}.Debug|Any CPU.Build.0 = Debug|Any CPU
		{258A474C-FA57-A9B9-7BBB-983096921997}.Release|Any CPU.ActiveCfg = Release|Any CPU
		{258A474C-FA57-A9B9-7BBB-983096921997}.Release|Any CPU.Build.0 = Release|Any CPU
		{F6999279-D95B-8DA3-2536-20D5172551C6}.Debug|Any CPU.ActiveCfg = Debug|Any CPU
		{F6999279-D95B-8DA3-2536-20D5172551C6}.Debug|Any CPU.Build.0 = Debug|Any CPU
		{F6999279-D95B-8DA3-2536-20D5172551C6}.Release|Any CPU.ActiveCfg = Release|Any CPU
		{F6999279-D95B-8DA3-2536-20D5172551C6}.Release|Any CPU.Build.0 = Release|Any CPU
	EndGlobalSection
	GlobalSection(SolutionProperties) = preSolution
		HideSolutionNode = FALSE
	EndGlobalSection
EndGlobal
