
Microsoft Visual Studio Solution File, Format Version 12.00
# Visual Studio 2015
Project("{FAE04EC0-301F-11D3-BF4B-00C04F79EFBC}") = "Android.CSharp", "Android.CSharp.csproj", "{85681A8D-2897-F0FD-AB05-5BC663DB508E}"
EndProject
Project("{FAE04EC0-301F-11D3-BF4B-00C04F79EFBC}") = "Android.CSharp.Editor", "Android.CSharp.Editor.csproj", "{6F575F09-B8DC-02B9-C278-71CEF5616E37}"
EndProject
Global
	GlobalSection(SolutionConfigurationPlatforms) = preSolution
		Debug|Any CPU = Debug|Any CPU
		Release|Any CPU = Release|Any CPU
	EndGlobalSection
	GlobalSection(ProjectConfigurationPlatforms) = postSolution
		{85681A8D-2897-F0FD-AB05-5BC663DB508E}.Debug|Any CPU.ActiveCfg = Debug|Any CPU
		{85681A8D-2897-F0FD-AB05-5BC663DB508E}.Debug|Any CPU.Build.0 = Debug|Any CPU
		{85681A8D-2897-F0FD-AB05-5BC663DB508E}.Release|Any CPU.ActiveCfg = Release|Any CPU
		{85681A8D-2897-F0FD-AB05-5BC663DB508E}.Release|Any CPU.Build.0 = Release|Any CPU
		{6F575F09-B8DC-02B9-C278-71CEF5616E37}.Debug|Any CPU.ActiveCfg = Debug|Any CPU
		{6F575F09-B8DC-02B9-C278-71CEF5616E37}.Debug|Any CPU.Build.0 = Debug|Any CPU
		{6F575F09-B8DC-02B9-C278-71CEF5616E37}.Release|Any CPU.ActiveCfg = Release|Any CPU
		{6F575F09-B8DC-02B9-C278-71CEF5616E37}.Release|Any CPU.Build.0 = Release|Any CPU
	EndGlobalSection
	GlobalSection(SolutionProperties) = preSolution
		HideSolutionNode = FALSE
	EndGlobalSection
EndGlobal
