
Microsoft Visual Studio Solution File, Format Version 12.00
# Visual Studio 2015
Project("{FAE04EC0-301F-11D3-BF4B-00C04F79EFBC}") = "UnityVS.Android.CSharp", "UnityVS.Android.CSharp.csproj", "{DB433EAA-67A5-E72F-4E21-A4BB0CEA1AAB}"
EndProject
Project("{FAE04EC0-301F-11D3-BF4B-00C04F79EFBC}") = "UnityVS.Android.CSharp.Editor", "UnityVS.Android.CSharp.Editor.csproj", "{FAD42440-184D-D2FC-0179-B9711748B0FB}"
EndProject
Global
	GlobalSection(SolutionConfigurationPlatforms) = preSolution
		Debug|Any CPU = Debug|Any CPU
		Release|Any CPU = Release|Any CPU
	EndGlobalSection
	GlobalSection(ProjectConfigurationPlatforms) = postSolution
		{DB433EAA-67A5-E72F-4E21-A4BB0CEA1AAB}.Debug|Any CPU.ActiveCfg = Debug|Any CPU
		{DB433EAA-67A5-E72F-4E21-A4BB0CEA1AAB}.Debug|Any CPU.Build.0 = Debug|Any CPU
		{DB433EAA-67A5-E72F-4E21-A4BB0CEA1AAB}.Release|Any CPU.ActiveCfg = Release|Any CPU
		{DB433EAA-67A5-E72F-4E21-A4BB0CEA1AAB}.Release|Any CPU.Build.0 = Release|Any CPU
		{FAD42440-184D-D2FC-0179-B9711748B0FB}.Debug|Any CPU.ActiveCfg = Debug|Any CPU
		{FAD42440-184D-D2FC-0179-B9711748B0FB}.Debug|Any CPU.Build.0 = Debug|Any CPU
		{FAD42440-184D-D2FC-0179-B9711748B0FB}.Release|Any CPU.ActiveCfg = Release|Any CPU
		{FAD42440-184D-D2FC-0179-B9711748B0FB}.Release|Any CPU.Build.0 = Release|Any CPU
	EndGlobalSection
	GlobalSection(SolutionProperties) = preSolution
		HideSolutionNode = FALSE
	EndGlobalSection
EndGlobal
