Microsoft Visual Studio Solution File, Format Version 11.00
# Visual Studio 2008

Project("{CF0E71F1-E9CF-CAE0-4278-F14745FD9EE0}") = "MagnificentLoader", "Assembly-CSharp-vs.csproj", "{C7BB159B-CC99-F7D0-C814-56483370EF85}"
EndProject
Project("{CF0E71F1-E9CF-CAE0-4278-F14745FD9EE0}") = "MagnificentLoader", "Assembly-CSharp-Editor-vs.csproj", "{5DFD07E5-E433-1788-8DA2-29E96DEED43E}"
EndProject
Global
	GlobalSection(SolutionConfigurationPlatforms) = preSolution
		Debug|Any CPU = Debug|Any CPU
		Release|Any CPU = Release|Any CPU
	EndGlobalSection
	GlobalSection(ProjectConfigurationPlatforms) = postSolution
		{C7BB159B-CC99-F7D0-C814-56483370EF85}.Debug|Any CPU.ActiveCfg = Debug|Any CPU
		{C7BB159B-CC99-F7D0-C814-56483370EF85}.Debug|Any CPU.Build.0 = Debug|Any CPU
		{C7BB159B-CC99-F7D0-C814-56483370EF85}.Release|Any CPU.ActiveCfg = Release|Any CPU
		{C7BB159B-CC99-F7D0-C814-56483370EF85}.Release|Any CPU.Build.0 = Release|Any CPU
		{5DFD07E5-E433-1788-8DA2-29E96DEED43E}.Debug|Any CPU.ActiveCfg = Debug|Any CPU
		{5DFD07E5-E433-1788-8DA2-29E96DEED43E}.Debug|Any CPU.Build.0 = Debug|Any CPU
		{5DFD07E5-E433-1788-8DA2-29E96DEED43E}.Release|Any CPU.ActiveCfg = Release|Any CPU
		{5DFD07E5-E433-1788-8DA2-29E96DEED43E}.Release|Any CPU.Build.0 = Release|Any CPU
	EndGlobalSection
	GlobalSection(SolutionProperties) = preSolution
		HideSolutionNode = FALSE
	EndGlobalSection
						GlobalSection(MonoDevelopProperties) = preSolution
		StartupItem = Assembly-CSharp.csproj
		Policies = $0
		$0.TextStylePolicy = $1
		$1.inheritsSet = null
		$1.scope = text/x-csharp
		$0.CSharpFormattingPolicy = $2
		$2.inheritsSet = Mono
		$2.inheritsScope = text/x-csharp
		$2.scope = text/x-csharp
		$0.TextStylePolicy = $3
		$3.FileWidth = 120
		$3.TabWidth = 4
		$3.IndentWidth = 4
		$3.EolMarker = Unix
		$3.inheritsSet = Mono
		$3.inheritsScope = text/plain
		$3.scope = text/plain
	EndGlobalSection

EndGlobal
