// !$*UTF8*$!
{
	archiveVersion = 1;
	classes = {
	};
	objectVersion = 46;
	objects = {

/* Begin PBXBuildFile section */
		04A1B67F72E78C3C50C5D496 /* ofxOscParameterSync.cpp in Sources */ = {isa = PBXBuildFile; fileRef = 29E5A84494A159405C658395 /* ofxOscParameterSync.cpp */; };
		172513EF0A37F0353FBED5DF /* ofxOscMessage.cpp in Sources */ = {isa = PBXBuildFile; fileRef = C3A653A647A4568CB0DBCE3B /* ofxOscMessage.cpp */; };
		2DD35313C3C7107B0C7B56A8 /* ofxImGui.cpp in Sources */ = {isa = PBXBuildFile; fileRef = EFEED04062980FBAAA1D5E87 /* ofxImGui.cpp */; };
		2FD33611407580C3266D3925 /* OscReceivedElements.cpp in Sources */ = {isa = PBXBuildFile; fileRef = 8BB1A268C020202BB5F23828 /* OscReceivedElements.cpp */; };
		44A35064D139C35523A14874 /* OscOutboundPacketStream.cpp in Sources */ = {isa = PBXBuildFile; fileRef = 421391EA5EE440CC0A4D1441 /* OscOutboundPacketStream.cpp */; };
		46CCEEF78216D36E9D5AAC05 /* ofxOscReceiver.cpp in Sources */ = {isa = PBXBuildFile; fileRef = 5E666C7979E244C7F8EFB137 /* ofxOscReceiver.cpp */; };
		4DF6D06EF91A768912825706 /* ofxJSONElement.cpp in Sources */ = {isa = PBXBuildFile; fileRef = 5CAFF81FEBD8AA166881B1D3 /* ofxJSONElement.cpp */; };
		60476CA392A3D532EA8F87BD /* OscPrintReceivedElements.cpp in Sources */ = {isa = PBXBuildFile; fileRef = FD7B132F26429378A5F4B429 /* OscPrintReceivedElements.cpp */; };
		6E2433459FE22DF4B23DC676 /* EngineOpenGLES.cpp in Sources */ = {isa = PBXBuildFile; fileRef = 4F50A60FE55AAF9ABDEB8122 /* EngineOpenGLES.cpp */; };
		7544DCBB03C3B14AB1A6F939 /* ofxWatermark.cpp in Sources */ = {isa = PBXBuildFile; fileRef = 6F9F47224A9378DEBD2C0036 /* ofxWatermark.cpp */; };
		7B6CC54CA98C7D2C6C5DA243 /* UdpSocket.cpp in Sources */ = {isa = PBXBuildFile; fileRef = 862318F9181D9731B26A7D12 /* UdpSocket.cpp */; };
		84C274DEF5A11BBA33DA5166 /* imgui.cpp in Sources */ = {isa = PBXBuildFile; fileRef = 0C00533E3870681E1024951C /* imgui.cpp */; };
		85F8F48AE0B817855C887B34 /* jsoncpp.cpp in Sources */ = {isa = PBXBuildFile; fileRef = E9EC053FD45B40195ECBFE7C /* jsoncpp.cpp */; };
		8C9561053A4DDA535D723E05 /* IpEndpointName.cpp in Sources */ = {isa = PBXBuildFile; fileRef = A96D17E1350034289CF0A204 /* IpEndpointName.cpp */; };
		8E9EFA1E7056DFCA71763C38 /* BaseTheme.cpp in Sources */ = {isa = PBXBuildFile; fileRef = B156B9383388BC6B9DB78DDC /* BaseTheme.cpp */; };
		9C1F6DE5B9BF766027AC522E /* EngineGLFW.cpp in Sources */ = {isa = PBXBuildFile; fileRef = 633D9A9C072A5EA143E62BE5 /* EngineGLFW.cpp */; };
		9C38248E00C38F3FE8A3CD48 /* OscTypes.cpp in Sources */ = {isa = PBXBuildFile; fileRef = 8164B4532958D713015BAD1E /* OscTypes.cpp */; };
		9FE36281A605FA2D6872B2A0 /* ofxOscSender.cpp in Sources */ = {isa = PBXBuildFile; fileRef = 0B05D61FE77EF8123BEB2411 /* ofxOscSender.cpp */; };
		AF7D4C5C3CCD200B0A74A6B1 /* NetworkingUtils.cpp in Sources */ = {isa = PBXBuildFile; fileRef = 72F099C5F33B207C4889B181 /* NetworkingUtils.cpp */; };
		CB727100FA02D41902B85DF3 /* ofxOscBundle.cpp in Sources */ = {isa = PBXBuildFile; fileRef = 454FFAAECF5797C388EC4185 /* ofxOscBundle.cpp */; };
		E4328149138ABC9F0047C5CB /* openFrameworksDebug.a in Frameworks */ = {isa = PBXBuildFile; fileRef = E4328148138ABC890047C5CB /* openFrameworksDebug.a */; };
		E4B69E200A3A1BDC003C02F2 /* main.cpp in Sources */ = {isa = PBXBuildFile; fileRef = E4B69E1D0A3A1BDC003C02F2 /* main.cpp */; };
		E4B69E210A3A1BDC003C02F2 /* ofApp.cpp in Sources */ = {isa = PBXBuildFile; fileRef = E4B69E1E0A3A1BDC003C02F2 /* ofApp.cpp */; };
		F0A6C03A0F835AA7D39CCB49 /* imgui_draw.cpp in Sources */ = {isa = PBXBuildFile; fileRef = BB87EB8211BFDB6980D943B0 /* imgui_draw.cpp */; };
		F6DAFC6A3FB988B4CA4B18A5 /* imgui_demo.cpp in Sources */ = {isa = PBXBuildFile; fileRef = 2E129F2033912FDEF1B96D32 /* imgui_demo.cpp */; };
		FFB5EB598075A190C590AD2D /* BaseEngine.cpp in Sources */ = {isa = PBXBuildFile; fileRef = 73D957D15CA0A3BDB4680D68 /* BaseEngine.cpp */; };
/* End PBXBuildFile section */

/* Begin PBXContainerItemProxy section */
		E4328147138ABC890047C5CB /* PBXContainerItemProxy */ = {
			isa = PBXContainerItemProxy;
			containerPortal = E4328143138ABC890047C5CB /* openFrameworksLib.xcodeproj */;
			proxyType = 2;
			remoteGlobalIDString = E4B27C1510CBEB8E00536013;
			remoteInfo = openFrameworks;
		};
		E4EEB9AB138B136A00A80321 /* PBXContainerItemProxy */ = {
			isa = PBXContainerItemProxy;
			containerPortal = E4328143138ABC890047C5CB /* openFrameworksLib.xcodeproj */;
			proxyType = 1;
			remoteGlobalIDString = E4B27C1410CBEB8E00536013;
			remoteInfo = openFrameworks;
		};
/* End PBXContainerItemProxy section */

/* Begin PBXCopyFilesBuildPhase section */
		E4C2427710CC5ABF004149E2 /* CopyFiles */ = {
			isa = PBXCopyFilesBuildPhase;
			buildActionMask = 2147483647;
			dstPath = "";
			dstSubfolderSpec = 10;
			files = (
			);
			runOnlyForDeploymentPostprocessing = 0;
		};
/* End PBXCopyFilesBuildPhase section */

/* Begin PBXFileReference section */
		096BE7B32DBB810C302EB1E1 /* OscOutboundPacketStream.h */ = {isa = PBXFileReference; explicitFileType = sourcecode.c.h; fileEncoding = 30; name = OscOutboundPacketStream.h; path = ../../of_v0.9.3_osx_release/addons/ofxOsc/libs/oscpack/src/osc/OscOutboundPacketStream.h; sourceTree = SOURCE_ROOT; };
		0A8C5C53E90ED59044C0D964 /* imgui_internal.h */ = {isa = PBXFileReference; explicitFileType = sourcecode.c.h; fileEncoding = 30; name = imgui_internal.h; path = ../../of_v0.9.3_osx_release/addons/ofxImGui/libs/imgui/src/imgui_internal.h; sourceTree = SOURCE_ROOT; };
		0B05D61FE77EF8123BEB2411 /* ofxOscSender.cpp */ = {isa = PBXFileReference; explicitFileType = sourcecode.cpp.cpp; fileEncoding = 30; name = ofxOscSender.cpp; path = ../../of_v0.9.3_osx_release/addons/ofxOsc/src/ofxOscSender.cpp; sourceTree = SOURCE_ROOT; };
		0C00533E3870681E1024951C /* imgui.cpp */ = {isa = PBXFileReference; explicitFileType = sourcecode.cpp.cpp; fileEncoding = 30; name = imgui.cpp; path = ../../of_v0.9.3_osx_release/addons/ofxImGui/libs/imgui/src/imgui.cpp; sourceTree = SOURCE_ROOT; };
		0D1705C0583BA2428268050B /* ofxWatermark.h */ = {isa = PBXFileReference; explicitFileType = sourcecode.c.h; fileEncoding = 30; name = ofxWatermark.h; path = ../../of_v0.9.3_osx_release/addons/ofxWatermark/src/ofxWatermark.h; sourceTree = SOURCE_ROOT; };
		12B66084FF2CF7E9003DD606 /* OscException.h */ = {isa = PBXFileReference; explicitFileType = sourcecode.c.h; fileEncoding = 30; name = OscException.h; path = ../../of_v0.9.3_osx_release/addons/ofxOsc/libs/oscpack/src/osc/OscException.h; sourceTree = SOURCE_ROOT; };
		196A69EFC3D616FADACFD751 /* Audio2.h */ = {isa = PBXFileReference; explicitFileType = sourcecode.c.h; fileEncoding = 30; name = Audio2.h; path = src/Audio2.h; sourceTree = SOURCE_ROOT; };
		2662086B2B70761DFB5D7899 /* EngineOpenGLES.h */ = {isa = PBXFileReference; explicitFileType = sourcecode.c.h; fileEncoding = 30; name = EngineOpenGLES.h; path = ../../of_v0.9.3_osx_release/addons/ofxImGui/src/EngineOpenGLES.h; sourceTree = SOURCE_ROOT; };
		27C23E72677CDA8043BF53CA /* ofxOsc.h */ = {isa = PBXFileReference; explicitFileType = sourcecode.c.h; fileEncoding = 30; name = ofxOsc.h; path = ../../of_v0.9.3_osx_release/addons/ofxOsc/src/ofxOsc.h; sourceTree = SOURCE_ROOT; };
		288E85902148476D3B9D2D14 /* ofxJSONElement.h */ = {isa = PBXFileReference; explicitFileType = sourcecode.c.h; fileEncoding = 30; name = ofxJSONElement.h; path = ../../of_v0.9.3_osx_release/addons/ofxJSON/src/ofxJSONElement.h; sourceTree = SOURCE_ROOT; };
		29E5A84494A159405C658395 /* ofxOscParameterSync.cpp */ = {isa = PBXFileReference; explicitFileType = sourcecode.cpp.cpp; fileEncoding = 30; name = ofxOscParameterSync.cpp; path = ../../of_v0.9.3_osx_release/addons/ofxOsc/src/ofxOscParameterSync.cpp; sourceTree = SOURCE_ROOT; };
		2A9EF7E195F59BA94C2E9A05 /* stb_rect_pack.h */ = {isa = PBXFileReference; explicitFileType = sourcecode.c.h; fileEncoding = 30; name = stb_rect_pack.h; path = ../../of_v0.9.3_osx_release/addons/ofxImGui/libs/imgui/src/stb_rect_pack.h; sourceTree = SOURCE_ROOT; };
		2E129F2033912FDEF1B96D32 /* imgui_demo.cpp */ = {isa = PBXFileReference; explicitFileType = sourcecode.cpp.cpp; fileEncoding = 30; name = imgui_demo.cpp; path = ../../of_v0.9.3_osx_release/addons/ofxImGui/libs/imgui/src/imgui_demo.cpp; sourceTree = SOURCE_ROOT; };
		2EEBDDEEA8CACA9051836C2E /* ofxOscParameterSync.h */ = {isa = PBXFileReference; explicitFileType = sourcecode.c.h; fileEncoding = 30; name = ofxOscParameterSync.h; path = ../../of_v0.9.3_osx_release/addons/ofxOsc/src/ofxOscParameterSync.h; sourceTree = SOURCE_ROOT; };
		33B3BA113B38C072E7D5CF71 /* imgui.h */ = {isa = PBXFileReference; explicitFileType = sourcecode.c.h; fileEncoding = 30; name = imgui.h; path = ../../of_v0.9.3_osx_release/addons/ofxImGui/libs/imgui/src/imgui.h; sourceTree = SOURCE_ROOT; };
		40CA31C413F7C55CEB119220 /* ofxOscMessage.h */ = {isa = PBXFileReference; explicitFileType = sourcecode.c.h; fileEncoding = 30; name = ofxOscMessage.h; path = ../../of_v0.9.3_osx_release/addons/ofxOsc/src/ofxOscMessage.h; sourceTree = SOURCE_ROOT; };
		41F292A6FB83ABD3C05B055A /* ofxOscReceiver.h */ = {isa = PBXFileReference; explicitFileType = sourcecode.c.h; fileEncoding = 30; name = ofxOscReceiver.h; path = ../../of_v0.9.3_osx_release/addons/ofxOsc/src/ofxOscReceiver.h; sourceTree = SOURCE_ROOT; };
		421391EA5EE440CC0A4D1441 /* OscOutboundPacketStream.cpp */ = {isa = PBXFileReference; explicitFileType = sourcecode.cpp.cpp; fileEncoding = 30; name = OscOutboundPacketStream.cpp; path = ../../of_v0.9.3_osx_release/addons/ofxOsc/libs/oscpack/src/osc/OscOutboundPacketStream.cpp; sourceTree = SOURCE_ROOT; };
		454FFAAECF5797C388EC4185 /* ofxOscBundle.cpp */ = {isa = PBXFileReference; explicitFileType = sourcecode.cpp.cpp; fileEncoding = 30; name = ofxOscBundle.cpp; path = ../../of_v0.9.3_osx_release/addons/ofxOsc/src/ofxOscBundle.cpp; sourceTree = SOURCE_ROOT; };
		46377CAC14742E5243EB5B51 /* imconfig.h */ = {isa = PBXFileReference; explicitFileType = sourcecode.c.h; fileEncoding = 30; name = imconfig.h; path = ../../of_v0.9.3_osx_release/addons/ofxImGui/src/imconfig.h; sourceTree = SOURCE_ROOT; };
		4962271C5E616A65521819EE /* TimerListener.h */ = {isa = PBXFileReference; explicitFileType = sourcecode.c.h; fileEncoding = 30; name = TimerListener.h; path = ../../of_v0.9.3_osx_release/addons/ofxOsc/libs/oscpack/src/ip/TimerListener.h; sourceTree = SOURCE_ROOT; };
		4F50A60FE55AAF9ABDEB8122 /* EngineOpenGLES.cpp */ = {isa = PBXFileReference; explicitFileType = sourcecode.cpp.cpp; fileEncoding = 30; name = EngineOpenGLES.cpp; path = ../../of_v0.9.3_osx_release/addons/ofxImGui/src/EngineOpenGLES.cpp; sourceTree = SOURCE_ROOT; };
		557DB0F9118FAC9C3BFC2585 /* EngineGLFW.h */ = {isa = PBXFileReference; explicitFileType = sourcecode.c.h; fileEncoding = 30; name = EngineGLFW.h; path = ../../of_v0.9.3_osx_release/addons/ofxImGui/src/EngineGLFW.h; sourceTree = SOURCE_ROOT; };
		5CAFF81FEBD8AA166881B1D3 /* ofxJSONElement.cpp */ = {isa = PBXFileReference; explicitFileType = sourcecode.cpp.cpp; fileEncoding = 30; name = ofxJSONElement.cpp; path = ../../of_v0.9.3_osx_release/addons/ofxJSON/src/ofxJSONElement.cpp; sourceTree = SOURCE_ROOT; };
		5E666C7979E244C7F8EFB137 /* ofxOscReceiver.cpp */ = {isa = PBXFileReference; explicitFileType = sourcecode.cpp.cpp; fileEncoding = 30; name = ofxOscReceiver.cpp; path = ../../of_v0.9.3_osx_release/addons/ofxOsc/src/ofxOscReceiver.cpp; sourceTree = SOURCE_ROOT; };
		5FCDE4887EA292C78EE7000E /* ofxOscSender.h */ = {isa = PBXFileReference; explicitFileType = sourcecode.c.h; fileEncoding = 30; name = ofxOscSender.h; path = ../../of_v0.9.3_osx_release/addons/ofxOsc/src/ofxOscSender.h; sourceTree = SOURCE_ROOT; };
		633D9A9C072A5EA143E62BE5 /* EngineGLFW.cpp */ = {isa = PBXFileReference; explicitFileType = sourcecode.cpp.cpp; fileEncoding = 30; name = EngineGLFW.cpp; path = ../../of_v0.9.3_osx_release/addons/ofxImGui/src/EngineGLFW.cpp; sourceTree = SOURCE_ROOT; };
		67DA93F646CBFFD4FEACE44E /* ofxJSON.h */ = {isa = PBXFileReference; explicitFileType = sourcecode.c.h; fileEncoding = 30; name = ofxJSON.h; path = ../../of_v0.9.3_osx_release/addons/ofxJSON/src/ofxJSON.h; sourceTree = SOURCE_ROOT; };
		6E3F832E4EF80E030112A70D /* ThemeTest.h */ = {isa = PBXFileReference; explicitFileType = sourcecode.c.h; fileEncoding = 30; name = ThemeTest.h; path = ../../of_v0.9.3_osx_release/addons/ofxImGui/src/ThemeTest.h; sourceTree = SOURCE_ROOT; };
		6F9F47224A9378DEBD2C0036 /* ofxWatermark.cpp */ = {isa = PBXFileReference; explicitFileType = sourcecode.cpp.cpp; fileEncoding = 30; name = ofxWatermark.cpp; path = ../../of_v0.9.3_osx_release/addons/ofxWatermark/src/ofxWatermark.cpp; sourceTree = SOURCE_ROOT; };
		711CF3163D3F03A2490E8EB0 /* Audio1.h */ = {isa = PBXFileReference; explicitFileType = sourcecode.c.h; fileEncoding = 30; name = Audio1.h; path = src/Audio1.h; sourceTree = SOURCE_ROOT; };
		7149A7496264C54E3B72C6DD /* ofxImGui.h */ = {isa = PBXFileReference; explicitFileType = sourcecode.c.h; fileEncoding = 30; name = ofxImGui.h; path = ../../of_v0.9.3_osx_release/addons/ofxImGui/src/ofxImGui.h; sourceTree = SOURCE_ROOT; };
		72F099C5F33B207C4889B181 /* NetworkingUtils.cpp */ = {isa = PBXFileReference; explicitFileType = sourcecode.cpp.cpp; fileEncoding = 30; name = NetworkingUtils.cpp; path = ../../of_v0.9.3_osx_release/addons/ofxOsc/libs/oscpack/src/ip/posix/NetworkingUtils.cpp; sourceTree = SOURCE_ROOT; };
		73D957D15CA0A3BDB4680D68 /* BaseEngine.cpp */ = {isa = PBXFileReference; explicitFileType = sourcecode.cpp.cpp; fileEncoding = 30; name = BaseEngine.cpp; path = ../../of_v0.9.3_osx_release/addons/ofxImGui/src/BaseEngine.cpp; sourceTree = SOURCE_ROOT; };
		8131096EF548CFAE1E67DB8D /* OscPrintReceivedElements.h */ = {isa = PBXFileReference; explicitFileType = sourcecode.c.h; fileEncoding = 30; name = OscPrintReceivedElements.h; path = ../../of_v0.9.3_osx_release/addons/ofxOsc/libs/oscpack/src/osc/OscPrintReceivedElements.h; sourceTree = SOURCE_ROOT; };
		8164B4532958D713015BAD1E /* OscTypes.cpp */ = {isa = PBXFileReference; explicitFileType = sourcecode.cpp.cpp; fileEncoding = 30; name = OscTypes.cpp; path = ../../of_v0.9.3_osx_release/addons/ofxOsc/libs/oscpack/src/osc/OscTypes.cpp; sourceTree = SOURCE_ROOT; };
		8269E5B8852E09EF3B7F3C14 /* MessageMappingOscPacketListener.h */ = {isa = PBXFileReference; explicitFileType = sourcecode.c.h; fileEncoding = 30; name = MessageMappingOscPacketListener.h; path = ../../of_v0.9.3_osx_release/addons/ofxOsc/libs/oscpack/src/osc/MessageMappingOscPacketListener.h; sourceTree = SOURCE_ROOT; };
		83FDF213A1FE0ADCC5BAF6EE /* ofxOscBundle.h */ = {isa = PBXFileReference; explicitFileType = sourcecode.c.h; fileEncoding = 30; name = ofxOscBundle.h; path = ../../of_v0.9.3_osx_release/addons/ofxOsc/src/ofxOscBundle.h; sourceTree = SOURCE_ROOT; };
		862318F9181D9731B26A7D12 /* UdpSocket.cpp */ = {isa = PBXFileReference; explicitFileType = sourcecode.cpp.cpp; fileEncoding = 30; name = UdpSocket.cpp; path = ../../of_v0.9.3_osx_release/addons/ofxOsc/libs/oscpack/src/ip/posix/UdpSocket.cpp; sourceTree = SOURCE_ROOT; };
		89369D2D30D50C352971D97D /* BaseTheme.h */ = {isa = PBXFileReference; explicitFileType = sourcecode.c.h; fileEncoding = 30; name = BaseTheme.h; path = ../../of_v0.9.3_osx_release/addons/ofxImGui/src/BaseTheme.h; sourceTree = SOURCE_ROOT; };
		89E9571BBB508D2DBEC05EE8 /* stb_textedit.h */ = {isa = PBXFileReference; explicitFileType = sourcecode.c.h; fileEncoding = 30; name = stb_textedit.h; path = ../../of_v0.9.3_osx_release/addons/ofxImGui/libs/imgui/src/stb_textedit.h; sourceTree = SOURCE_ROOT; };
		8BB1A268C020202BB5F23828 /* OscReceivedElements.cpp */ = {isa = PBXFileReference; explicitFileType = sourcecode.cpp.cpp; fileEncoding = 30; name = OscReceivedElements.cpp; path = ../../of_v0.9.3_osx_release/addons/ofxOsc/libs/oscpack/src/osc/OscReceivedElements.cpp; sourceTree = SOURCE_ROOT; };
		9063D0D0EA1BADB56ABC58B7 /* json.h */ = {isa = PBXFileReference; explicitFileType = sourcecode.c.h; fileEncoding = 30; name = json.h; path = ../../of_v0.9.3_osx_release/addons/ofxJSON/libs/jsoncpp/include/json/json.h; sourceTree = SOURCE_ROOT; };
		98A5B2ADDA6F85EAD7101029 /* json-forwards.h */ = {isa = PBXFileReference; explicitFileType = sourcecode.c.h; fileEncoding = 30; name = "json-forwards.h"; path = "../../of_v0.9.3_osx_release/addons/ofxJSON/libs/jsoncpp/include/json/json-forwards.h"; sourceTree = SOURCE_ROOT; };
		9F6D9137EF0F5340B863F6EE /* NetworkingUtils.h */ = {isa = PBXFileReference; explicitFileType = sourcecode.c.h; fileEncoding = 30; name = NetworkingUtils.h; path = ../../of_v0.9.3_osx_release/addons/ofxOsc/libs/oscpack/src/ip/NetworkingUtils.h; sourceTree = SOURCE_ROOT; };
		A2E7989F108FDBE61B365E5E /* BaseEngine.h */ = {isa = PBXFileReference; explicitFileType = sourcecode.c.h; fileEncoding = 30; name = BaseEngine.h; path = ../../of_v0.9.3_osx_release/addons/ofxImGui/src/BaseEngine.h; sourceTree = SOURCE_ROOT; };
		A429D4E91D9DA05800BEEEAC /* ArduinoWatcher.h */ = {isa = PBXFileReference; fileEncoding = 4; lastKnownFileType = sourcecode.c.h; path = ArduinoWatcher.h; sourceTree = "<group>"; };
		A96D17E1350034289CF0A204 /* IpEndpointName.cpp */ = {isa = PBXFileReference; explicitFileType = sourcecode.cpp.cpp; fileEncoding = 30; name = IpEndpointName.cpp; path = ../../of_v0.9.3_osx_release/addons/ofxOsc/libs/oscpack/src/ip/IpEndpointName.cpp; sourceTree = SOURCE_ROOT; };
		AAB20AA4C5259DB90258770A /* UdpSocket.h */ = {isa = PBXFileReference; explicitFileType = sourcecode.c.h; fileEncoding = 30; name = UdpSocket.h; path = ../../of_v0.9.3_osx_release/addons/ofxOsc/libs/oscpack/src/ip/UdpSocket.h; sourceTree = SOURCE_ROOT; };
		B156B9383388BC6B9DB78DDC /* BaseTheme.cpp */ = {isa = PBXFileReference; explicitFileType = sourcecode.cpp.cpp; fileEncoding = 30; name = BaseTheme.cpp; path = ../../of_v0.9.3_osx_release/addons/ofxImGui/src/BaseTheme.cpp; sourceTree = SOURCE_ROOT; };
		BB87EB8211BFDB6980D943B0 /* imgui_draw.cpp */ = {isa = PBXFileReference; explicitFileType = sourcecode.cpp.cpp; fileEncoding = 30; name = imgui_draw.cpp; path = ../../of_v0.9.3_osx_release/addons/ofxImGui/libs/imgui/src/imgui_draw.cpp; sourceTree = SOURCE_ROOT; };
		BC40CCACF6A8B0B80B10B65D /* stb_truetype.h */ = {isa = PBXFileReference; explicitFileType = sourcecode.c.h; fileEncoding = 30; name = stb_truetype.h; path = ../../of_v0.9.3_osx_release/addons/ofxImGui/libs/imgui/src/stb_truetype.h; sourceTree = SOURCE_ROOT; };
		C3A653A647A4568CB0DBCE3B /* ofxOscMessage.cpp */ = {isa = PBXFileReference; explicitFileType = sourcecode.cpp.cpp; fileEncoding = 30; name = ofxOscMessage.cpp; path = ../../of_v0.9.3_osx_release/addons/ofxOsc/src/ofxOscMessage.cpp; sourceTree = SOURCE_ROOT; };
		C7AE5E5D175C3CB61FB6E1DF /* OscPacketListener.h */ = {isa = PBXFileReference; explicitFileType = sourcecode.c.h; fileEncoding = 30; name = OscPacketListener.h; path = ../../of_v0.9.3_osx_release/addons/ofxOsc/libs/oscpack/src/osc/OscPacketListener.h; sourceTree = SOURCE_ROOT; };
		C86809FF9C33CF61A7CD658C /* OscReceivedElements.h */ = {isa = PBXFileReference; explicitFileType = sourcecode.c.h; fileEncoding = 30; name = OscReceivedElements.h; path = ../../of_v0.9.3_osx_release/addons/ofxOsc/libs/oscpack/src/osc/OscReceivedElements.h; sourceTree = SOURCE_ROOT; };
		C9CDC41543676766303A2636 /* IpEndpointName.h */ = {isa = PBXFileReference; explicitFileType = sourcecode.c.h; fileEncoding = 30; name = IpEndpointName.h; path = ../../of_v0.9.3_osx_release/addons/ofxOsc/libs/oscpack/src/ip/IpEndpointName.h; sourceTree = SOURCE_ROOT; };
		CEE10B205FE425B0564EE456 /* M1DSPAlgorithms.h */ = {isa = PBXFileReference; explicitFileType = sourcecode.c.h; fileEncoding = 30; name = M1DSPAlgorithms.h; path = src/M1DSPAlgorithms.h; sourceTree = SOURCE_ROOT; };
		DC631AEA4961A1F0D2E6070D /* ofxOscArg.h */ = {isa = PBXFileReference; explicitFileType = sourcecode.c.h; fileEncoding = 30; name = ofxOscArg.h; path = ../../of_v0.9.3_osx_release/addons/ofxOsc/src/ofxOscArg.h; sourceTree = SOURCE_ROOT; };
		DD3F36E27BB1AEAB17C01777 /* PacketListener.h */ = {isa = PBXFileReference; explicitFileType = sourcecode.c.h; fileEncoding = 30; name = PacketListener.h; path = ../../of_v0.9.3_osx_release/addons/ofxOsc/libs/oscpack/src/ip/PacketListener.h; sourceTree = SOURCE_ROOT; };
		E4328143138ABC890047C5CB /* openFrameworksLib.xcodeproj */ = {isa = PBXFileReference; lastKnownFileType = "wrapper.pb-project"; name = openFrameworksLib.xcodeproj; path = ../../of_v0.9.3_osx_release/libs/openFrameworksCompiled/project/osx/openFrameworksLib.xcodeproj; sourceTree = SOURCE_ROOT; };
		E4B69B5B0A3A1756003C02F2 /* Mach1-CubeDemoDebug.app */ = {isa = PBXFileReference; explicitFileType = wrapper.application; includeInIndex = 0; path = "Mach1-CubeDemoDebug.app"; sourceTree = BUILT_PRODUCTS_DIR; };
		E4B69E1D0A3A1BDC003C02F2 /* main.cpp */ = {isa = PBXFileReference; fileEncoding = 30; lastKnownFileType = sourcecode.cpp.cpp; name = main.cpp; path = src/main.cpp; sourceTree = SOURCE_ROOT; };
		E4B69E1E0A3A1BDC003C02F2 /* ofApp.cpp */ = {isa = PBXFileReference; explicitFileType = sourcecode.cpp.cpp; fileEncoding = 30; name = ofApp.cpp; path = src/ofApp.cpp; sourceTree = SOURCE_ROOT; };
		E4B69E1F0A3A1BDC003C02F2 /* ofApp.h */ = {isa = PBXFileReference; fileEncoding = 30; lastKnownFileType = sourcecode.c.h; name = ofApp.h; path = src/ofApp.h; sourceTree = SOURCE_ROOT; };
		E4B6FCAD0C3E899E008CF71C /* openFrameworks-Info.plist */ = {isa = PBXFileReference; fileEncoding = 30; lastKnownFileType = text.plist.xml; path = "openFrameworks-Info.plist"; sourceTree = "<group>"; };
		E4EB691F138AFCF100A09F29 /* CoreOF.xcconfig */ = {isa = PBXFileReference; fileEncoding = 4; lastKnownFileType = text.xcconfig; name = CoreOF.xcconfig; path = ../../of_v0.9.3_osx_release/libs/openFrameworksCompiled/project/osx/CoreOF.xcconfig; sourceTree = SOURCE_ROOT; };
		E4EB6923138AFD0F00A09F29 /* Project.xcconfig */ = {isa = PBXFileReference; fileEncoding = 4; lastKnownFileType = text.xcconfig; path = Project.xcconfig; sourceTree = "<group>"; };
		E5C857A1EB110EFD950551BF /* BaseAudioTest.h */ = {isa = PBXFileReference; explicitFileType = sourcecode.c.h; fileEncoding = 30; name = BaseAudioTest.h; path = src/BaseAudioTest.h; sourceTree = SOURCE_ROOT; };
		E9EC053FD45B40195ECBFE7C /* jsoncpp.cpp */ = {isa = PBXFileReference; explicitFileType = sourcecode.cpp.cpp; fileEncoding = 30; name = jsoncpp.cpp; path = ../../of_v0.9.3_osx_release/addons/ofxJSON/libs/jsoncpp/src/jsoncpp.cpp; sourceTree = SOURCE_ROOT; };
		EFEED04062980FBAAA1D5E87 /* ofxImGui.cpp */ = {isa = PBXFileReference; explicitFileType = sourcecode.cpp.cpp; fileEncoding = 30; name = ofxImGui.cpp; path = ../../of_v0.9.3_osx_release/addons/ofxImGui/src/ofxImGui.cpp; sourceTree = SOURCE_ROOT; };
		FCA22F20BF599A22501F38B8 /* OscHostEndianness.h */ = {isa = PBXFileReference; explicitFileType = sourcecode.c.h; fileEncoding = 30; name = OscHostEndianness.h; path = ../../of_v0.9.3_osx_release/addons/ofxOsc/libs/oscpack/src/osc/OscHostEndianness.h; sourceTree = SOURCE_ROOT; };
		FCF02C7CEF17598E87CE5A2D /* OscTypes.h */ = {isa = PBXFileReference; explicitFileType = sourcecode.c.h; fileEncoding = 30; name = OscTypes.h; path = ../../of_v0.9.3_osx_release/addons/ofxOsc/libs/oscpack/src/osc/OscTypes.h; sourceTree = SOURCE_ROOT; };
		FD7B132F26429378A5F4B429 /* OscPrintReceivedElements.cpp */ = {isa = PBXFileReference; explicitFileType = sourcecode.cpp.cpp; fileEncoding = 30; name = OscPrintReceivedElements.cpp; path = ../../of_v0.9.3_osx_release/addons/ofxOsc/libs/oscpack/src/osc/OscPrintReceivedElements.cpp; sourceTree = SOURCE_ROOT; };
/* End PBXFileReference section */

/* Begin PBXFrameworksBuildPhase section */
		E4B69B590A3A1756003C02F2 /* Frameworks */ = {
			isa = PBXFrameworksBuildPhase;
			buildActionMask = 2147483647;
			files = (
				E4328149138ABC9F0047C5CB /* openFrameworksDebug.a in Frameworks */,
			);
			runOnlyForDeploymentPostprocessing = 0;
		};
/* End PBXFrameworksBuildPhase section */

/* Begin PBXGroup section */
		28541283AFC148C28C3052CB /* ofxWatermark */ = {
			isa = PBXGroup;
			children = (
				4790F76805929A69535A6A31 /* src */,
			);
			name = ofxWatermark;
			sourceTree = "<group>";
		};
		2865DAEF86B1907A704CA70B /* ofxJSON */ = {
			isa = PBXGroup;
			children = (
				292AF6148769654D0DF26018 /* src */,
				F40E80CB2D443CBA9581DD03 /* libs */,
			);
			name = ofxJSON;
			sourceTree = "<group>";
		};
		292AF6148769654D0DF26018 /* src */ = {
			isa = PBXGroup;
			children = (
				67DA93F646CBFFD4FEACE44E /* ofxJSON.h */,
				5CAFF81FEBD8AA166881B1D3 /* ofxJSONElement.cpp */,
				288E85902148476D3B9D2D14 /* ofxJSONElement.h */,
			);
			name = src;
			sourceTree = "<group>";
		};
		30CB364908817057B430D528 /* osc */ = {
			isa = PBXGroup;
			children = (
				8269E5B8852E09EF3B7F3C14 /* MessageMappingOscPacketListener.h */,
				12B66084FF2CF7E9003DD606 /* OscException.h */,
				FCA22F20BF599A22501F38B8 /* OscHostEndianness.h */,
				421391EA5EE440CC0A4D1441 /* OscOutboundPacketStream.cpp */,
				096BE7B32DBB810C302EB1E1 /* OscOutboundPacketStream.h */,
				C7AE5E5D175C3CB61FB6E1DF /* OscPacketListener.h */,
				FD7B132F26429378A5F4B429 /* OscPrintReceivedElements.cpp */,
				8131096EF548CFAE1E67DB8D /* OscPrintReceivedElements.h */,
				8BB1A268C020202BB5F23828 /* OscReceivedElements.cpp */,
				C86809FF9C33CF61A7CD658C /* OscReceivedElements.h */,
				8164B4532958D713015BAD1E /* OscTypes.cpp */,
				FCF02C7CEF17598E87CE5A2D /* OscTypes.h */,
			);
			name = osc;
			sourceTree = "<group>";
		};
		38871A5825686AE018EC2BF0 /* libs */ = {
			isa = PBXGroup;
			children = (
				86D2677079A3AF4A5A88E29A /* oscpack */,
			);
			name = libs;
			sourceTree = "<group>";
		};
		4790F76805929A69535A6A31 /* src */ = {
			isa = PBXGroup;
			children = (
				6F9F47224A9378DEBD2C0036 /* ofxWatermark.cpp */,
				0D1705C0583BA2428268050B /* ofxWatermark.h */,
			);
			name = src;
			sourceTree = "<group>";
		};
		58AD3BD71B781D9BC25763C8 /* json */ = {
			isa = PBXGroup;
			children = (
				98A5B2ADDA6F85EAD7101029 /* json-forwards.h */,
				9063D0D0EA1BADB56ABC58B7 /* json.h */,
			);
			name = json;
			sourceTree = "<group>";
		};
		641362CA659FAFEE4E81001B /* posix */ = {
			isa = PBXGroup;
			children = (
				72F099C5F33B207C4889B181 /* NetworkingUtils.cpp */,
				862318F9181D9731B26A7D12 /* UdpSocket.cpp */,
			);
			name = posix;
			sourceTree = "<group>";
		};
		6948EE371B920CB800B5AC1A /* local_addons */ = {
			isa = PBXGroup;
			children = (
			);
			name = local_addons;
			sourceTree = "<group>";
		};
		6FF8AA08E79CFA38503CDB0E /* src */ = {
			isa = PBXGroup;
			children = (
				73D957D15CA0A3BDB4680D68 /* BaseEngine.cpp */,
				A2E7989F108FDBE61B365E5E /* BaseEngine.h */,
				B156B9383388BC6B9DB78DDC /* BaseTheme.cpp */,
				89369D2D30D50C352971D97D /* BaseTheme.h */,
				633D9A9C072A5EA143E62BE5 /* EngineGLFW.cpp */,
				557DB0F9118FAC9C3BFC2585 /* EngineGLFW.h */,
				4F50A60FE55AAF9ABDEB8122 /* EngineOpenGLES.cpp */,
				2662086B2B70761DFB5D7899 /* EngineOpenGLES.h */,
				46377CAC14742E5243EB5B51 /* imconfig.h */,
				EFEED04062980FBAAA1D5E87 /* ofxImGui.cpp */,
				7149A7496264C54E3B72C6DD /* ofxImGui.h */,
				6E3F832E4EF80E030112A70D /* ThemeTest.h */,
			);
			name = src;
			sourceTree = "<group>";
		};
		768C3255AF2F3E1A78DC4DF4 /* ofxImGui */ = {
			isa = PBXGroup;
			children = (
				6FF8AA08E79CFA38503CDB0E /* src */,
				C618591A26FF62625326E2DD /* libs */,
			);
			name = ofxImGui;
			sourceTree = "<group>";
		};
		807146441E0D13714E9F4654 /* src */ = {
			isa = PBXGroup;
			children = (
				0C00533E3870681E1024951C /* imgui.cpp */,
				33B3BA113B38C072E7D5CF71 /* imgui.h */,
				2E129F2033912FDEF1B96D32 /* imgui_demo.cpp */,
				BB87EB8211BFDB6980D943B0 /* imgui_draw.cpp */,
				0A8C5C53E90ED59044C0D964 /* imgui_internal.h */,
				2A9EF7E195F59BA94C2E9A05 /* stb_rect_pack.h */,
				89E9571BBB508D2DBEC05EE8 /* stb_textedit.h */,
				BC40CCACF6A8B0B80B10B65D /* stb_truetype.h */,
			);
			name = src;
			sourceTree = "<group>";
		};
		86D2677079A3AF4A5A88E29A /* oscpack */ = {
			isa = PBXGroup;
			children = (
				D27B2221A225CA523C019676 /* src */,
			);
			name = oscpack;
			sourceTree = "<group>";
		};
		8D2869234BA7562D78D731FF /* imgui */ = {
			isa = PBXGroup;
			children = (
				807146441E0D13714E9F4654 /* src */,
			);
			name = imgui;
			sourceTree = "<group>";
		};
		977A836DD2C489CCC5E330FF /* jsoncpp */ = {
			isa = PBXGroup;
			children = (
				D486FC87F063317BB47E9FAC /* include */,
				CCDC6F9CCF925CC402160B85 /* src */,
			);
			name = jsoncpp;
			sourceTree = "<group>";
		};
		BB4B014C10F69532006C3DED /* addons */ = {
			isa = PBXGroup;
			children = (
				768C3255AF2F3E1A78DC4DF4 /* ofxImGui */,
				2865DAEF86B1907A704CA70B /* ofxJSON */,
				E6053AB7FEC63D5F83825B88 /* ofxOsc */,
				28541283AFC148C28C3052CB /* ofxWatermark */,
			);
			name = addons;
			sourceTree = "<group>";
		};
		BD2F1A9F8D0C05EDB29122D0 /* src */ = {
			isa = PBXGroup;
			children = (
				27C23E72677CDA8043BF53CA /* ofxOsc.h */,
				DC631AEA4961A1F0D2E6070D /* ofxOscArg.h */,
				454FFAAECF5797C388EC4185 /* ofxOscBundle.cpp */,
				83FDF213A1FE0ADCC5BAF6EE /* ofxOscBundle.h */,
				C3A653A647A4568CB0DBCE3B /* ofxOscMessage.cpp */,
				40CA31C413F7C55CEB119220 /* ofxOscMessage.h */,
				29E5A84494A159405C658395 /* ofxOscParameterSync.cpp */,
				2EEBDDEEA8CACA9051836C2E /* ofxOscParameterSync.h */,
				5E666C7979E244C7F8EFB137 /* ofxOscReceiver.cpp */,
				41F292A6FB83ABD3C05B055A /* ofxOscReceiver.h */,
				0B05D61FE77EF8123BEB2411 /* ofxOscSender.cpp */,
				5FCDE4887EA292C78EE7000E /* ofxOscSender.h */,
			);
			name = src;
			sourceTree = "<group>";
		};
		C618591A26FF62625326E2DD /* libs */ = {
			isa = PBXGroup;
			children = (
				8D2869234BA7562D78D731FF /* imgui */,
			);
			name = libs;
			sourceTree = "<group>";
		};
		CCDC6F9CCF925CC402160B85 /* src */ = {
			isa = PBXGroup;
			children = (
				E9EC053FD45B40195ECBFE7C /* jsoncpp.cpp */,
			);
			name = src;
			sourceTree = "<group>";
		};
		D27B2221A225CA523C019676 /* src */ = {
			isa = PBXGroup;
			children = (
				FF8CDF57858E9B94E3237115 /* ip */,
				30CB364908817057B430D528 /* osc */,
			);
			name = src;
			sourceTree = "<group>";
		};
		D486FC87F063317BB47E9FAC /* include */ = {
			isa = PBXGroup;
			children = (
				58AD3BD71B781D9BC25763C8 /* json */,
			);
			name = include;
			sourceTree = "<group>";
		};
		E4328144138ABC890047C5CB /* Products */ = {
			isa = PBXGroup;
			children = (
				E4328148138ABC890047C5CB /* openFrameworksDebug.a */,
			);
			name = Products;
			sourceTree = "<group>";
		};
		E4B69B4A0A3A1720003C02F2 = {
			isa = PBXGroup;
			children = (
				E4B6FCAD0C3E899E008CF71C /* openFrameworks-Info.plist */,
				E4EB6923138AFD0F00A09F29 /* Project.xcconfig */,
				E4B69E1C0A3A1BDC003C02F2 /* src */,
				E4EEC9E9138DF44700A80321 /* openFrameworks */,
				BB4B014C10F69532006C3DED /* addons */,
				6948EE371B920CB800B5AC1A /* local_addons */,
				E4B69B5B0A3A1756003C02F2 /* Mach1-CubeDemoDebug.app */,
			);
			sourceTree = "<group>";
		};
		E4B69E1C0A3A1BDC003C02F2 /* src */ = {
			isa = PBXGroup;
			children = (
				E4B69E1D0A3A1BDC003C02F2 /* main.cpp */,
				E4B69E1E0A3A1BDC003C02F2 /* ofApp.cpp */,
				E4B69E1F0A3A1BDC003C02F2 /* ofApp.h */,
				E5C857A1EB110EFD950551BF /* BaseAudioTest.h */,
				711CF3163D3F03A2490E8EB0 /* Audio1.h */,
				196A69EFC3D616FADACFD751 /* Audio2.h */,
				CEE10B205FE425B0564EE456 /* M1DSPAlgorithms.h */,
				A429D4E91D9DA05800BEEEAC /* ArduinoWatcher.h */,
			);
			path = src;
			sourceTree = SOURCE_ROOT;
		};
		E4EEC9E9138DF44700A80321 /* openFrameworks */ = {
			isa = PBXGroup;
			children = (
				E4EB691F138AFCF100A09F29 /* CoreOF.xcconfig */,
				E4328143138ABC890047C5CB /* openFrameworksLib.xcodeproj */,
			);
			name = openFrameworks;
			sourceTree = "<group>";
		};
		E6053AB7FEC63D5F83825B88 /* ofxOsc */ = {
			isa = PBXGroup;
			children = (
				BD2F1A9F8D0C05EDB29122D0 /* src */,
				38871A5825686AE018EC2BF0 /* libs */,
			);
			name = ofxOsc;
			sourceTree = "<group>";
		};
		F40E80CB2D443CBA9581DD03 /* libs */ = {
			isa = PBXGroup;
			children = (
				977A836DD2C489CCC5E330FF /* jsoncpp */,
			);
			name = libs;
			sourceTree = "<group>";
		};
		FF8CDF57858E9B94E3237115 /* ip */ = {
			isa = PBXGroup;
			children = (
				A96D17E1350034289CF0A204 /* IpEndpointName.cpp */,
				C9CDC41543676766303A2636 /* IpEndpointName.h */,
				9F6D9137EF0F5340B863F6EE /* NetworkingUtils.h */,
				DD3F36E27BB1AEAB17C01777 /* PacketListener.h */,
				641362CA659FAFEE4E81001B /* posix */,
				4962271C5E616A65521819EE /* TimerListener.h */,
				AAB20AA4C5259DB90258770A /* UdpSocket.h */,
			);
			name = ip;
			sourceTree = "<group>";
		};
/* End PBXGroup section */

/* Begin PBXNativeTarget section */
		E4B69B5A0A3A1756003C02F2 /* Mach1-CubeDemo */ = {
			isa = PBXNativeTarget;
			buildConfigurationList = E4B69B5F0A3A1757003C02F2 /* Build configuration list for PBXNativeTarget "Mach1-CubeDemo" */;
			buildPhases = (
				E4B69B580A3A1756003C02F2 /* Sources */,
				E4B69B590A3A1756003C02F2 /* Frameworks */,
				E4B6FFFD0C3F9AB9008CF71C /* ShellScript */,
				E4C2427710CC5ABF004149E2 /* CopyFiles */,
				8466F1851C04CA0E00918B1C /* ShellScript */,
			);
			buildRules = (
			);
			dependencies = (
				E4EEB9AC138B136A00A80321 /* PBXTargetDependency */,
			);
			name = "Mach1-CubeDemo";
			productName = myOFApp;
			productReference = E4B69B5B0A3A1756003C02F2 /* Mach1-CubeDemoDebug.app */;
			productType = "com.apple.product-type.application";
		};
/* End PBXNativeTarget section */

/* Begin PBXProject section */
		E4B69B4C0A3A1720003C02F2 /* Project object */ = {
			isa = PBXProject;
			attributes = {
				LastUpgradeCheck = 0600;
			};
			buildConfigurationList = E4B69B4D0A3A1720003C02F2 /* Build configuration list for PBXProject "Mach1-CubeDemo" */;
			compatibilityVersion = "Xcode 3.2";
			developmentRegion = English;
			hasScannedForEncodings = 0;
			knownRegions = (
				English,
				Japanese,
				French,
				German,
			);
			mainGroup = E4B69B4A0A3A1720003C02F2;
			productRefGroup = E4B69B4A0A3A1720003C02F2;
			projectDirPath = "";
			projectReferences = (
				{
					ProductGroup = E4328144138ABC890047C5CB /* Products */;
					ProjectRef = E4328143138ABC890047C5CB /* openFrameworksLib.xcodeproj */;
				},
			);
			projectRoot = "";
			targets = (
				E4B69B5A0A3A1756003C02F2 /* Mach1-CubeDemo */,
			);
		};
/* End PBXProject section */

/* Begin PBXReferenceProxy section */
		E4328148138ABC890047C5CB /* openFrameworksDebug.a */ = {
			isa = PBXReferenceProxy;
			fileType = archive.ar;
			path = openFrameworksDebug.a;
			remoteRef = E4328147138ABC890047C5CB /* PBXContainerItemProxy */;
			sourceTree = BUILT_PRODUCTS_DIR;
		};
/* End PBXReferenceProxy section */

/* Begin PBXShellScriptBuildPhase section */
		8466F1851C04CA0E00918B1C /* ShellScript */ = {
			isa = PBXShellScriptBuildPhase;
			buildActionMask = 12;
			files = (
			);
			inputPaths = (
			);
			outputPaths = (
			);
			runOnlyForDeploymentPostprocessing = 0;
			shellPath = /bin/sh;
			shellScript = "echo \"$GCC_PREPROCESSOR_DEFINITIONS\";\nAPPSTORE=`expr \"$GCC_PREPROCESSOR_DEFINITIONS\" : \".*APPSTORE=\\([0-9]*\\)\"`\nif [ -z \"$APPSTORE\" ] ; then\necho \"Note: Not copying bin/data to App Package or doing App Code signing. Use AppStore target for AppStore distribution\";\nelse\n# Copy bin/data into App/Resources\nrsync -avz --exclude='.DS_Store' \"${SRCROOT}/bin/data/\" \"${TARGET_BUILD_DIR}/${UNLOCALIZED_RESOURCES_FOLDER_PATH}/data/\"\n\n# ---- Code Sign App Package ----\n \n# WARNING: You may have to run Clean in Xcode after changing CODE_SIGN_IDENTITY!\n\n# Verify that $CODE_SIGN_IDENTITY is set\nif [ -z \"${CODE_SIGN_IDENTITY}\" ] ; then\necho \"CODE_SIGN_IDENTITY needs to be set for framework code-signing\"\nexit 0\nfi\n\nif [ -z \"${CODE_SIGN_ENTITLEMENTS}\" ] ; then\necho \"CODE_SIGN_ENTITLEMENTS needs to be set for framework code-signing!\"\n\nif [ \"${CONFIGURATION}\" = \"Release\" ] ; then\nexit 1\nelse\n# Code-signing is optional for non-release builds.\nexit 0\nfi\nfi\n\nITEMS=\"\"\n\nFRAMEWORKS_DIR=\"${TARGET_BUILD_DIR}/${FRAMEWORKS_FOLDER_PATH}\"\necho \"$FRAMEWORKS_DIR\"\nif [ -d \"$FRAMEWORKS_DIR\" ] ; then\nFRAMEWORKS=$(find \"${FRAMEWORKS_DIR}\" -depth -type d -name \"*.framework\" -or -name \"*.dylib\" -or -name \"*.bundle\" | sed -e \"s/\\(.*framework\\)/\\1\\/Versions\\/A\\//\")\nRESULT=$?\nif [[ $RESULT != 0 ]] ; then\nexit 1\nfi\n\nITEMS=\"${FRAMEWORKS}\"\nfi\n\nLOGINITEMS_DIR=\"${TARGET_BUILD_DIR}/${CONTENTS_FOLDER_PATH}/Library/LoginItems/\"\nif [ -d \"$LOGINITEMS_DIR\" ] ; then\nLOGINITEMS=$(find \"${LOGINITEMS_DIR}\" -depth -type d -name \"*.app\")\nRESULT=$?\nif [[ $RESULT != 0 ]] ; then\nexit 1\nfi\n\nITEMS=\"${ITEMS}\"$'\\n'\"${LOGINITEMS}\"\nfi\n\n# Prefer the expanded name, if available.\nCODE_SIGN_IDENTITY_FOR_ITEMS=\"${EXPANDED_CODE_SIGN_IDENTITY_NAME}\"\nif [ \"${CODE_SIGN_IDENTITY_FOR_ITEMS}\" = \"\" ] ; then\n# Fall back to old behavior.\nCODE_SIGN_IDENTITY_FOR_ITEMS=\"${CODE_SIGN_IDENTITY}\"\nfi\n\necho \"Identity:\"\necho \"${CODE_SIGN_IDENTITY_FOR_ITEMS}\"\n\necho \"Entitlements:\"\necho \"${CODE_SIGN_ENTITLEMENTS}\"\n\necho \"Found:\"\necho \"${ITEMS}\"\n\n# Change the Internal Field Separator (IFS) so that spaces in paths will not cause problems below.\nSAVED_IFS=$IFS\nIFS=$(echo -en \"\\n\\b\")\n\n# Loop through all items.\nfor ITEM in $ITEMS;\ndo\necho \"Signing '${ITEM}'\"\ncodesign --force --verbose --sign \"${CODE_SIGN_IDENTITY_FOR_ITEMS}\" --entitlements \"${CODE_SIGN_ENTITLEMENTS}\" \"${ITEM}\"\nRESULT=$?\nif [[ $RESULT != 0 ]] ; then\necho \"Failed to sign '${ITEM}'.\"\nIFS=$SAVED_IFS\nexit 1\nfi\ndone\n\n# Restore $IFS.\nIFS=$SAVED_IFS\n\nfi\n\ncp -r ./bin/data/ \"$TARGET_BUILD_DIR/$PRODUCT_NAME.app/Contents/Resources/\"\n\ncp -r ./bin/data/*.png \"$TARGET_BUILD_DIR/$PRODUCT_NAME.app/Contents/Resources\"";
		};
		E4B6FFFD0C3F9AB9008CF71C /* ShellScript */ = {
			isa = PBXShellScriptBuildPhase;
			buildActionMask = 2147483647;
			files = (
			);
			inputPaths = (
			);
			outputPaths = (
			);
			runOnlyForDeploymentPostprocessing = 0;
			shellPath = /bin/sh;
			shellScript = "mkdir -p \"$TARGET_BUILD_DIR/$PRODUCT_NAME.app/Contents/Resources/\"\n# Copy default icon file into App/Resources\nrsync -aved \"$ICON_FILE\" \"$TARGET_BUILD_DIR/$PRODUCT_NAME.app/Contents/Resources/\"\n# Copy libfmod and change install directory for fmod to run\nrsync -aved ../../of_v0.9.3_osx_release/libs/fmodex/lib/osx/libfmodex.dylib \"$TARGET_BUILD_DIR/$PRODUCT_NAME.app/Contents/Frameworks/\";\ninstall_name_tool -change @executable_path/libfmodex.dylib @executable_path/../Frameworks/libfmodex.dylib \"$TARGET_BUILD_DIR/$PRODUCT_NAME.app/Contents/MacOS/$PRODUCT_NAME\";\n\necho \"$GCC_PREPROCESSOR_DEFINITIONS\";\nAPPSTORE=`expr \"$GCC_PREPROCESSOR_DEFINITIONS\" : \".*APPSTORE=\\([0-9]*\\)\"`\nif [ -z \"${APPSTORE}\" ] ; then\necho \"Copying GLUT framework\";\n# Copy GLUT framework (must remove for AppStore submissions)\nrsync -aved ../../of_v0.9.3_osx_release/libs/glut/lib/osx/GLUT.framework \"$TARGET_BUILD_DIR/$PRODUCT_NAME.app/Contents/Frameworks/\"\nelse\necho \"Not including GLUT\";\nfi\n";
		};
/* End PBXShellScriptBuildPhase section */

/* Begin PBXSourcesBuildPhase section */
		E4B69B580A3A1756003C02F2 /* Sources */ = {
			isa = PBXSourcesBuildPhase;
			buildActionMask = 2147483647;
			files = (
				E4B69E200A3A1BDC003C02F2 /* main.cpp in Sources */,
				E4B69E210A3A1BDC003C02F2 /* ofApp.cpp in Sources */,
				FFB5EB598075A190C590AD2D /* BaseEngine.cpp in Sources */,
				8E9EFA1E7056DFCA71763C38 /* BaseTheme.cpp in Sources */,
				9C1F6DE5B9BF766027AC522E /* EngineGLFW.cpp in Sources */,
				6E2433459FE22DF4B23DC676 /* EngineOpenGLES.cpp in Sources */,
				2DD35313C3C7107B0C7B56A8 /* ofxImGui.cpp in Sources */,
				84C274DEF5A11BBA33DA5166 /* imgui.cpp in Sources */,
				F6DAFC6A3FB988B4CA4B18A5 /* imgui_demo.cpp in Sources */,
				F0A6C03A0F835AA7D39CCB49 /* imgui_draw.cpp in Sources */,
				4DF6D06EF91A768912825706 /* ofxJSONElement.cpp in Sources */,
				85F8F48AE0B817855C887B34 /* jsoncpp.cpp in Sources */,
				CB727100FA02D41902B85DF3 /* ofxOscBundle.cpp in Sources */,
				172513EF0A37F0353FBED5DF /* ofxOscMessage.cpp in Sources */,
				04A1B67F72E78C3C50C5D496 /* ofxOscParameterSync.cpp in Sources */,
				46CCEEF78216D36E9D5AAC05 /* ofxOscReceiver.cpp in Sources */,
				9FE36281A605FA2D6872B2A0 /* ofxOscSender.cpp in Sources */,
				8C9561053A4DDA535D723E05 /* IpEndpointName.cpp in Sources */,
				AF7D4C5C3CCD200B0A74A6B1 /* NetworkingUtils.cpp in Sources */,
				7B6CC54CA98C7D2C6C5DA243 /* UdpSocket.cpp in Sources */,
				44A35064D139C35523A14874 /* OscOutboundPacketStream.cpp in Sources */,
				60476CA392A3D532EA8F87BD /* OscPrintReceivedElements.cpp in Sources */,
				2FD33611407580C3266D3925 /* OscReceivedElements.cpp in Sources */,
				9C38248E00C38F3FE8A3CD48 /* OscTypes.cpp in Sources */,
				7544DCBB03C3B14AB1A6F939 /* ofxWatermark.cpp in Sources */,
			);
			runOnlyForDeploymentPostprocessing = 0;
		};
/* End PBXSourcesBuildPhase section */

/* Begin PBXTargetDependency section */
		E4EEB9AC138B136A00A80321 /* PBXTargetDependency */ = {
			isa = PBXTargetDependency;
			name = openFrameworks;
			targetProxy = E4EEB9AB138B136A00A80321 /* PBXContainerItemProxy */;
		};
/* End PBXTargetDependency section */

/* Begin XCBuildConfiguration section */
		99FA3DBB1C7456C400CFA0EE /* AppStore */ = {
			isa = XCBuildConfiguration;
			baseConfigurationReference = E4EB6923138AFD0F00A09F29 /* Project.xcconfig */;
			buildSettings = {
				CONFIGURATION_BUILD_DIR = "$(SRCROOT)/bin/";
				COPY_PHASE_STRIP = YES;
				DEAD_CODE_STRIPPING = YES;
				GCC_AUTO_VECTORIZATION = YES;
				GCC_ENABLE_SSE3_EXTENSIONS = YES;
				GCC_ENABLE_SUPPLEMENTAL_SSE3_INSTRUCTIONS = YES;
				GCC_INLINES_ARE_PRIVATE_EXTERN = NO;
				GCC_OPTIMIZATION_LEVEL = 3;
				"GCC_PREPROCESSOR_DEFINITIONS[arch=*]" = "DISTRIBUTION=1";
				GCC_SYMBOLS_PRIVATE_EXTERN = NO;
				GCC_UNROLL_LOOPS = YES;
				GCC_WARN_ABOUT_DEPRECATED_FUNCTIONS = YES;
				GCC_WARN_ABOUT_INVALID_OFFSETOF_MACRO = NO;
				GCC_WARN_ALLOW_INCOMPLETE_PROTOCOL = NO;
				GCC_WARN_UNINITIALIZED_AUTOS = NO;
				GCC_WARN_UNUSED_VALUE = NO;
				GCC_WARN_UNUSED_VARIABLE = NO;
				HEADER_SEARCH_PATHS = (
					"$(OF_CORE_HEADERS)",
					src,
					../../of_v0.9.3_osx_release/addons/ofxImGui/libs,
					../../of_v0.9.3_osx_release/addons/ofxImGui/libs/imgui,
					../../of_v0.9.3_osx_release/addons/ofxImGui/libs/imgui/src,
					../../of_v0.9.3_osx_release/addons/ofxImGui/src,
					../../of_v0.9.3_osx_release/addons/ofxJSON/libs,
					../../of_v0.9.3_osx_release/addons/ofxJSON/libs/jsoncpp,
					../../of_v0.9.3_osx_release/addons/ofxJSON/libs/jsoncpp/include,
					../../of_v0.9.3_osx_release/addons/ofxJSON/libs/jsoncpp/include/json,
					../../of_v0.9.3_osx_release/addons/ofxJSON/libs/jsoncpp/src,
					../../of_v0.9.3_osx_release/addons/ofxJSON/src,
					../../of_v0.9.3_osx_release/addons/ofxOsc/libs,
					../../of_v0.9.3_osx_release/addons/ofxOsc/libs/oscpack,
					../../of_v0.9.3_osx_release/addons/ofxOsc/libs/oscpack/src,
					../../of_v0.9.3_osx_release/addons/ofxOsc/libs/oscpack/src/ip,
					../../of_v0.9.3_osx_release/addons/ofxOsc/libs/oscpack/src/ip/posix,
					../../of_v0.9.3_osx_release/addons/ofxOsc/libs/oscpack/src/ip/win32,
					../../of_v0.9.3_osx_release/addons/ofxOsc/libs/oscpack/src/osc,
					../../of_v0.9.3_osx_release/addons/ofxOsc/src,
					../../of_v0.9.3_osx_release/addons/ofxWatermark/src,
				);
				MACOSX_DEPLOYMENT_TARGET = 10.7;
				OTHER_CPLUSPLUSFLAGS = (
					"-D__MACOSX_CORE__",
					"-mtune=native",
				);
				SDKROOT = macosx;
			};
			name = AppStore;
		};
		99FA3DBC1C7456C400CFA0EE /* AppStore */ = {
			isa = XCBuildConfiguration;
			baseConfigurationReference = E4EB6923138AFD0F00A09F29 /* Project.xcconfig */;
			buildSettings = {
				COMBINE_HIDPI_IMAGES = YES;
				COPY_PHASE_STRIP = YES;
				FRAMEWORK_SEARCH_PATHS = (
					"$(inherited)",
					"$(FRAMEWORK_SEARCH_PATHS_QUOTED_FOR_TARGET_1)",
				);
				FRAMEWORK_SEARCH_PATHS_QUOTED_FOR_TARGET_1 = "\"$(SRCROOT)/../../of_v0.9.3_osx_release/libs/glut/lib/osx\"";
				GCC_GENERATE_DEBUGGING_SYMBOLS = YES;
				GCC_MODEL_TUNING = NONE;
				"GCC_PREPROCESSOR_DEFINITIONS[arch=*]" = "APPSTORE=1";
				HEADER_SEARCH_PATHS = (
					"$(OF_CORE_HEADERS)",
					src,
					../../of_v0.9.3_osx_release/addons/ofxImGui/libs,
					../../of_v0.9.3_osx_release/addons/ofxImGui/libs/imgui,
					../../of_v0.9.3_osx_release/addons/ofxImGui/libs/imgui/src,
					../../of_v0.9.3_osx_release/addons/ofxImGui/src,
					../../of_v0.9.3_osx_release/addons/ofxJSON/libs,
					../../of_v0.9.3_osx_release/addons/ofxJSON/libs/jsoncpp,
					../../of_v0.9.3_osx_release/addons/ofxJSON/libs/jsoncpp/include,
					../../of_v0.9.3_osx_release/addons/ofxJSON/libs/jsoncpp/include/json,
					../../of_v0.9.3_osx_release/addons/ofxJSON/libs/jsoncpp/src,
					../../of_v0.9.3_osx_release/addons/ofxJSON/src,
					../../of_v0.9.3_osx_release/addons/ofxOsc/libs,
					../../of_v0.9.3_osx_release/addons/ofxOsc/libs/oscpack,
					../../of_v0.9.3_osx_release/addons/ofxOsc/libs/oscpack/src,
					../../of_v0.9.3_osx_release/addons/ofxOsc/libs/oscpack/src/ip,
					../../of_v0.9.3_osx_release/addons/ofxOsc/libs/oscpack/src/ip/posix,
					../../of_v0.9.3_osx_release/addons/ofxOsc/libs/oscpack/src/ip/win32,
					../../of_v0.9.3_osx_release/addons/ofxOsc/libs/oscpack/src/osc,
					../../of_v0.9.3_osx_release/addons/ofxOsc/src,
					../../of_v0.9.3_osx_release/addons/ofxWatermark/src,
				);
				ICON = "$(ICON_NAME_RELEASE)";
				ICON_FILE = "$(ICON_FILE_PATH)$(ICON)";
				INFOPLIST_FILE = "openFrameworks-Info.plist";
				INSTALL_PATH = /Applications;
				LIBRARY_SEARCH_PATHS = "$(inherited)";
				PRODUCT_BUNDLE_IDENTIFIER = com.mach1.cubeloader;
				PRODUCT_NAME = "$(TARGET_NAME)";
				WRAPPER_EXTENSION = app;
				baseConfigurationReference = E4EB6923138AFD0F00A09F29;
			};
			name = AppStore;
		};
		E4B69B4E0A3A1720003C02F2 /* Debug */ = {
			isa = XCBuildConfiguration;
			baseConfigurationReference = E4EB6923138AFD0F00A09F29 /* Project.xcconfig */;
			buildSettings = {
				CONFIGURATION_BUILD_DIR = "$(SRCROOT)/bin/";
				COPY_PHASE_STRIP = NO;
				DEAD_CODE_STRIPPING = YES;
				GCC_AUTO_VECTORIZATION = YES;
				GCC_ENABLE_SSE3_EXTENSIONS = YES;
				GCC_ENABLE_SUPPLEMENTAL_SSE3_INSTRUCTIONS = YES;
				GCC_INLINES_ARE_PRIVATE_EXTERN = NO;
				GCC_OPTIMIZATION_LEVEL = 0;
				GCC_SYMBOLS_PRIVATE_EXTERN = NO;
				GCC_WARN_ABOUT_DEPRECATED_FUNCTIONS = YES;
				GCC_WARN_ABOUT_INVALID_OFFSETOF_MACRO = NO;
				GCC_WARN_ALLOW_INCOMPLETE_PROTOCOL = NO;
				GCC_WARN_UNINITIALIZED_AUTOS = NO;
				GCC_WARN_UNUSED_VALUE = NO;
				GCC_WARN_UNUSED_VARIABLE = NO;
				HEADER_SEARCH_PATHS = (
					"$(OF_CORE_HEADERS)",
					src,
					../../of_v0.9.3_osx_release/addons/ofxImGui/libs,
					../../of_v0.9.3_osx_release/addons/ofxImGui/libs/imgui,
					../../of_v0.9.3_osx_release/addons/ofxImGui/libs/imgui/src,
					../../of_v0.9.3_osx_release/addons/ofxImGui/src,
					../../of_v0.9.3_osx_release/addons/ofxJSON/libs,
					../../of_v0.9.3_osx_release/addons/ofxJSON/libs/jsoncpp,
					../../of_v0.9.3_osx_release/addons/ofxJSON/libs/jsoncpp/include,
					../../of_v0.9.3_osx_release/addons/ofxJSON/libs/jsoncpp/include/json,
					../../of_v0.9.3_osx_release/addons/ofxJSON/libs/jsoncpp/src,
					../../of_v0.9.3_osx_release/addons/ofxJSON/src,
					../../of_v0.9.3_osx_release/addons/ofxOsc/libs,
					../../of_v0.9.3_osx_release/addons/ofxOsc/libs/oscpack,
					../../of_v0.9.3_osx_release/addons/ofxOsc/libs/oscpack/src,
					../../of_v0.9.3_osx_release/addons/ofxOsc/libs/oscpack/src/ip,
					../../of_v0.9.3_osx_release/addons/ofxOsc/libs/oscpack/src/ip/posix,
					../../of_v0.9.3_osx_release/addons/ofxOsc/libs/oscpack/src/ip/win32,
					../../of_v0.9.3_osx_release/addons/ofxOsc/libs/oscpack/src/osc,
					../../of_v0.9.3_osx_release/addons/ofxOsc/src,
					../../of_v0.9.3_osx_release/addons/ofxWatermark/src,
				);
				MACOSX_DEPLOYMENT_TARGET = 10.7;
				ONLY_ACTIVE_ARCH = YES;
				OTHER_CPLUSPLUSFLAGS = (
					"-D__MACOSX_CORE__",
					"-mtune=native",
				);
				SDKROOT = macosx;
			};
			name = Debug;
		};
		E4B69B4F0A3A1720003C02F2 /* Release */ = {
			isa = XCBuildConfiguration;
			baseConfigurationReference = E4EB6923138AFD0F00A09F29 /* Project.xcconfig */;
			buildSettings = {
				CONFIGURATION_BUILD_DIR = "$(SRCROOT)/bin/";
				COPY_PHASE_STRIP = YES;
				DEAD_CODE_STRIPPING = YES;
				GCC_AUTO_VECTORIZATION = YES;
				GCC_ENABLE_SSE3_EXTENSIONS = YES;
				GCC_ENABLE_SUPPLEMENTAL_SSE3_INSTRUCTIONS = YES;
				GCC_INLINES_ARE_PRIVATE_EXTERN = NO;
				GCC_OPTIMIZATION_LEVEL = 3;
				GCC_SYMBOLS_PRIVATE_EXTERN = NO;
				GCC_UNROLL_LOOPS = YES;
				GCC_WARN_ABOUT_DEPRECATED_FUNCTIONS = YES;
				GCC_WARN_ABOUT_INVALID_OFFSETOF_MACRO = NO;
				GCC_WARN_ALLOW_INCOMPLETE_PROTOCOL = NO;
				GCC_WARN_UNINITIALIZED_AUTOS = NO;
				GCC_WARN_UNUSED_VALUE = NO;
				GCC_WARN_UNUSED_VARIABLE = NO;
				HEADER_SEARCH_PATHS = (
					"$(OF_CORE_HEADERS)",
					src,
					../../of_v0.9.3_osx_release/addons/ofxImGui/libs,
					../../of_v0.9.3_osx_release/addons/ofxImGui/libs/imgui,
					../../of_v0.9.3_osx_release/addons/ofxImGui/libs/imgui/src,
					../../of_v0.9.3_osx_release/addons/ofxImGui/src,
					../../of_v0.9.3_osx_release/addons/ofxJSON/libs,
					../../of_v0.9.3_osx_release/addons/ofxJSON/libs/jsoncpp,
					../../of_v0.9.3_osx_release/addons/ofxJSON/libs/jsoncpp/include,
					../../of_v0.9.3_osx_release/addons/ofxJSON/libs/jsoncpp/include/json,
					../../of_v0.9.3_osx_release/addons/ofxJSON/libs/jsoncpp/src,
					../../of_v0.9.3_osx_release/addons/ofxJSON/src,
					../../of_v0.9.3_osx_release/addons/ofxOsc/libs,
					../../of_v0.9.3_osx_release/addons/ofxOsc/libs/oscpack,
					../../of_v0.9.3_osx_release/addons/ofxOsc/libs/oscpack/src,
					../../of_v0.9.3_osx_release/addons/ofxOsc/libs/oscpack/src/ip,
					../../of_v0.9.3_osx_release/addons/ofxOsc/libs/oscpack/src/ip/posix,
					../../of_v0.9.3_osx_release/addons/ofxOsc/libs/oscpack/src/ip/win32,
					../../of_v0.9.3_osx_release/addons/ofxOsc/libs/oscpack/src/osc,
					../../of_v0.9.3_osx_release/addons/ofxOsc/src,
					../../of_v0.9.3_osx_release/addons/ofxWatermark/src,
				);
				MACOSX_DEPLOYMENT_TARGET = 10.7;
				OTHER_CPLUSPLUSFLAGS = (
					"-D__MACOSX_CORE__",
					"-mtune=native",
				);
				SDKROOT = macosx;
			};
			name = Release;
		};
		E4B69B600A3A1757003C02F2 /* Debug */ = {
			isa = XCBuildConfiguration;
			baseConfigurationReference = E4EB6923138AFD0F00A09F29 /* Project.xcconfig */;
			buildSettings = {
				COMBINE_HIDPI_IMAGES = YES;
				COPY_PHASE_STRIP = NO;
				FRAMEWORK_SEARCH_PATHS = (
					"$(inherited)",
					"$(FRAMEWORK_SEARCH_PATHS_QUOTED_FOR_TARGET_1)",
				);
				FRAMEWORK_SEARCH_PATHS_QUOTED_FOR_TARGET_1 = "\"$(SRCROOT)/../../of_v0.9.3_osx_release/libs/glut/lib/osx\"";
				GCC_DYNAMIC_NO_PIC = NO;
				GCC_GENERATE_DEBUGGING_SYMBOLS = YES;
				GCC_MODEL_TUNING = NONE;
				HEADER_SEARCH_PATHS = (
					"$(OF_CORE_HEADERS)",
					src,
					../../of_v0.9.3_osx_release/addons/ofxImGui/libs,
					../../of_v0.9.3_osx_release/addons/ofxImGui/libs/imgui,
					../../of_v0.9.3_osx_release/addons/ofxImGui/libs/imgui/src,
					../../of_v0.9.3_osx_release/addons/ofxImGui/src,
					../../of_v0.9.3_osx_release/addons/ofxJSON/libs,
					../../of_v0.9.3_osx_release/addons/ofxJSON/libs/jsoncpp,
					../../of_v0.9.3_osx_release/addons/ofxJSON/libs/jsoncpp/include,
					../../of_v0.9.3_osx_release/addons/ofxJSON/libs/jsoncpp/include/json,
					../../of_v0.9.3_osx_release/addons/ofxJSON/libs/jsoncpp/src,
					../../of_v0.9.3_osx_release/addons/ofxJSON/src,
					../../of_v0.9.3_osx_release/addons/ofxOsc/libs,
					../../of_v0.9.3_osx_release/addons/ofxOsc/libs/oscpack,
					../../of_v0.9.3_osx_release/addons/ofxOsc/libs/oscpack/src,
					../../of_v0.9.3_osx_release/addons/ofxOsc/libs/oscpack/src/ip,
					../../of_v0.9.3_osx_release/addons/ofxOsc/libs/oscpack/src/ip/posix,
					../../of_v0.9.3_osx_release/addons/ofxOsc/libs/oscpack/src/ip/win32,
					../../of_v0.9.3_osx_release/addons/ofxOsc/libs/oscpack/src/osc,
					../../of_v0.9.3_osx_release/addons/ofxOsc/src,
					../../of_v0.9.3_osx_release/addons/ofxWatermark/src,
				);
				ICON = "$(ICON_NAME_DEBUG)";
				ICON_FILE = "$(ICON_FILE_PATH)$(ICON)";
				INFOPLIST_FILE = "openFrameworks-Info.plist";
				INSTALL_PATH = /Applications;
				LIBRARY_SEARCH_PATHS = "$(inherited)";
				PRODUCT_BUNDLE_IDENTIFIER = com.mach1.cubeloader;
				PRODUCT_NAME = "$(TARGET_NAME)Debug";
				WRAPPER_EXTENSION = app;
			};
			name = Debug;
		};
		E4B69B610A3A1757003C02F2 /* Release */ = {
			isa = XCBuildConfiguration;
			baseConfigurationReference = E4EB6923138AFD0F00A09F29 /* Project.xcconfig */;
			buildSettings = {
				COMBINE_HIDPI_IMAGES = YES;
				COPY_PHASE_STRIP = YES;
				FRAMEWORK_SEARCH_PATHS = (
					"$(inherited)",
					"$(FRAMEWORK_SEARCH_PATHS_QUOTED_FOR_TARGET_1)",
				);
				FRAMEWORK_SEARCH_PATHS_QUOTED_FOR_TARGET_1 = "\"$(SRCROOT)/../../of_v0.9.3_osx_release/libs/glut/lib/osx\"";
				GCC_GENERATE_DEBUGGING_SYMBOLS = YES;
				GCC_MODEL_TUNING = NONE;
				HEADER_SEARCH_PATHS = (
					"$(OF_CORE_HEADERS)",
					src,
					../../of_v0.9.3_osx_release/addons/ofxImGui/libs,
					../../of_v0.9.3_osx_release/addons/ofxImGui/libs/imgui,
					../../of_v0.9.3_osx_release/addons/ofxImGui/libs/imgui/src,
					../../of_v0.9.3_osx_release/addons/ofxImGui/src,
					../../of_v0.9.3_osx_release/addons/ofxJSON/libs,
					../../of_v0.9.3_osx_release/addons/ofxJSON/libs/jsoncpp,
					../../of_v0.9.3_osx_release/addons/ofxJSON/libs/jsoncpp/include,
					../../of_v0.9.3_osx_release/addons/ofxJSON/libs/jsoncpp/include/json,
					../../of_v0.9.3_osx_release/addons/ofxJSON/libs/jsoncpp/src,
					../../of_v0.9.3_osx_release/addons/ofxJSON/src,
					../../of_v0.9.3_osx_release/addons/ofxOsc/libs,
					../../of_v0.9.3_osx_release/addons/ofxOsc/libs/oscpack,
					../../of_v0.9.3_osx_release/addons/ofxOsc/libs/oscpack/src,
					../../of_v0.9.3_osx_release/addons/ofxOsc/libs/oscpack/src/ip,
					../../of_v0.9.3_osx_release/addons/ofxOsc/libs/oscpack/src/ip/posix,
					../../of_v0.9.3_osx_release/addons/ofxOsc/libs/oscpack/src/ip/win32,
					../../of_v0.9.3_osx_release/addons/ofxOsc/libs/oscpack/src/osc,
					../../of_v0.9.3_osx_release/addons/ofxOsc/src,
					../../of_v0.9.3_osx_release/addons/ofxWatermark/src,
				);
				ICON = "$(ICON_NAME_RELEASE)";
				ICON_FILE = "$(ICON_FILE_PATH)$(ICON)";
				INFOPLIST_FILE = "openFrameworks-Info.plist";
				INSTALL_PATH = /Applications;
				LIBRARY_SEARCH_PATHS = "$(inherited)";
				PRODUCT_BUNDLE_IDENTIFIER = com.mach1.cubeloader;
				PRODUCT_NAME = "$(TARGET_NAME)";
				WRAPPER_EXTENSION = app;
				baseConfigurationReference = E4EB6923138AFD0F00A09F29;
			};
			name = Release;
		};
/* End XCBuildConfiguration section */

/* Begin XCConfigurationList section */
		E4B69B4D0A3A1720003C02F2 /* Build configuration list for PBXProject "Mach1-CubeDemo" */ = {
			isa = XCConfigurationList;
			buildConfigurations = (
				E4B69B4E0A3A1720003C02F2 /* Debug */,
				E4B69B4F0A3A1720003C02F2 /* Release */,
				99FA3DBB1C7456C400CFA0EE /* AppStore */,
			);
			defaultConfigurationIsVisible = 0;
			defaultConfigurationName = Release;
		};
		E4B69B5F0A3A1757003C02F2 /* Build configuration list for PBXNativeTarget "Mach1-CubeDemo" */ = {
			isa = XCConfigurationList;
			buildConfigurations = (
				E4B69B600A3A1757003C02F2 /* Debug */,
				E4B69B610A3A1757003C02F2 /* Release */,
				99FA3DBC1C7456C400CFA0EE /* AppStore */,
			);
			defaultConfigurationIsVisible = 0;
			defaultConfigurationName = Release;
		};
/* End XCConfigurationList section */
	};
	rootObject = E4B69B4C0A3A1720003C02F2 /* Project object */;
}
