// !$*UTF8*$!
{
	archiveVersion = 1;
	classes = {
	};
	objectVersion = 50;
	objects = {

/* Begin PBXBuildFile section */
		1567AC0522692181004A1765 /* Mach1Encode.swift in Sources */ = {isa = PBXBuildFile; fileRef = 1567ABFF22692181004A1765 /* Mach1Encode.swift */; };
		1567AC0622692181004A1765 /* Mach1DecodePositional.swift in Sources */ = {isa = PBXBuildFile; fileRef = 1567AC0322692181004A1765 /* Mach1DecodePositional.swift */; };
		1567AC0722692181004A1765 /* Mach1Decode.swift in Sources */ = {isa = PBXBuildFile; fileRef = 1567AC0422692181004A1765 /* Mach1Decode.swift */; };
		1567AC0A226921FE004A1765 /* SCNVector3Extensions.swift in Sources */ = {isa = PBXBuildFile; fileRef = 1567AC08226921FE004A1765 /* SCNVector3Extensions.swift */; };
		1567AC0B226921FE004A1765 /* SCNQuaternionExtension.swift in Sources */ = {isa = PBXBuildFile; fileRef = 1567AC09226921FE004A1765 /* SCNQuaternionExtension.swift */; };
		1567AC0D22692206004A1765 /* GLKQuaternionExtension.swift in Sources */ = {isa = PBXBuildFile; fileRef = 1567AC0C22692206004A1765 /* GLKQuaternionExtension.swift */; };
		1567AC0F2269220C004A1765 /* CMDeviceMotion.swift in Sources */ = {isa = PBXBuildFile; fileRef = 1567AC0E2269220C004A1765 /* CMDeviceMotion.swift */; };
		1567AC192269336B004A1765 /* libMach1DecodeCAPI.a in Frameworks */ = {isa = PBXBuildFile; fileRef = 1567AC162269336B004A1765 /* libMach1DecodeCAPI.a */; };
		1567AC1A2269336B004A1765 /* libMach1EncodeCAPI.a in Frameworks */ = {isa = PBXBuildFile; fileRef = 1567AC172269336B004A1765 /* libMach1EncodeCAPI.a */; };
		1567AC1B2269336B004A1765 /* libMach1DecodePositionalCAPI.a in Frameworks */ = {isa = PBXBuildFile; fileRef = 1567AC182269336B004A1765 /* libMach1DecodePositionalCAPI.a */; };
		CE71A073226762E10089B454 /* background.png in Resources */ = {isa = PBXBuildFile; fileRef = CE71A072226762E10089B454 /* background.png */; };
		CE9C34CD22690AD400F470D7 /* Nature_Mono11.wav in Resources */ = {isa = PBXBuildFile; fileRef = CE9C34B422690AD300F470D7 /* Nature_Mono11.wav */; };
		CE9C34CE22690AD400F470D7 /* Nature_Mono12.wav in Resources */ = {isa = PBXBuildFile; fileRef = CE9C34B522690AD300F470D7 /* Nature_Mono12.wav */; };
		CE9C34CF22690AD400F470D7 /* Nature_Mono4.wav in Resources */ = {isa = PBXBuildFile; fileRef = CE9C34B622690AD300F470D7 /* Nature_Mono4.wav */; };
		CE9C34D022690AD400F470D7 /* Nature_Mono5.wav in Resources */ = {isa = PBXBuildFile; fileRef = CE9C34B722690AD300F470D7 /* Nature_Mono5.wav */; };
		CE9C34D122690AD400F470D7 /* Nature_Mono9.wav in Resources */ = {isa = PBXBuildFile; fileRef = CE9C34B822690AD300F470D7 /* Nature_Mono9.wav */; };
		CE9C34D222690AD400F470D7 /* Nature_Stereo1.wav in Resources */ = {isa = PBXBuildFile; fileRef = CE9C34B922690AD300F470D7 /* Nature_Stereo1.wav */; };
		CE9C34D322690AD400F470D7 /* Nature_Stereo10.wav in Resources */ = {isa = PBXBuildFile; fileRef = CE9C34BA22690AD300F470D7 /* Nature_Stereo10.wav */; };
		CE9C34D422690AD400F470D7 /* Nature_Stereo2.wav in Resources */ = {isa = PBXBuildFile; fileRef = CE9C34BB22690AD300F470D7 /* Nature_Stereo2.wav */; };
		CE9C34D522690AD400F470D7 /* Nature_Stereo3.wav in Resources */ = {isa = PBXBuildFile; fileRef = CE9C34BC22690AD300F470D7 /* Nature_Stereo3.wav */; };
		CE9C34D622690AD400F470D7 /* Nature_Stereo6.wav in Resources */ = {isa = PBXBuildFile; fileRef = CE9C34BD22690AD300F470D7 /* Nature_Stereo6.wav */; };
		CE9C34D722690AD400F470D7 /* Nature_Stereo7.wav in Resources */ = {isa = PBXBuildFile; fileRef = CE9C34BE22690AD300F470D7 /* Nature_Stereo7.wav */; };
		CE9C34D822690AD400F470D7 /* Nature_Stereo8.wav in Resources */ = {isa = PBXBuildFile; fileRef = CE9C34BF22690AD300F470D7 /* Nature_Stereo8.wav */; };
		CE9C34D922690AD400F470D7 /* SciFi_Mono10.wav in Resources */ = {isa = PBXBuildFile; fileRef = CE9C34C122690AD400F470D7 /* SciFi_Mono10.wav */; };
		CE9C34DA22690AD400F470D7 /* SciFi_Mono2.wav in Resources */ = {isa = PBXBuildFile; fileRef = CE9C34C222690AD400F470D7 /* SciFi_Mono2.wav */; };
		CE9C34DB22690AD400F470D7 /* SciFi_Mono6.wav in Resources */ = {isa = PBXBuildFile; fileRef = CE9C34C322690AD400F470D7 /* SciFi_Mono6.wav */; };
		CE9C34DC22690AD400F470D7 /* SciFi_Mono7.wav in Resources */ = {isa = PBXBuildFile; fileRef = CE9C34C422690AD400F470D7 /* SciFi_Mono7.wav */; };
		CE9C34DD22690AD400F470D7 /* SciFi_Mono9.wav in Resources */ = {isa = PBXBuildFile; fileRef = CE9C34C522690AD400F470D7 /* SciFi_Mono9.wav */; };
		CE9C34DE22690AD400F470D7 /* SciFi_Stereo1.wav in Resources */ = {isa = PBXBuildFile; fileRef = CE9C34C622690AD400F470D7 /* SciFi_Stereo1.wav */; };
		CE9C34DF22690AD400F470D7 /* SciFi_Stereo11.wav in Resources */ = {isa = PBXBuildFile; fileRef = CE9C34C722690AD400F470D7 /* SciFi_Stereo11.wav */; };
		CE9C34E022690AD400F470D7 /* SciFi_Stereo12.wav in Resources */ = {isa = PBXBuildFile; fileRef = CE9C34C822690AD400F470D7 /* SciFi_Stereo12.wav */; };
		CE9C34E122690AD400F470D7 /* SciFi_Stereo3.wav in Resources */ = {isa = PBXBuildFile; fileRef = CE9C34C922690AD400F470D7 /* SciFi_Stereo3.wav */; };
		CE9C34E222690AD400F470D7 /* SciFi_Stereo4.wav in Resources */ = {isa = PBXBuildFile; fileRef = CE9C34CA22690AD400F470D7 /* SciFi_Stereo4.wav */; };
		CE9C34E322690AD400F470D7 /* SciFi_Stereo5.wav in Resources */ = {isa = PBXBuildFile; fileRef = CE9C34CB22690AD400F470D7 /* SciFi_Stereo5.wav */; };
		CE9C34E422690AD400F470D7 /* SciFi_Stereo8.wav in Resources */ = {isa = PBXBuildFile; fileRef = CE9C34CC22690AD400F470D7 /* SciFi_Stereo8.wav */; };
		CE9C34E6226944B300F470D7 /* Encoder.swift in Sources */ = {isa = PBXBuildFile; fileRef = CE9C34E5226944B300F470D7 /* Encoder.swift */; };
		CEB4AE2A2266469B00D014AF /* AppDelegate.swift in Sources */ = {isa = PBXBuildFile; fileRef = CEB4AE292266469B00D014AF /* AppDelegate.swift */; };
		CEB4AE2C2266469B00D014AF /* ViewController.swift in Sources */ = {isa = PBXBuildFile; fileRef = CEB4AE2B2266469B00D014AF /* ViewController.swift */; };
		CEB4AE2F2266469B00D014AF /* Main.storyboard in Resources */ = {isa = PBXBuildFile; fileRef = CEB4AE2D2266469B00D014AF /* Main.storyboard */; };
		CEB4AE312266469B00D014AF /* Assets.xcassets in Resources */ = {isa = PBXBuildFile; fileRef = CEB4AE302266469B00D014AF /* Assets.xcassets */; };
		CEB4AE342266469B00D014AF /* LaunchScreen.storyboard in Resources */ = {isa = PBXBuildFile; fileRef = CEB4AE322266469B00D014AF /* LaunchScreen.storyboard */; };
		CEB4AE3C226647FB00D014AF /* SoundMapView.swift in Sources */ = {isa = PBXBuildFile; fileRef = CEB4AE3B226647FB00D014AF /* SoundMapView.swift */; };
		CEB4AE4F22666E0100D014AF /* libc++.tbd in Frameworks */ = {isa = PBXBuildFile; fileRef = CEB4AE4E22666E0100D014AF /* libc++.tbd */; };
/* End PBXBuildFile section */

/* Begin PBXFileReference section */
		1567ABFC22692180004A1765 /* Mach1Point3D.h */ = {isa = PBXFileReference; fileEncoding = 4; lastKnownFileType = sourcecode.c.h; name = Mach1Point3D.h; path = ../../../../../lib/external/swift/Mach1Point3D.h; sourceTree = "<group>"; };
		1567ABFD22692180004A1765 /* Mach1DecodePositionalCAPI.h */ = {isa = PBXFileReference; fileEncoding = 4; lastKnownFileType = sourcecode.c.h; name = Mach1DecodePositionalCAPI.h; path = ../../../../../lib/external/swift/Mach1DecodePositionalCAPI.h; sourceTree = "<group>"; };
		1567ABFE22692181004A1765 /* Mach1EncodeCAPI.h */ = {isa = PBXFileReference; fileEncoding = 4; lastKnownFileType = sourcecode.c.h; name = Mach1EncodeCAPI.h; path = ../../../../../lib/external/swift/Mach1EncodeCAPI.h; sourceTree = "<group>"; };
		1567ABFF22692181004A1765 /* Mach1Encode.swift */ = {isa = PBXFileReference; fileEncoding = 4; lastKnownFileType = sourcecode.swift; name = Mach1Encode.swift; path = ../../../../../lib/external/swift/Mach1Encode.swift; sourceTree = "<group>"; };
		1567AC0022692181004A1765 /* Mach1Point4D.h */ = {isa = PBXFileReference; fileEncoding = 4; lastKnownFileType = sourcecode.c.h; name = Mach1Point4D.h; path = ../../../../../lib/external/swift/Mach1Point4D.h; sourceTree = "<group>"; };
		1567AC0122692181004A1765 /* Mach1DecodeCAPI.h */ = {isa = PBXFileReference; fileEncoding = 4; lastKnownFileType = sourcecode.c.h; name = Mach1DecodeCAPI.h; path = ../../../../../lib/external/swift/Mach1DecodeCAPI.h; sourceTree = "<group>"; };
		1567AC0222692181004A1765 /* Mach1Decode-Bridging-Header.h */ = {isa = PBXFileReference; fileEncoding = 4; lastKnownFileType = sourcecode.c.h; name = "Mach1Decode-Bridging-Header.h"; path = "../../../../../lib/external/swift/Mach1Decode-Bridging-Header.h"; sourceTree = "<group>"; };
		1567AC0322692181004A1765 /* Mach1DecodePositional.swift */ = {isa = PBXFileReference; fileEncoding = 4; lastKnownFileType = sourcecode.swift; name = Mach1DecodePositional.swift; path = ../../../../../lib/external/swift/Mach1DecodePositional.swift; sourceTree = "<group>"; };
		1567AC0422692181004A1765 /* Mach1Decode.swift */ = {isa = PBXFileReference; fileEncoding = 4; lastKnownFileType = sourcecode.swift; name = Mach1Decode.swift; path = ../../../../../lib/external/swift/Mach1Decode.swift; sourceTree = "<group>"; };
		1567AC08226921FE004A1765 /* SCNVector3Extensions.swift */ = {isa = PBXFileReference; fileEncoding = 4; lastKnownFileType = sourcecode.swift; path = SCNVector3Extensions.swift; sourceTree = "<group>"; };
		1567AC09226921FE004A1765 /* SCNQuaternionExtension.swift */ = {isa = PBXFileReference; fileEncoding = 4; lastKnownFileType = sourcecode.swift; path = SCNQuaternionExtension.swift; sourceTree = "<group>"; };
		1567AC0C22692206004A1765 /* GLKQuaternionExtension.swift */ = {isa = PBXFileReference; fileEncoding = 4; lastKnownFileType = sourcecode.swift; path = GLKQuaternionExtension.swift; sourceTree = "<group>"; };
		1567AC0E2269220C004A1765 /* CMDeviceMotion.swift */ = {isa = PBXFileReference; fileEncoding = 4; lastKnownFileType = sourcecode.swift; path = CMDeviceMotion.swift; sourceTree = "<group>"; };
		1567AC162269336B004A1765 /* libMach1DecodeCAPI.a */ = {isa = PBXFileReference; lastKnownFileType = archive.ar; name = libMach1DecodeCAPI.a; path = ../../../../../binaries/ios/lib/libMach1DecodeCAPI.a; sourceTree = "<group>"; };
		1567AC172269336B004A1765 /* libMach1EncodeCAPI.a */ = {isa = PBXFileReference; lastKnownFileType = archive.ar; name = libMach1EncodeCAPI.a; path = ../../../../../binaries/ios/lib/libMach1EncodeCAPI.a; sourceTree = "<group>"; };
		1567AC182269336B004A1765 /* libMach1DecodePositionalCAPI.a */ = {isa = PBXFileReference; lastKnownFileType = archive.ar; name = libMach1DecodePositionalCAPI.a; path = ../../../../../binaries/ios/lib/libMach1DecodePositionalCAPI.a; sourceTree = "<group>"; };
		CE71A072226762E10089B454 /* background.png */ = {isa = PBXFileReference; lastKnownFileType = image.png; path = background.png; sourceTree = "<group>"; };
		CE9C34B422690AD300F470D7 /* Nature_Mono11.wav */ = {isa = PBXFileReference; lastKnownFileType = audio.wav; path = Nature_Mono11.wav; sourceTree = "<group>"; };
		CE9C34B522690AD300F470D7 /* Nature_Mono12.wav */ = {isa = PBXFileReference; lastKnownFileType = audio.wav; path = Nature_Mono12.wav; sourceTree = "<group>"; };
		CE9C34B622690AD300F470D7 /* Nature_Mono4.wav */ = {isa = PBXFileReference; lastKnownFileType = audio.wav; path = Nature_Mono4.wav; sourceTree = "<group>"; };
		CE9C34B722690AD300F470D7 /* Nature_Mono5.wav */ = {isa = PBXFileReference; lastKnownFileType = audio.wav; path = Nature_Mono5.wav; sourceTree = "<group>"; };
		CE9C34B822690AD300F470D7 /* Nature_Mono9.wav */ = {isa = PBXFileReference; lastKnownFileType = audio.wav; path = Nature_Mono9.wav; sourceTree = "<group>"; };
		CE9C34B922690AD300F470D7 /* Nature_Stereo1.wav */ = {isa = PBXFileReference; lastKnownFileType = audio.wav; path = Nature_Stereo1.wav; sourceTree = "<group>"; };
		CE9C34BA22690AD300F470D7 /* Nature_Stereo10.wav */ = {isa = PBXFileReference; lastKnownFileType = audio.wav; path = Nature_Stereo10.wav; sourceTree = "<group>"; };
		CE9C34BB22690AD300F470D7 /* Nature_Stereo2.wav */ = {isa = PBXFileReference; lastKnownFileType = audio.wav; path = Nature_Stereo2.wav; sourceTree = "<group>"; };
		CE9C34BC22690AD300F470D7 /* Nature_Stereo3.wav */ = {isa = PBXFileReference; lastKnownFileType = audio.wav; path = Nature_Stereo3.wav; sourceTree = "<group>"; };
		CE9C34BD22690AD300F470D7 /* Nature_Stereo6.wav */ = {isa = PBXFileReference; lastKnownFileType = audio.wav; path = Nature_Stereo6.wav; sourceTree = "<group>"; };
		CE9C34BE22690AD300F470D7 /* Nature_Stereo7.wav */ = {isa = PBXFileReference; lastKnownFileType = audio.wav; path = Nature_Stereo7.wav; sourceTree = "<group>"; };
		CE9C34BF22690AD300F470D7 /* Nature_Stereo8.wav */ = {isa = PBXFileReference; lastKnownFileType = audio.wav; path = Nature_Stereo8.wav; sourceTree = "<group>"; };
		CE9C34C122690AD400F470D7 /* SciFi_Mono10.wav */ = {isa = PBXFileReference; lastKnownFileType = audio.wav; path = SciFi_Mono10.wav; sourceTree = "<group>"; };
		CE9C34C222690AD400F470D7 /* SciFi_Mono2.wav */ = {isa = PBXFileReference; lastKnownFileType = audio.wav; path = SciFi_Mono2.wav; sourceTree = "<group>"; };
		CE9C34C322690AD400F470D7 /* SciFi_Mono6.wav */ = {isa = PBXFileReference; lastKnownFileType = audio.wav; path = SciFi_Mono6.wav; sourceTree = "<group>"; };
		CE9C34C422690AD400F470D7 /* SciFi_Mono7.wav */ = {isa = PBXFileReference; lastKnownFileType = audio.wav; path = SciFi_Mono7.wav; sourceTree = "<group>"; };
		CE9C34C522690AD400F470D7 /* SciFi_Mono9.wav */ = {isa = PBXFileReference; lastKnownFileType = audio.wav; path = SciFi_Mono9.wav; sourceTree = "<group>"; };
		CE9C34C622690AD400F470D7 /* SciFi_Stereo1.wav */ = {isa = PBXFileReference; lastKnownFileType = audio.wav; path = SciFi_Stereo1.wav; sourceTree = "<group>"; };
		CE9C34C722690AD400F470D7 /* SciFi_Stereo11.wav */ = {isa = PBXFileReference; lastKnownFileType = audio.wav; path = SciFi_Stereo11.wav; sourceTree = "<group>"; };
		CE9C34C822690AD400F470D7 /* SciFi_Stereo12.wav */ = {isa = PBXFileReference; lastKnownFileType = audio.wav; path = SciFi_Stereo12.wav; sourceTree = "<group>"; };
		CE9C34C922690AD400F470D7 /* SciFi_Stereo3.wav */ = {isa = PBXFileReference; lastKnownFileType = audio.wav; path = SciFi_Stereo3.wav; sourceTree = "<group>"; };
		CE9C34CA22690AD400F470D7 /* SciFi_Stereo4.wav */ = {isa = PBXFileReference; lastKnownFileType = audio.wav; path = SciFi_Stereo4.wav; sourceTree = "<group>"; };
		CE9C34CB22690AD400F470D7 /* SciFi_Stereo5.wav */ = {isa = PBXFileReference; lastKnownFileType = audio.wav; path = SciFi_Stereo5.wav; sourceTree = "<group>"; };
		CE9C34CC22690AD400F470D7 /* SciFi_Stereo8.wav */ = {isa = PBXFileReference; lastKnownFileType = audio.wav; path = SciFi_Stereo8.wav; sourceTree = "<group>"; };
		CE9C34E5226944B300F470D7 /* Encoder.swift */ = {isa = PBXFileReference; fileEncoding = 4; lastKnownFileType = sourcecode.swift; path = Encoder.swift; sourceTree = "<group>"; };
		CEB4AE262266469B00D014AF /* mach1-ios-encodeDecode-example.app */ = {isa = PBXFileReference; explicitFileType = wrapper.application; includeInIndex = 0; path = "mach1-ios-encodeDecode-example.app"; sourceTree = BUILT_PRODUCTS_DIR; };
		CEB4AE292266469B00D014AF /* AppDelegate.swift */ = {isa = PBXFileReference; lastKnownFileType = sourcecode.swift; path = AppDelegate.swift; sourceTree = "<group>"; };
		CEB4AE2B2266469B00D014AF /* ViewController.swift */ = {isa = PBXFileReference; lastKnownFileType = sourcecode.swift; path = ViewController.swift; sourceTree = "<group>"; };
		CEB4AE2E2266469B00D014AF /* Base */ = {isa = PBXFileReference; lastKnownFileType = file.storyboard; name = Base; path = Base.lproj/Main.storyboard; sourceTree = "<group>"; };
		CEB4AE302266469B00D014AF /* Assets.xcassets */ = {isa = PBXFileReference; lastKnownFileType = folder.assetcatalog; path = Assets.xcassets; sourceTree = "<group>"; };
		CEB4AE332266469B00D014AF /* Base */ = {isa = PBXFileReference; lastKnownFileType = file.storyboard; name = Base; path = Base.lproj/LaunchScreen.storyboard; sourceTree = "<group>"; };
		CEB4AE352266469B00D014AF /* Info.plist */ = {isa = PBXFileReference; lastKnownFileType = text.plist.xml; path = Info.plist; sourceTree = "<group>"; };
		CEB4AE3B226647FB00D014AF /* SoundMapView.swift */ = {isa = PBXFileReference; lastKnownFileType = sourcecode.swift; path = SoundMapView.swift; sourceTree = "<group>"; };
		CEB4AE4E22666E0100D014AF /* libc++.tbd */ = {isa = PBXFileReference; fileEncoding = 4; lastKnownFileType = "sourcecode.text-based-dylib-definition"; name = "libc++.tbd"; path = "Platforms/iPhoneOS.platform/Developer/SDKs/iPhoneOS.sdk/usr/lib/libc++.tbd"; sourceTree = DEVELOPER_DIR; };
/* End PBXFileReference section */

/* Begin PBXFrameworksBuildPhase section */
		CEB4AE232266469B00D014AF /* Frameworks */ = {
			isa = PBXFrameworksBuildPhase;
			buildActionMask = 2147483647;
			files = (
				CEB4AE4F22666E0100D014AF /* libc++.tbd in Frameworks */,
				1567AC1B2269336B004A1765 /* libMach1DecodePositionalCAPI.a in Frameworks */,
				1567AC1A2269336B004A1765 /* libMach1EncodeCAPI.a in Frameworks */,
				1567AC192269336B004A1765 /* libMach1DecodeCAPI.a in Frameworks */,
			);
			runOnlyForDeploymentPostprocessing = 0;
		};
/* End PBXFrameworksBuildPhase section */

/* Begin PBXGroup section */
		CE9C34B222690AB100F470D7 /* Audio */ = {
			isa = PBXGroup;
			children = (
				CE9C34B322690AD300F470D7 /* Nature */,
				CE9C34C022690AD400F470D7 /* SciFi */,
			);
			path = Audio;
			sourceTree = "<group>";
		};
		CE9C34B322690AD300F470D7 /* Nature */ = {
			isa = PBXGroup;
			children = (
				CE9C34B422690AD300F470D7 /* Nature_Mono11.wav */,
				CE9C34B522690AD300F470D7 /* Nature_Mono12.wav */,
				CE9C34B622690AD300F470D7 /* Nature_Mono4.wav */,
				CE9C34B722690AD300F470D7 /* Nature_Mono5.wav */,
				CE9C34B822690AD300F470D7 /* Nature_Mono9.wav */,
				CE9C34B922690AD300F470D7 /* Nature_Stereo1.wav */,
				CE9C34BA22690AD300F470D7 /* Nature_Stereo10.wav */,
				CE9C34BB22690AD300F470D7 /* Nature_Stereo2.wav */,
				CE9C34BC22690AD300F470D7 /* Nature_Stereo3.wav */,
				CE9C34BD22690AD300F470D7 /* Nature_Stereo6.wav */,
				CE9C34BE22690AD300F470D7 /* Nature_Stereo7.wav */,
				CE9C34BF22690AD300F470D7 /* Nature_Stereo8.wav */,
			);
			path = Nature;
			sourceTree = "<group>";
		};
		CE9C34C022690AD400F470D7 /* SciFi */ = {
			isa = PBXGroup;
			children = (
				CE9C34C122690AD400F470D7 /* SciFi_Mono10.wav */,
				CE9C34C222690AD400F470D7 /* SciFi_Mono2.wav */,
				CE9C34C322690AD400F470D7 /* SciFi_Mono6.wav */,
				CE9C34C422690AD400F470D7 /* SciFi_Mono7.wav */,
				CE9C34C522690AD400F470D7 /* SciFi_Mono9.wav */,
				CE9C34C622690AD400F470D7 /* SciFi_Stereo1.wav */,
				CE9C34C722690AD400F470D7 /* SciFi_Stereo11.wav */,
				CE9C34C822690AD400F470D7 /* SciFi_Stereo12.wav */,
				CE9C34C922690AD400F470D7 /* SciFi_Stereo3.wav */,
				CE9C34CA22690AD400F470D7 /* SciFi_Stereo4.wav */,
				CE9C34CB22690AD400F470D7 /* SciFi_Stereo5.wav */,
				CE9C34CC22690AD400F470D7 /* SciFi_Stereo8.wav */,
			);
			path = SciFi;
			sourceTree = "<group>";
		};
		CEB4AE1D2266469B00D014AF = {
			isa = PBXGroup;
			children = (
				CE9C34B222690AB100F470D7 /* Audio */,
				CEB4AE282266469B00D014AF /* mach1-ios-encodeDecode-example */,
				CEB4AE272266469B00D014AF /* Products */,
				CEB4AE4A22666DE900D014AF /* Frameworks */,
			);
			sourceTree = "<group>";
		};
		CEB4AE272266469B00D014AF /* Products */ = {
			isa = PBXGroup;
			children = (
				CEB4AE262266469B00D014AF /* mach1-ios-encodeDecode-example.app */,
			);
			name = Products;
			sourceTree = "<group>";
		};
		CEB4AE282266469B00D014AF /* mach1-ios-encodeDecode-example */ = {
			isa = PBXGroup;
			children = (
				1567AC0222692181004A1765 /* Mach1Decode-Bridging-Header.h */,
				1567AC0422692181004A1765 /* Mach1Decode.swift */,
				1567AC0122692181004A1765 /* Mach1DecodeCAPI.h */,
				1567AC0322692181004A1765 /* Mach1DecodePositional.swift */,
				1567ABFF22692181004A1765 /* Mach1Encode.swift */,
				1567ABFD22692180004A1765 /* Mach1DecodePositionalCAPI.h */,
				1567ABFE22692181004A1765 /* Mach1EncodeCAPI.h */,
				1567ABFC22692180004A1765 /* Mach1Point3D.h */,
				1567AC0022692181004A1765 /* Mach1Point4D.h */,
				CEB4AE292266469B00D014AF /* AppDelegate.swift */,
				CEB4AE2B2266469B00D014AF /* ViewController.swift */,
				CE9C34E5226944B300F470D7 /* Encoder.swift */,
				CEB4AE3B226647FB00D014AF /* SoundMapView.swift */,
				CEB4AE2D2266469B00D014AF /* Main.storyboard */,
				1567AC09226921FE004A1765 /* SCNQuaternionExtension.swift */,
				1567AC08226921FE004A1765 /* SCNVector3Extensions.swift */,
				1567AC0E2269220C004A1765 /* CMDeviceMotion.swift */,
				1567AC0C22692206004A1765 /* GLKQuaternionExtension.swift */,
				CEB4AE302266469B00D014AF /* Assets.xcassets */,
				CEB4AE322266469B00D014AF /* LaunchScreen.storyboard */,
				CEB4AE352266469B00D014AF /* Info.plist */,
				CE71A072226762E10089B454 /* background.png */,
			);
			path = "mach1-ios-encodeDecode-example";
			sourceTree = "<group>";
		};
		CEB4AE4A22666DE900D014AF /* Frameworks */ = {
			isa = PBXGroup;
			children = (
				1567AC162269336B004A1765 /* libMach1DecodeCAPI.a */,
				1567AC182269336B004A1765 /* libMach1DecodePositionalCAPI.a */,
				1567AC172269336B004A1765 /* libMach1EncodeCAPI.a */,
				CEB4AE4E22666E0100D014AF /* libc++.tbd */,
			);
			path = Frameworks;
			sourceTree = "<group>";
		};
/* End PBXGroup section */

/* Begin PBXNativeTarget section */
		CEB4AE252266469B00D014AF /* mach1-ios-encodeDecode-example */ = {
			isa = PBXNativeTarget;
			buildConfigurationList = CEB4AE382266469B00D014AF /* Build configuration list for PBXNativeTarget "mach1-ios-encodeDecode-example" */;
			buildPhases = (
				CEB4AE222266469B00D014AF /* Sources */,
				CEB4AE232266469B00D014AF /* Frameworks */,
				CEB4AE242266469B00D014AF /* Resources */,
			);
			buildRules = (
			);
			dependencies = (
			);
			name = "mach1-ios-encodeDecode-example";
			productName = "mach1-ios-encodeDecode-example";
			productReference = CEB4AE262266469B00D014AF /* mach1-ios-encodeDecode-example.app */;
			productType = "com.apple.product-type.application";
		};
/* End PBXNativeTarget section */

/* Begin PBXProject section */
		CEB4AE1E2266469B00D014AF /* Project object */ = {
			isa = PBXProject;
			attributes = {
				LastSwiftUpdateCheck = 0930;
				LastUpgradeCheck = 0930;
				ORGANIZATIONNAME = User;
				TargetAttributes = {
					CEB4AE252266469B00D014AF = {
						CreatedOnToolsVersion = 9.3;
					};
				};
			};
			buildConfigurationList = CEB4AE212266469B00D014AF /* Build configuration list for PBXProject "mach1-ios-encodeDecode-example" */;
			compatibilityVersion = "Xcode 9.3";
			developmentRegion = en;
			hasScannedForEncodings = 0;
			knownRegions = (
				en,
				Base,
			);
			mainGroup = CEB4AE1D2266469B00D014AF;
			productRefGroup = CEB4AE272266469B00D014AF /* Products */;
			projectDirPath = "";
			projectRoot = "";
			targets = (
				CEB4AE252266469B00D014AF /* mach1-ios-encodeDecode-example */,
			);
		};
/* End PBXProject section */

/* Begin PBXResourcesBuildPhase section */
		CEB4AE242266469B00D014AF /* Resources */ = {
			isa = PBXResourcesBuildPhase;
			buildActionMask = 2147483647;
			files = (
				CE9C34E422690AD400F470D7 /* SciFi_Stereo8.wav in Resources */,
				CE9C34D422690AD400F470D7 /* Nature_Stereo2.wav in Resources */,
				CE9C34D722690AD400F470D7 /* Nature_Stereo7.wav in Resources */,
				CE9C34D022690AD400F470D7 /* Nature_Mono5.wav in Resources */,
				CE9C34DB22690AD400F470D7 /* SciFi_Mono6.wav in Resources */,
				CE9C34DC22690AD400F470D7 /* SciFi_Mono7.wav in Resources */,
				CE9C34D222690AD400F470D7 /* Nature_Stereo1.wav in Resources */,
				CE9C34D522690AD400F470D7 /* Nature_Stereo3.wav in Resources */,
				CEB4AE342266469B00D014AF /* LaunchScreen.storyboard in Resources */,
				CE9C34E022690AD400F470D7 /* SciFi_Stereo12.wav in Resources */,
				CE9C34D822690AD400F470D7 /* Nature_Stereo8.wav in Resources */,
				CE9C34DD22690AD400F470D7 /* SciFi_Mono9.wav in Resources */,
				CEB4AE312266469B00D014AF /* Assets.xcassets in Resources */,
				CEB4AE2F2266469B00D014AF /* Main.storyboard in Resources */,
				CE9C34DF22690AD400F470D7 /* SciFi_Stereo11.wav in Resources */,
				CE9C34D922690AD400F470D7 /* SciFi_Mono10.wav in Resources */,
				CE9C34DE22690AD400F470D7 /* SciFi_Stereo1.wav in Resources */,
				CE9C34E222690AD400F470D7 /* SciFi_Stereo4.wav in Resources */,
				CE9C34D322690AD400F470D7 /* Nature_Stereo10.wav in Resources */,
				CE71A073226762E10089B454 /* background.png in Resources */,
				CE9C34CD22690AD400F470D7 /* Nature_Mono11.wav in Resources */,
				CE9C34E322690AD400F470D7 /* SciFi_Stereo5.wav in Resources */,
				CE9C34CF22690AD400F470D7 /* Nature_Mono4.wav in Resources */,
				CE9C34D122690AD400F470D7 /* Nature_Mono9.wav in Resources */,
				CE9C34DA22690AD400F470D7 /* SciFi_Mono2.wav in Resources */,
				CE9C34E122690AD400F470D7 /* SciFi_Stereo3.wav in Resources */,
				CE9C34D622690AD400F470D7 /* Nature_Stereo6.wav in Resources */,
				CE9C34CE22690AD400F470D7 /* Nature_Mono12.wav in Resources */,
			);
			runOnlyForDeploymentPostprocessing = 0;
		};
/* End PBXResourcesBuildPhase section */

/* Begin PBXSourcesBuildPhase section */
		CEB4AE222266469B00D014AF /* Sources */ = {
			isa = PBXSourcesBuildPhase;
			buildActionMask = 2147483647;
			files = (
				1567AC0622692181004A1765 /* Mach1DecodePositional.swift in Sources */,
				1567AC0F2269220C004A1765 /* CMDeviceMotion.swift in Sources */,
				1567AC0522692181004A1765 /* Mach1Encode.swift in Sources */,
				1567AC0A226921FE004A1765 /* SCNVector3Extensions.swift in Sources */,
				CEB4AE2C2266469B00D014AF /* ViewController.swift in Sources */,
				CEB4AE2A2266469B00D014AF /* AppDelegate.swift in Sources */,
				1567AC0722692181004A1765 /* Mach1Decode.swift in Sources */,
				1567AC0D22692206004A1765 /* GLKQuaternionExtension.swift in Sources */,
				CEB4AE3C226647FB00D014AF /* SoundMapView.swift in Sources */,
				CE9C34E6226944B300F470D7 /* Encoder.swift in Sources */,
				1567AC0B226921FE004A1765 /* SCNQuaternionExtension.swift in Sources */,
			);
			runOnlyForDeploymentPostprocessing = 0;
		};
/* End PBXSourcesBuildPhase section */

/* Begin PBXVariantGroup section */
		CEB4AE2D2266469B00D014AF /* Main.storyboard */ = {
			isa = PBXVariantGroup;
			children = (
				CEB4AE2E2266469B00D014AF /* Base */,
			);
			name = Main.storyboard;
			sourceTree = "<group>";
		};
		CEB4AE322266469B00D014AF /* LaunchScreen.storyboard */ = {
			isa = PBXVariantGroup;
			children = (
				CEB4AE332266469B00D014AF /* Base */,
			);
			name = LaunchScreen.storyboard;
			sourceTree = "<group>";
		};
/* End PBXVariantGroup section */

/* Begin XCBuildConfiguration section */
		CEB4AE362266469B00D014AF /* Debug */ = {
			isa = XCBuildConfiguration;
			buildSettings = {
				ALWAYS_SEARCH_USER_PATHS = NO;
				CLANG_ANALYZER_NONNULL = YES;
				CLANG_ANALYZER_NUMBER_OBJECT_CONVERSION = YES_AGGRESSIVE;
				CLANG_CXX_LANGUAGE_STANDARD = "gnu++14";
				CLANG_CXX_LIBRARY = "libc++";
				CLANG_ENABLE_MODULES = YES;
				CLANG_ENABLE_OBJC_ARC = YES;
				CLANG_ENABLE_OBJC_WEAK = YES;
				CLANG_WARN_BLOCK_CAPTURE_AUTORELEASING = YES;
				CLANG_WARN_BOOL_CONVERSION = YES;
				CLANG_WARN_COMMA = YES;
				CLANG_WARN_CONSTANT_CONVERSION = YES;
				CLANG_WARN_DEPRECATED_OBJC_IMPLEMENTATIONS = YES;
				CLANG_WARN_DIRECT_OBJC_ISA_USAGE = YES_ERROR;
				CLANG_WARN_DOCUMENTATION_COMMENTS = YES;
				CLANG_WARN_EMPTY_BODY = YES;
				CLANG_WARN_ENUM_CONVERSION = YES;
				CLANG_WARN_INFINITE_RECURSION = YES;
				CLANG_WARN_INT_CONVERSION = YES;
				CLANG_WARN_NON_LITERAL_NULL_CONVERSION = YES;
				CLANG_WARN_OBJC_IMPLICIT_RETAIN_SELF = YES;
				CLANG_WARN_OBJC_LITERAL_CONVERSION = YES;
				CLANG_WARN_OBJC_ROOT_CLASS = YES_ERROR;
				CLANG_WARN_RANGE_LOOP_ANALYSIS = YES;
				CLANG_WARN_STRICT_PROTOTYPES = YES;
				CLANG_WARN_SUSPICIOUS_MOVE = YES;
				CLANG_WARN_UNGUARDED_AVAILABILITY = YES_AGGRESSIVE;
				CLANG_WARN_UNREACHABLE_CODE = YES;
				CLANG_WARN__DUPLICATE_METHOD_MATCH = YES;
				CODE_SIGN_IDENTITY = "iPhone Developer";
				COPY_PHASE_STRIP = NO;
				DEBUG_INFORMATION_FORMAT = dwarf;
				ENABLE_STRICT_OBJC_MSGSEND = YES;
				ENABLE_TESTABILITY = YES;
				GCC_C_LANGUAGE_STANDARD = gnu11;
				GCC_DYNAMIC_NO_PIC = NO;
				GCC_NO_COMMON_BLOCKS = YES;
				GCC_OPTIMIZATION_LEVEL = 0;
				GCC_PREPROCESSOR_DEFINITIONS = (
					"DEBUG=1",
					"$(inherited)",
				);
				GCC_WARN_64_TO_32_BIT_CONVERSION = YES;
				GCC_WARN_ABOUT_RETURN_TYPE = YES_ERROR;
				GCC_WARN_UNDECLARED_SELECTOR = YES;
				GCC_WARN_UNINITIALIZED_AUTOS = YES_AGGRESSIVE;
				GCC_WARN_UNUSED_FUNCTION = YES;
				GCC_WARN_UNUSED_VARIABLE = YES;
				IPHONEOS_DEPLOYMENT_TARGET = 11.3;
				MTL_ENABLE_DEBUG_INFO = YES;
				ONLY_ACTIVE_ARCH = YES;
				SDKROOT = iphoneos;
				SWIFT_ACTIVE_COMPILATION_CONDITIONS = DEBUG;
				SWIFT_OPTIMIZATION_LEVEL = "-Onone";
			};
			name = Debug;
		};
		CEB4AE372266469B00D014AF /* Release */ = {
			isa = XCBuildConfiguration;
			buildSettings = {
				ALWAYS_SEARCH_USER_PATHS = NO;
				CLANG_ANALYZER_NONNULL = YES;
				CLANG_ANALYZER_NUMBER_OBJECT_CONVERSION = YES_AGGRESSIVE;
				CLANG_CXX_LANGUAGE_STANDARD = "gnu++14";
				CLANG_CXX_LIBRARY = "libc++";
				CLANG_ENABLE_MODULES = YES;
				CLANG_ENABLE_OBJC_ARC = YES;
				CLANG_ENABLE_OBJC_WEAK = YES;
				CLANG_WARN_BLOCK_CAPTURE_AUTORELEASING = YES;
				CLANG_WARN_BOOL_CONVERSION = YES;
				CLANG_WARN_COMMA = YES;
				CLANG_WARN_CONSTANT_CONVERSION = YES;
				CLANG_WARN_DEPRECATED_OBJC_IMPLEMENTATIONS = YES;
				CLANG_WARN_DIRECT_OBJC_ISA_USAGE = YES_ERROR;
				CLANG_WARN_DOCUMENTATION_COMMENTS = YES;
				CLANG_WARN_EMPTY_BODY = YES;
				CLANG_WARN_ENUM_CONVERSION = YES;
				CLANG_WARN_INFINITE_RECURSION = YES;
				CLANG_WARN_INT_CONVERSION = YES;
				CLANG_WARN_NON_LITERAL_NULL_CONVERSION = YES;
				CLANG_WARN_OBJC_IMPLICIT_RETAIN_SELF = YES;
				CLANG_WARN_OBJC_LITERAL_CONVERSION = YES;
				CLANG_WARN_OBJC_ROOT_CLASS = YES_ERROR;
				CLANG_WARN_RANGE_LOOP_ANALYSIS = YES;
				CLANG_WARN_STRICT_PROTOTYPES = YES;
				CLANG_WARN_SUSPICIOUS_MOVE = YES;
				CLANG_WARN_UNGUARDED_AVAILABILITY = YES_AGGRESSIVE;
				CLANG_WARN_UNREACHABLE_CODE = YES;
				CLANG_WARN__DUPLICATE_METHOD_MATCH = YES;
				CODE_SIGN_IDENTITY = "iPhone Developer";
				COPY_PHASE_STRIP = NO;
				DEBUG_INFORMATION_FORMAT = "dwarf-with-dsym";
				ENABLE_NS_ASSERTIONS = NO;
				ENABLE_STRICT_OBJC_MSGSEND = YES;
				GCC_C_LANGUAGE_STANDARD = gnu11;
				GCC_NO_COMMON_BLOCKS = YES;
				GCC_WARN_64_TO_32_BIT_CONVERSION = YES;
				GCC_WARN_ABOUT_RETURN_TYPE = YES_ERROR;
				GCC_WARN_UNDECLARED_SELECTOR = YES;
				GCC_WARN_UNINITIALIZED_AUTOS = YES_AGGRESSIVE;
				GCC_WARN_UNUSED_FUNCTION = YES;
				GCC_WARN_UNUSED_VARIABLE = YES;
				IPHONEOS_DEPLOYMENT_TARGET = 11.3;
				MTL_ENABLE_DEBUG_INFO = NO;
				SDKROOT = iphoneos;
				SWIFT_COMPILATION_MODE = wholemodule;
				SWIFT_OPTIMIZATION_LEVEL = "-O";
				VALIDATE_PRODUCT = YES;
			};
			name = Release;
		};
		CEB4AE392266469B00D014AF /* Debug */ = {
			isa = XCBuildConfiguration;
			buildSettings = {
				ASSETCATALOG_COMPILER_APPICON_NAME = AppIcon;
				CODE_SIGN_STYLE = Automatic;
				DEVELOPMENT_TEAM = KUBMV92ACA;
				INFOPLIST_FILE = "mach1-ios-encodeDecode-example/Info.plist";
				LD_RUNPATH_SEARCH_PATHS = (
					"$(inherited)",
					"@executable_path/Frameworks",
				);
				LIBRARY_SEARCH_PATHS = (
					../../../../binaries/ios/lib,
					../../../../binaries/xcode/lib,
				);
				PRODUCT_BUNDLE_IDENTIFIER = "com.mach1-ios-encodeDecode-example";
				PRODUCT_NAME = "$(TARGET_NAME)";
				SWIFT_OBJC_BRIDGING_HEADER = "../../../../lib/external/swift/Mach1Decode-Bridging-Header.h";
				SWIFT_VERSION = 4.0;
				TARGETED_DEVICE_FAMILY = "1,2";
			};
			name = Debug;
		};
		CEB4AE3A2266469B00D014AF /* Release */ = {
			isa = XCBuildConfiguration;
			buildSettings = {
				ASSETCATALOG_COMPILER_APPICON_NAME = AppIcon;
				CODE_SIGN_STYLE = Automatic;
				DEVELOPMENT_TEAM = KUBMV92ACA;
				INFOPLIST_FILE = "mach1-ios-encodeDecode-example/Info.plist";
				LD_RUNPATH_SEARCH_PATHS = (
					"$(inherited)",
					"@executable_path/Frameworks",
				);
				LIBRARY_SEARCH_PATHS = (
					../../../../binaries/ios/lib,
					../../../../binaries/xcode/lib,
				);
				PRODUCT_BUNDLE_IDENTIFIER = "com.mach1-ios-encodeDecode-example";
				PRODUCT_NAME = "$(TARGET_NAME)";
				SWIFT_OBJC_BRIDGING_HEADER = "../../../../lib/external/swift/Mach1Decode-Bridging-Header.h";
				SWIFT_VERSION = 4.0;
				TARGETED_DEVICE_FAMILY = "1,2";
			};
			name = Release;
		};
/* End XCBuildConfiguration section */

/* Begin XCConfigurationList section */
		CEB4AE212266469B00D014AF /* Build configuration list for PBXProject "mach1-ios-encodeDecode-example" */ = {
			isa = XCConfigurationList;
			buildConfigurations = (
				CEB4AE362266469B00D014AF /* Debug */,
				CEB4AE372266469B00D014AF /* Release */,
			);
			defaultConfigurationIsVisible = 0;
			defaultConfigurationName = Release;
		};
		CEB4AE382266469B00D014AF /* Build configuration list for PBXNativeTarget "mach1-ios-encodeDecode-example" */ = {
			isa = XCConfigurationList;
			buildConfigurations = (
				CEB4AE392266469B00D014AF /* Debug */,
				CEB4AE3A2266469B00D014AF /* Release */,
			);
			defaultConfigurationIsVisible = 0;
			defaultConfigurationName = Release;
		};
/* End XCConfigurationList section */
	};
	rootObject = CEB4AE1E2266469B00D014AF /* Project object */;
}
